// !$*UTF8*$!
{
	archiveVersion = 1;
	classes = {
	};
	objectVersion = 51;
	objects = {

/* Begin PBXBuildFile section */
		6276857A368476B81C8D6170 /* Pods_ShareExtension.framework in Frameworks */ = {isa = PBXBuildFile; fileRef = E22290BE107C2F13C710EF1A /* Pods_ShareExtension.framework */; };
		A7CEF6036A72FE9F0992F451 /* Pods_ReadingList.framework in Frameworks */ = {isa = PBXBuildFile; fileRef = F592C20404838448C261CD50 /* Pods_ReadingList.framework */; };
		B62870D822DA2B3F00A89830 /* DeletedList.storyboard in Resources */ = {isa = PBXBuildFile; fileRef = B62870D722DA2B3F00A89830 /* DeletedList.storyboard */; };
		B62870DB22DB18CF00A89830 /* SwitchBtnTableViewCell.swift in Sources */ = {isa = PBXBuildFile; fileRef = B62870D922DB18CF00A89830 /* SwitchBtnTableViewCell.swift */; };
		B62870DC22DB18CF00A89830 /* SwitchBtnTableViewCell.xib in Resources */ = {isa = PBXBuildFile; fileRef = B62870DA22DB18CF00A89830 /* SwitchBtnTableViewCell.xib */; };
		B62870DE22DB5FD100A89830 /* Indicator.xib in Resources */ = {isa = PBXBuildFile; fileRef = B62870DD22DB5FD100A89830 /* Indicator.xib */; };
		B64691CA22B644D100B7C8C3 /* FinishedItemOption.storyboard in Resources */ = {isa = PBXBuildFile; fileRef = B64691C922B644D100B7C8C3 /* FinishedItemOption.storyboard */; };
		B64691CC22B6459E00B7C8C3 /* FinishedItemOptionVC.swift in Sources */ = {isa = PBXBuildFile; fileRef = B64691CB22B6459E00B7C8C3 /* FinishedItemOptionVC.swift */; };
		B64691CE22B645E800B7C8C3 /* ReadingItemOptionVC.swift in Sources */ = {isa = PBXBuildFile; fileRef = B64691CD22B645E800B7C8C3 /* ReadingItemOptionVC.swift */; };
		B64691D022B645FE00B7C8C3 /* ReadingItemOption.storyboard in Resources */ = {isa = PBXBuildFile; fileRef = B64691CF22B645FE00B7C8C3 /* ReadingItemOption.storyboard */; };
		B6658C2822AD09D300C3353A /* SwiftMessagesSegue.swift in Sources */ = {isa = PBXBuildFile; fileRef = B6658C2722AD09D300C3353A /* SwiftMessagesSegue.swift */; };
		B6658C2E22ADD45300C3353A /* ArticleListPresenter.swift in Sources */ = {isa = PBXBuildFile; fileRef = B6658C2D22ADD45300C3353A /* ArticleListPresenter.swift */; };
		B6658C3022AE3B5000C3353A /* SwiftMessageUtil.swift in Sources */ = {isa = PBXBuildFile; fileRef = B6658C2F22AE3B5000C3353A /* SwiftMessageUtil.swift */; };
		B66C0A3C22D0CB3C007FA72B /* ArticleWebModel.swift in Sources */ = {isa = PBXBuildFile; fileRef = B66C0A3B22D0CB3C007FA72B /* ArticleWebModel.swift */; };
		B66C0A3E22D389FA007FA72B /* RefreshContents.xib in Resources */ = {isa = PBXBuildFile; fileRef = B66C0A3D22D389F9007FA72B /* RefreshContents.xib */; };
		B66C0A4022D4E8B6007FA72B /* Indicator.swift in Sources */ = {isa = PBXBuildFile; fileRef = B66C0A3F22D4E8B6007FA72B /* Indicator.swift */; };
		B68722EA2276797200692AE0 /* UIImageView+Extension.swift in Sources */ = {isa = PBXBuildFile; fileRef = B68722E92276797200692AE0 /* UIImageView+Extension.swift */; };
		B68722EC2276803200692AE0 /* AppDelegate.swift in Sources */ = {isa = PBXBuildFile; fileRef = B68722EB2276803200692AE0 /* AppDelegate.swift */; };
		B68722EF227681A300692AE0 /* ArticleWebVC.swift in Sources */ = {isa = PBXBuildFile; fileRef = B68722EE227681A300692AE0 /* ArticleWebVC.swift */; };
		B68722F12276820A00692AE0 /* Article.storyboard in Resources */ = {isa = PBXBuildFile; fileRef = B68722F02276820A00692AE0 /* Article.storyboard */; };
		B692B2922297017800B00AD2 /* AboutApp.storyboard in Resources */ = {isa = PBXBuildFile; fileRef = B692B2912297017800B00AD2 /* AboutApp.storyboard */; };
		B692B296229701FF00B00AD2 /* AboutAppTableViewCell.swift in Sources */ = {isa = PBXBuildFile; fileRef = B692B293229701FF00B00AD2 /* AboutAppTableViewCell.swift */; };
		B692B297229701FF00B00AD2 /* AboutAppTableViewCell.xib in Resources */ = {isa = PBXBuildFile; fileRef = B692B294229701FF00B00AD2 /* AboutAppTableViewCell.xib */; };
		B692B298229701FF00B00AD2 /* AboutAppVC.swift in Sources */ = {isa = PBXBuildFile; fileRef = B692B295229701FF00B00AD2 /* AboutAppVC.swift */; };
		B692B29A229C3C9E00B00AD2 /* UIView+Extension.swift in Sources */ = {isa = PBXBuildFile; fileRef = B692B299229C3C9E00B00AD2 /* UIView+Extension.swift */; };
		B692B2A6229EE2C300B00AD2 /* ArticleListTableVC.swift in Sources */ = {isa = PBXBuildFile; fileRef = B692B2A5229EE2C300B00AD2 /* ArticleListTableVC.swift */; };
		B6A4B1C622DA1D5C00B9BE0A /* DeletedListVC.swift in Sources */ = {isa = PBXBuildFile; fileRef = B6A4B1C522DA1D5C00B9BE0A /* DeletedListVC.swift */; };
		B6DEFE1322ACE5AE000E5886 /* FinishedListPresenter.swift in Sources */ = {isa = PBXBuildFile; fileRef = B6DEFE1222ACE5AE000E5886 /* FinishedListPresenter.swift */; };
		B6DEFE1522ACE5BE000E5886 /* ReadingListPresenter.swift in Sources */ = {isa = PBXBuildFile; fileRef = B6DEFE1422ACE5BE000E5886 /* ReadingListPresenter.swift */; };
		B6DEFE1922ACE80C000E5886 /* ReadingListTableVC.swift in Sources */ = {isa = PBXBuildFile; fileRef = B6DEFE1822ACE80C000E5886 /* ReadingListTableVC.swift */; };
		B6DEFE1B22ACE85D000E5886 /* FinishedListTableVC.swift in Sources */ = {isa = PBXBuildFile; fileRef = B6DEFE1A22ACE85D000E5886 /* FinishedListTableVC.swift */; };
		B6F1571D2262E0D6007FB37B /* Settings.bundle in Resources */ = {isa = PBXBuildFile; fileRef = B6F1571C2262E0D6007FB37B /* Settings.bundle */; };
		B6F157582263170F007FB37B /* ShareViewController.swift in Sources */ = {isa = PBXBuildFile; fileRef = B6F157572263170F007FB37B /* ShareViewController.swift */; };
		B6F1575B2263170F007FB37B /* MainInterface.storyboard in Resources */ = {isa = PBXBuildFile; fileRef = B6F157592263170F007FB37B /* MainInterface.storyboard */; };
		B6F1575F2263170F007FB37B /* ShareExtension.appex in Embed App Extensions */ = {isa = PBXBuildFile; fileRef = B6F157552263170F007FB37B /* ShareExtension.appex */; settings = {ATTRIBUTES = (RemoveHeadersOnCopy, ); }; };
		B6F15764226317D5007FB37B /* UserDefaultManager.swift in Sources */ = {isa = PBXBuildFile; fileRef = B6FCE2FF2262240B00FE85EF /* UserDefaultManager.swift */; };
		B6F15765226317F1007FB37B /* Constant.swift in Sources */ = {isa = PBXBuildFile; fileRef = B6FCE2F8226221B700FE85EF /* Constant.swift */; };
		B6F15766226317FA007FB37B /* Constant.swift in Sources */ = {isa = PBXBuildFile; fileRef = B6FCE2F8226221B700FE85EF /* Constant.swift */; };
		B6F15769226345AD007FB37B /* Notification+Extension.swift in Sources */ = {isa = PBXBuildFile; fileRef = B6F15768226345AD007FB37B /* Notification+Extension.swift */; };
		B6F1576E2263527A007FB37B /* ListModel.swift in Sources */ = {isa = PBXBuildFile; fileRef = B6F1576D2263527A007FB37B /* ListModel.swift */; };
		B6F15770226AD4B3007FB37B /* RealmManager.swift in Sources */ = {isa = PBXBuildFile; fileRef = B6F1576F226AD4B3007FB37B /* RealmManager.swift */; };
		B6F15774226AD900007FB37B /* ListItemCell.swift in Sources */ = {isa = PBXBuildFile; fileRef = B6F15772226AD900007FB37B /* ListItemCell.swift */; };
		B6F15775226AD900007FB37B /* ListItemCell.xib in Resources */ = {isa = PBXBuildFile; fileRef = B6F15773226AD900007FB37B /* ListItemCell.xib */; };
		B6F15778226C20EE007FB37B /* ReadingItem.swift in Sources */ = {isa = PBXBuildFile; fileRef = B6F15777226C20EE007FB37B /* ReadingItem.swift */; };
		B6F2949322A6D08D00BB6F9F /* ArticleListModel.swift in Sources */ = {isa = PBXBuildFile; fileRef = B6F2949222A6D08D00BB6F9F /* ArticleListModel.swift */; };
		B6F2949722AC186300BB6F9F /* ReadingListVC.swift in Sources */ = {isa = PBXBuildFile; fileRef = B6F2949622AC186300BB6F9F /* ReadingListVC.swift */; };
		B6F2949E22AC199E00BB6F9F /* ReadingListIconCell.xib in Resources */ = {isa = PBXBuildFile; fileRef = B6F2949C22AC199E00BB6F9F /* ReadingListIconCell.xib */; };
		B6F2949F22AC199E00BB6F9F /* ReadingListIconCell.swift in Sources */ = {isa = PBXBuildFile; fileRef = B6F2949D22AC199E00BB6F9F /* ReadingListIconCell.swift */; };
		B6F294A922AC1CFE00BB6F9F /* ReadingList.storyboard in Resources */ = {isa = PBXBuildFile; fileRef = B6F294A822AC1CFE00BB6F9F /* ReadingList.storyboard */; };
		B6F3F78A22BF88CF00C6DD94 /* Color.xcassets in Resources */ = {isa = PBXBuildFile; fileRef = B6F3F78922BF88CF00C6DD94 /* Color.xcassets */; };
		B6F7AEB322A4E6CB003EC815 /* GradationView.swift in Sources */ = {isa = PBXBuildFile; fileRef = B6F7AEB222A4E6CB003EC815 /* GradationView.swift */; };
		B6FA5B922287464800A5242A /* ArticleList.storyboard in Resources */ = {isa = PBXBuildFile; fileRef = B6FA5B912287464800A5242A /* ArticleList.storyboard */; };
		B6FA5B94228746AF00A5242A /* ArticleListVC.swift in Sources */ = {isa = PBXBuildFile; fileRef = B6FA5B93228746AF00A5242A /* ArticleListVC.swift */; };
		B6FA5B9A2287474000A5242A /* ArticleItemCollectionViewCell.swift in Sources */ = {isa = PBXBuildFile; fileRef = B6FA5B982287474000A5242A /* ArticleItemCollectionViewCell.swift */; };
		B6FA5B9B2287474000A5242A /* ArticleItemCollectionViewCell.xib in Resources */ = {isa = PBXBuildFile; fileRef = B6FA5B992287474000A5242A /* ArticleItemCollectionViewCell.xib */; };
		B6FA5B9D22885F9400A5242A /* Date+Extension.swift in Sources */ = {isa = PBXBuildFile; fileRef = B6FA5B9C22885F9400A5242A /* Date+Extension.swift */; };
		B6FA5B9E22885F9400A5242A /* Date+Extension.swift in Sources */ = {isa = PBXBuildFile; fileRef = B6FA5B9C22885F9400A5242A /* Date+Extension.swift */; };
		B6FA5BA12288660000A5242A /* NotificationManager.swift in Sources */ = {isa = PBXBuildFile; fileRef = B6FA5BA02288660000A5242A /* NotificationManager.swift */; };
		B6FA5BA7228F183D00A5242A /* GoogleService-Info.plist in Resources */ = {isa = PBXBuildFile; fileRef = B6FA5BA6228F183D00A5242A /* GoogleService-Info.plist */; };
		B6FA5BA9228F1FCA00A5242A /* FirebaseManager.swift in Sources */ = {isa = PBXBuildFile; fileRef = B6FA5BA8228F1FCA00A5242A /* FirebaseManager.swift */; };
		B6FA5BAB22911FF300A5242A /* Article.swift in Sources */ = {isa = PBXBuildFile; fileRef = B6FA5BAA22911FF300A5242A /* Article.swift */; };
		B6FCE2D4225A4F2B00FE85EF /* Assets.xcassets in Resources */ = {isa = PBXBuildFile; fileRef = B6FCE2D3225A4F2B00FE85EF /* Assets.xcassets */; };
		B6FCE2D7225A4F2B00FE85EF /* LaunchScreen.storyboard in Resources */ = {isa = PBXBuildFile; fileRef = B6FCE2D5225A4F2B00FE85EF /* LaunchScreen.storyboard */; };
		B6FCE3002262240B00FE85EF /* UserDefaultManager.swift in Sources */ = {isa = PBXBuildFile; fileRef = B6FCE2FF2262240B00FE85EF /* UserDefaultManager.swift */; };
		F5CC9C3D22E494BA00D6B4DB /* NoReadingListItemView.swift in Sources */ = {isa = PBXBuildFile; fileRef = F5CC9C3C22E494BA00D6B4DB /* NoReadingListItemView.swift */; };
		F5CC9C3F22E495BA00D6B4DB /* NoReadingListItemView.xib in Resources */ = {isa = PBXBuildFile; fileRef = F5CC9C3E22E495BA00D6B4DB /* NoReadingListItemView.xib */; };
/* End PBXBuildFile section */

/* Begin PBXContainerItemProxy section */
		B6F1575D2263170F007FB37B /* PBXContainerItemProxy */ = {
			isa = PBXContainerItemProxy;
			containerPortal = B6FCE2C1225A4F2600FE85EF /* Project object */;
			proxyType = 1;
			remoteGlobalIDString = B6F157542263170F007FB37B;
			remoteInfo = ShareExtension;
		};
/* End PBXContainerItemProxy section */

/* Begin PBXCopyFilesBuildPhase section */
		B6FCE2F2225A522800FE85EF /* Embed App Extensions */ = {
			isa = PBXCopyFilesBuildPhase;
			buildActionMask = 2147483647;
			dstPath = "";
			dstSubfolderSpec = 13;
			files = (
				B6F1575F2263170F007FB37B /* ShareExtension.appex in Embed App Extensions */,
			);
			name = "Embed App Extensions";
			runOnlyForDeploymentPostprocessing = 0;
		};
/* End PBXCopyFilesBuildPhase section */

/* Begin PBXFileReference section */
		4749F697DFD7C7F4E60807D8 /* Pods-ReadingList.release.xcconfig */ = {isa = PBXFileReference; includeInIndex = 1; lastKnownFileType = text.xcconfig; name = "Pods-ReadingList.release.xcconfig"; path = "Target Support Files/Pods-ReadingList/Pods-ReadingList.release.xcconfig"; sourceTree = "<group>"; };
		B62870D722DA2B3F00A89830 /* DeletedList.storyboard */ = {isa = PBXFileReference; lastKnownFileType = file.storyboard; path = DeletedList.storyboard; sourceTree = "<group>"; };
		B62870D922DB18CF00A89830 /* SwitchBtnTableViewCell.swift */ = {isa = PBXFileReference; lastKnownFileType = sourcecode.swift; path = SwitchBtnTableViewCell.swift; sourceTree = "<group>"; };
		B62870DA22DB18CF00A89830 /* SwitchBtnTableViewCell.xib */ = {isa = PBXFileReference; lastKnownFileType = file.xib; path = SwitchBtnTableViewCell.xib; sourceTree = "<group>"; };
		B62870DD22DB5FD100A89830 /* Indicator.xib */ = {isa = PBXFileReference; lastKnownFileType = file.xib; path = Indicator.xib; sourceTree = "<group>"; };
		B64691C922B644D100B7C8C3 /* FinishedItemOption.storyboard */ = {isa = PBXFileReference; lastKnownFileType = file.storyboard; path = FinishedItemOption.storyboard; sourceTree = "<group>"; };
		B64691CB22B6459E00B7C8C3 /* FinishedItemOptionVC.swift */ = {isa = PBXFileReference; lastKnownFileType = sourcecode.swift; path = FinishedItemOptionVC.swift; sourceTree = "<group>"; };
		B64691CD22B645E800B7C8C3 /* ReadingItemOptionVC.swift */ = {isa = PBXFileReference; lastKnownFileType = sourcecode.swift; path = ReadingItemOptionVC.swift; sourceTree = "<group>"; };
		B64691CF22B645FE00B7C8C3 /* ReadingItemOption.storyboard */ = {isa = PBXFileReference; lastKnownFileType = file.storyboard; path = ReadingItemOption.storyboard; sourceTree = "<group>"; };
		B6658C2722AD09D300C3353A /* SwiftMessagesSegue.swift */ = {isa = PBXFileReference; lastKnownFileType = sourcecode.swift; path = SwiftMessagesSegue.swift; sourceTree = "<group>"; };
		B6658C2D22ADD45300C3353A /* ArticleListPresenter.swift */ = {isa = PBXFileReference; lastKnownFileType = sourcecode.swift; path = ArticleListPresenter.swift; sourceTree = "<group>"; };
		B6658C2F22AE3B5000C3353A /* SwiftMessageUtil.swift */ = {isa = PBXFileReference; lastKnownFileType = sourcecode.swift; path = SwiftMessageUtil.swift; sourceTree = "<group>"; };
		B66C0A3B22D0CB3C007FA72B /* ArticleWebModel.swift */ = {isa = PBXFileReference; lastKnownFileType = sourcecode.swift; path = ArticleWebModel.swift; sourceTree = "<group>"; };
		B66C0A3D22D389F9007FA72B /* RefreshContents.xib */ = {isa = PBXFileReference; lastKnownFileType = file.xib; path = RefreshContents.xib; sourceTree = "<group>"; };
		B66C0A3F22D4E8B6007FA72B /* Indicator.swift */ = {isa = PBXFileReference; lastKnownFileType = sourcecode.swift; path = Indicator.swift; sourceTree = "<group>"; };
		B68722E92276797200692AE0 /* UIImageView+Extension.swift */ = {isa = PBXFileReference; lastKnownFileType = sourcecode.swift; path = "UIImageView+Extension.swift"; sourceTree = "<group>"; };
		B68722EB2276803200692AE0 /* AppDelegate.swift */ = {isa = PBXFileReference; fileEncoding = 4; lastKnownFileType = sourcecode.swift; path = AppDelegate.swift; sourceTree = "<group>"; };
		B68722EE227681A300692AE0 /* ArticleWebVC.swift */ = {isa = PBXFileReference; lastKnownFileType = sourcecode.swift; path = ArticleWebVC.swift; sourceTree = "<group>"; };
		B68722F02276820A00692AE0 /* Article.storyboard */ = {isa = PBXFileReference; lastKnownFileType = file.storyboard; path = Article.storyboard; sourceTree = "<group>"; };
		B692B2912297017800B00AD2 /* AboutApp.storyboard */ = {isa = PBXFileReference; lastKnownFileType = file.storyboard; path = AboutApp.storyboard; sourceTree = "<group>"; };
		B692B293229701FF00B00AD2 /* AboutAppTableViewCell.swift */ = {isa = PBXFileReference; fileEncoding = 4; lastKnownFileType = sourcecode.swift; path = AboutAppTableViewCell.swift; sourceTree = "<group>"; };
		B692B294229701FF00B00AD2 /* AboutAppTableViewCell.xib */ = {isa = PBXFileReference; fileEncoding = 4; lastKnownFileType = file.xib; path = AboutAppTableViewCell.xib; sourceTree = "<group>"; };
		B692B295229701FF00B00AD2 /* AboutAppVC.swift */ = {isa = PBXFileReference; fileEncoding = 4; lastKnownFileType = sourcecode.swift; path = AboutAppVC.swift; sourceTree = "<group>"; };
		B692B299229C3C9E00B00AD2 /* UIView+Extension.swift */ = {isa = PBXFileReference; lastKnownFileType = sourcecode.swift; path = "UIView+Extension.swift"; sourceTree = "<group>"; };
		B692B2A5229EE2C300B00AD2 /* ArticleListTableVC.swift */ = {isa = PBXFileReference; lastKnownFileType = sourcecode.swift; path = ArticleListTableVC.swift; sourceTree = "<group>"; };
		B6A4B1C522DA1D5C00B9BE0A /* DeletedListVC.swift */ = {isa = PBXFileReference; lastKnownFileType = sourcecode.swift; path = DeletedListVC.swift; sourceTree = "<group>"; };
		B6DEFE1222ACE5AE000E5886 /* FinishedListPresenter.swift */ = {isa = PBXFileReference; lastKnownFileType = sourcecode.swift; path = FinishedListPresenter.swift; sourceTree = "<group>"; };
		B6DEFE1422ACE5BE000E5886 /* ReadingListPresenter.swift */ = {isa = PBXFileReference; lastKnownFileType = sourcecode.swift; path = ReadingListPresenter.swift; sourceTree = "<group>"; };
		B6DEFE1822ACE80C000E5886 /* ReadingListTableVC.swift */ = {isa = PBXFileReference; lastKnownFileType = sourcecode.swift; path = ReadingListTableVC.swift; sourceTree = "<group>"; };
		B6DEFE1A22ACE85D000E5886 /* FinishedListTableVC.swift */ = {isa = PBXFileReference; lastKnownFileType = sourcecode.swift; path = FinishedListTableVC.swift; sourceTree = "<group>"; };
		B6F1571C2262E0D6007FB37B /* Settings.bundle */ = {isa = PBXFileReference; lastKnownFileType = "wrapper.plug-in"; path = Settings.bundle; sourceTree = "<group>"; };
		B6F157552263170F007FB37B /* ShareExtension.appex */ = {isa = PBXFileReference; explicitFileType = "wrapper.app-extension"; includeInIndex = 0; path = ShareExtension.appex; sourceTree = BUILT_PRODUCTS_DIR; };
		B6F157572263170F007FB37B /* ShareViewController.swift */ = {isa = PBXFileReference; lastKnownFileType = sourcecode.swift; path = ShareViewController.swift; sourceTree = "<group>"; };
		B6F1575A2263170F007FB37B /* Base */ = {isa = PBXFileReference; lastKnownFileType = file.storyboard; name = Base; path = Base.lproj/MainInterface.storyboard; sourceTree = "<group>"; };
		B6F1575C2263170F007FB37B /* Info.plist */ = {isa = PBXFileReference; lastKnownFileType = text.plist.xml; path = Info.plist; sourceTree = "<group>"; };
		B6F1576322631726007FB37B /* ShareExtension.entitlements */ = {isa = PBXFileReference; lastKnownFileType = text.plist.entitlements; path = ShareExtension.entitlements; sourceTree = "<group>"; };
		B6F15768226345AD007FB37B /* Notification+Extension.swift */ = {isa = PBXFileReference; lastKnownFileType = sourcecode.swift; path = "Notification+Extension.swift"; sourceTree = "<group>"; };
		B6F1576D2263527A007FB37B /* ListModel.swift */ = {isa = PBXFileReference; lastKnownFileType = sourcecode.swift; path = ListModel.swift; sourceTree = "<group>"; };
		B6F1576F226AD4B3007FB37B /* RealmManager.swift */ = {isa = PBXFileReference; lastKnownFileType = sourcecode.swift; path = RealmManager.swift; sourceTree = "<group>"; };
		B6F15772226AD900007FB37B /* ListItemCell.swift */ = {isa = PBXFileReference; lastKnownFileType = sourcecode.swift; path = ListItemCell.swift; sourceTree = "<group>"; };
		B6F15773226AD900007FB37B /* ListItemCell.xib */ = {isa = PBXFileReference; lastKnownFileType = file.xib; path = ListItemCell.xib; sourceTree = "<group>"; };
		B6F15777226C20EE007FB37B /* ReadingItem.swift */ = {isa = PBXFileReference; lastKnownFileType = sourcecode.swift; path = ReadingItem.swift; sourceTree = "<group>"; };
		B6F2949222A6D08D00BB6F9F /* ArticleListModel.swift */ = {isa = PBXFileReference; lastKnownFileType = sourcecode.swift; path = ArticleListModel.swift; sourceTree = "<group>"; };
		B6F2949622AC186300BB6F9F /* ReadingListVC.swift */ = {isa = PBXFileReference; lastKnownFileType = sourcecode.swift; path = ReadingListVC.swift; sourceTree = "<group>"; };
		B6F2949C22AC199E00BB6F9F /* ReadingListIconCell.xib */ = {isa = PBXFileReference; fileEncoding = 4; lastKnownFileType = file.xib; path = ReadingListIconCell.xib; sourceTree = "<group>"; };
		B6F2949D22AC199E00BB6F9F /* ReadingListIconCell.swift */ = {isa = PBXFileReference; fileEncoding = 4; lastKnownFileType = sourcecode.swift; path = ReadingListIconCell.swift; sourceTree = "<group>"; };
		B6F294A822AC1CFE00BB6F9F /* ReadingList.storyboard */ = {isa = PBXFileReference; lastKnownFileType = file.storyboard; path = ReadingList.storyboard; sourceTree = "<group>"; };
		B6F3F78922BF88CF00C6DD94 /* Color.xcassets */ = {isa = PBXFileReference; lastKnownFileType = folder.assetcatalog; path = Color.xcassets; sourceTree = "<group>"; };
		B6F7AEB222A4E6CB003EC815 /* GradationView.swift */ = {isa = PBXFileReference; lastKnownFileType = sourcecode.swift; path = GradationView.swift; sourceTree = "<group>"; };
		B6FA5B912287464800A5242A /* ArticleList.storyboard */ = {isa = PBXFileReference; lastKnownFileType = file.storyboard; path = ArticleList.storyboard; sourceTree = "<group>"; };
		B6FA5B93228746AF00A5242A /* ArticleListVC.swift */ = {isa = PBXFileReference; lastKnownFileType = sourcecode.swift; path = ArticleListVC.swift; sourceTree = "<group>"; };
		B6FA5B982287474000A5242A /* ArticleItemCollectionViewCell.swift */ = {isa = PBXFileReference; lastKnownFileType = sourcecode.swift; path = ArticleItemCollectionViewCell.swift; sourceTree = "<group>"; };
		B6FA5B992287474000A5242A /* ArticleItemCollectionViewCell.xib */ = {isa = PBXFileReference; lastKnownFileType = file.xib; path = ArticleItemCollectionViewCell.xib; sourceTree = "<group>"; };
		B6FA5B9C22885F9400A5242A /* Date+Extension.swift */ = {isa = PBXFileReference; lastKnownFileType = sourcecode.swift; path = "Date+Extension.swift"; sourceTree = "<group>"; };
		B6FA5BA02288660000A5242A /* NotificationManager.swift */ = {isa = PBXFileReference; lastKnownFileType = sourcecode.swift; path = NotificationManager.swift; sourceTree = "<group>"; };
		B6FA5BA6228F183D00A5242A /* GoogleService-Info.plist */ = {isa = PBXFileReference; fileEncoding = 4; lastKnownFileType = text.plist.xml; path = "GoogleService-Info.plist"; sourceTree = "<group>"; };
		B6FA5BA8228F1FCA00A5242A /* FirebaseManager.swift */ = {isa = PBXFileReference; lastKnownFileType = sourcecode.swift; path = FirebaseManager.swift; sourceTree = "<group>"; };
		B6FA5BAA22911FF300A5242A /* Article.swift */ = {isa = PBXFileReference; lastKnownFileType = sourcecode.swift; path = Article.swift; sourceTree = "<group>"; };
		B6FCE2C9225A4F2700FE85EF /* ReadingList.app */ = {isa = PBXFileReference; explicitFileType = wrapper.application; includeInIndex = 0; path = ReadingList.app; sourceTree = BUILT_PRODUCTS_DIR; };
		B6FCE2D3225A4F2B00FE85EF /* Assets.xcassets */ = {isa = PBXFileReference; lastKnownFileType = folder.assetcatalog; path = Assets.xcassets; sourceTree = "<group>"; };
		B6FCE2D6225A4F2B00FE85EF /* Base */ = {isa = PBXFileReference; lastKnownFileType = file.storyboard; name = Base; path = Base.lproj/LaunchScreen.storyboard; sourceTree = "<group>"; };
		B6FCE2D8225A4F2B00FE85EF /* Info.plist */ = {isa = PBXFileReference; lastKnownFileType = text.plist.xml; path = Info.plist; sourceTree = "<group>"; };
		B6FCE2F3225A531600FE85EF /* ReadingList.entitlements */ = {isa = PBXFileReference; lastKnownFileType = text.plist.entitlements; path = ReadingList.entitlements; sourceTree = "<group>"; };
		B6FCE2F8226221B700FE85EF /* Constant.swift */ = {isa = PBXFileReference; lastKnownFileType = sourcecode.swift; path = Constant.swift; sourceTree = "<group>"; };
		B6FCE2FF2262240B00FE85EF /* UserDefaultManager.swift */ = {isa = PBXFileReference; lastKnownFileType = sourcecode.swift; path = UserDefaultManager.swift; sourceTree = "<group>"; };
		DA8B32AFE9E82DD9C813CDC5 /* Pods-ReadingList.debug.xcconfig */ = {isa = PBXFileReference; includeInIndex = 1; lastKnownFileType = text.xcconfig; name = "Pods-ReadingList.debug.xcconfig"; path = "Target Support Files/Pods-ReadingList/Pods-ReadingList.debug.xcconfig"; sourceTree = "<group>"; };
		E22290BE107C2F13C710EF1A /* Pods_ShareExtension.framework */ = {isa = PBXFileReference; explicitFileType = wrapper.framework; includeInIndex = 0; path = Pods_ShareExtension.framework; sourceTree = BUILT_PRODUCTS_DIR; };
		EB52ECA6527CE09E5922F8A6 /* Pods-ShareExtension.debug.xcconfig */ = {isa = PBXFileReference; includeInIndex = 1; lastKnownFileType = text.xcconfig; name = "Pods-ShareExtension.debug.xcconfig"; path = "Target Support Files/Pods-ShareExtension/Pods-ShareExtension.debug.xcconfig"; sourceTree = "<group>"; };
		F592C20404838448C261CD50 /* Pods_ReadingList.framework */ = {isa = PBXFileReference; explicitFileType = wrapper.framework; includeInIndex = 0; path = Pods_ReadingList.framework; sourceTree = BUILT_PRODUCTS_DIR; };
		F5CC9C3C22E494BA00D6B4DB /* NoReadingListItemView.swift */ = {isa = PBXFileReference; lastKnownFileType = sourcecode.swift; path = NoReadingListItemView.swift; sourceTree = "<group>"; };
		F5CC9C3E22E495BA00D6B4DB /* NoReadingListItemView.xib */ = {isa = PBXFileReference; lastKnownFileType = file.xib; path = NoReadingListItemView.xib; sourceTree = "<group>"; };
		FD94C44318BD7ADE2A0CF1A8 /* Pods-ShareExtension.release.xcconfig */ = {isa = PBXFileReference; includeInIndex = 1; lastKnownFileType = text.xcconfig; name = "Pods-ShareExtension.release.xcconfig"; path = "Target Support Files/Pods-ShareExtension/Pods-ShareExtension.release.xcconfig"; sourceTree = "<group>"; };
/* End PBXFileReference section */

/* Begin PBXFrameworksBuildPhase section */
		B6F157522263170F007FB37B /* Frameworks */ = {
			isa = PBXFrameworksBuildPhase;
			buildActionMask = 2147483647;
			files = (
				6276857A368476B81C8D6170 /* Pods_ShareExtension.framework in Frameworks */,
			);
			runOnlyForDeploymentPostprocessing = 0;
		};
		B6FCE2C6225A4F2700FE85EF /* Frameworks */ = {
			isa = PBXFrameworksBuildPhase;
			buildActionMask = 2147483647;
			files = (
				A7CEF6036A72FE9F0992F451 /* Pods_ReadingList.framework in Frameworks */,
			);
			runOnlyForDeploymentPostprocessing = 0;
		};
/* End PBXFrameworksBuildPhase section */

/* Begin PBXGroup section */
		B64691C722B644B200B7C8C3 /* FinishedItemOption */ = {
			isa = PBXGroup;
			children = (
				B64691C922B644D100B7C8C3 /* FinishedItemOption.storyboard */,
				B64691CB22B6459E00B7C8C3 /* FinishedItemOptionVC.swift */,
			);
			path = FinishedItemOption;
			sourceTree = "<group>";
		};
		B64691C822B644B200B7C8C3 /* ReadingItemOption */ = {
			isa = PBXGroup;
			children = (
				B64691CF22B645FE00B7C8C3 /* ReadingItemOption.storyboard */,
				B64691CD22B645E800B7C8C3 /* ReadingItemOptionVC.swift */,
			);
			path = ReadingItemOption;
			sourceTree = "<group>";
		};
		B6658C2522AD097000C3353A /* ItemOption */ = {
			isa = PBXGroup;
			children = (
				B64691C722B644B200B7C8C3 /* FinishedItemOption */,
				B64691C822B644B200B7C8C3 /* ReadingItemOption */,
			);
			path = ItemOption;
			sourceTree = "<group>";
		};
		B68722ED2276814B00692AE0 /* ArticleWebView */ = {
			isa = PBXGroup;
			children = (
				B66C0A3B22D0CB3C007FA72B /* ArticleWebModel.swift */,
				B68722EE227681A300692AE0 /* ArticleWebVC.swift */,
				B68722F02276820A00692AE0 /* Article.storyboard */,
			);
			path = ArticleWebView;
			sourceTree = "<group>";
		};
		B692B2902297012900B00AD2 /* AboutApp */ = {
			isa = PBXGroup;
			children = (
				B692B2A0229D919800B00AD2 /* Component */,
				B692B295229701FF00B00AD2 /* AboutAppVC.swift */,
				B692B2912297017800B00AD2 /* AboutApp.storyboard */,
			);
			path = AboutApp;
			sourceTree = "<group>";
		};
		B692B29D229C3FCB00B00AD2 /* CustomView */ = {
			isa = PBXGroup;
			children = (
				B6F7AEB222A4E6CB003EC815 /* GradationView.swift */,
				B66C0A3F22D4E8B6007FA72B /* Indicator.swift */,
				B62870DD22DB5FD100A89830 /* Indicator.xib */,
			);
			path = CustomView;
			sourceTree = "<group>";
		};
		B692B2A0229D919800B00AD2 /* Component */ = {
			isa = PBXGroup;
			children = (
				B692B293229701FF00B00AD2 /* AboutAppTableViewCell.swift */,
				B692B294229701FF00B00AD2 /* AboutAppTableViewCell.xib */,
				B62870D922DB18CF00A89830 /* SwitchBtnTableViewCell.swift */,
				B62870DA22DB18CF00A89830 /* SwitchBtnTableViewCell.xib */,
			);
			path = Component;
			sourceTree = "<group>";
		};
		B6A4B1C422DA1D4B00B9BE0A /* DeletedList */ = {
			isa = PBXGroup;
			children = (
				B6A4B1C522DA1D5C00B9BE0A /* DeletedListVC.swift */,
				B62870D722DA2B3F00A89830 /* DeletedList.storyboard */,
			);
			path = DeletedList;
			sourceTree = "<group>";
		};
		B6DEFE0F22AC385F000E5886 /* ReadingList */ = {
			isa = PBXGroup;
			children = (
				B6DEFE1022AC3893000E5886 /* Component */,
				B6F2949622AC186300BB6F9F /* ReadingListVC.swift */,
				B6F294A822AC1CFE00BB6F9F /* ReadingList.storyboard */,
			);
			path = ReadingList;
			sourceTree = "<group>";
		};
		B6DEFE1022AC3893000E5886 /* Component */ = {
			isa = PBXGroup;
			children = (
				B6F2949D22AC199E00BB6F9F /* ReadingListIconCell.swift */,
				B6F2949C22AC199E00BB6F9F /* ReadingListIconCell.xib */,
			);
			path = Component;
			sourceTree = "<group>";
		};
		B6DEFE1122AC38A9000E5886 /* ReadingListTable */ = {
			isa = PBXGroup;
			children = (
				B6FA5B96228746EC00A5242A /* Component */,
				B6F1576D2263527A007FB37B /* ListModel.swift */,
				B6DEFE1A22ACE85D000E5886 /* FinishedListTableVC.swift */,
				B6DEFE1822ACE80C000E5886 /* ReadingListTableVC.swift */,
				B6DEFE1222ACE5AE000E5886 /* FinishedListPresenter.swift */,
				B6DEFE1422ACE5BE000E5886 /* ReadingListPresenter.swift */,
			);
			path = ReadingListTable;
			sourceTree = "<group>";
		};
		B6F157562263170F007FB37B /* ShareExtension */ = {
			isa = PBXGroup;
			children = (
				B6F1576322631726007FB37B /* ShareExtension.entitlements */,
				B6F157572263170F007FB37B /* ShareViewController.swift */,
				B6F157592263170F007FB37B /* MainInterface.storyboard */,
				B6F1575C2263170F007FB37B /* Info.plist */,
			);
			path = ShareExtension;
			sourceTree = "<group>";
		};
		B6F1576722634592007FB37B /* Extension */ = {
			isa = PBXGroup;
			children = (
				B6F15768226345AD007FB37B /* Notification+Extension.swift */,
				B68722E92276797200692AE0 /* UIImageView+Extension.swift */,
				B6FA5B9C22885F9400A5242A /* Date+Extension.swift */,
				B692B299229C3C9E00B00AD2 /* UIView+Extension.swift */,
			);
			path = Extension;
			sourceTree = "<group>";
		};
		B6F1576A22635110007FB37B /* ReadingList */ = {
			isa = PBXGroup;
			children = (
				B6DEFE0F22AC385F000E5886 /* ReadingList */,
				B6DEFE1122AC38A9000E5886 /* ReadingListTable */,
			);
			path = ReadingList;
			sourceTree = "<group>";
		};
		B6F15776226C20D1007FB37B /* Entity */ = {
			isa = PBXGroup;
			children = (
				B6F15777226C20EE007FB37B /* ReadingItem.swift */,
				B6FA5BAA22911FF300A5242A /* Article.swift */,
			);
			path = Entity;
			sourceTree = "<group>";
		};
		B6FA5B902287434F00A5242A /* ArticleList */ = {
			isa = PBXGroup;
			children = (
				B6FA5B97228746FD00A5242A /* Component */,
				B6F2949222A6D08D00BB6F9F /* ArticleListModel.swift */,
				B6FA5B93228746AF00A5242A /* ArticleListVC.swift */,
				B6658C2D22ADD45300C3353A /* ArticleListPresenter.swift */,
				B692B2A5229EE2C300B00AD2 /* ArticleListTableVC.swift */,
				B6FA5B912287464800A5242A /* ArticleList.storyboard */,
			);
			path = ArticleList;
			sourceTree = "<group>";
		};
		B6FA5B96228746EC00A5242A /* Component */ = {
			isa = PBXGroup;
			children = (
				B6F15772226AD900007FB37B /* ListItemCell.swift */,
				B6F15773226AD900007FB37B /* ListItemCell.xib */,
				B66C0A3D22D389F9007FA72B /* RefreshContents.xib */,
			);
			path = Component;
			sourceTree = "<group>";
		};
		B6FA5B97228746FD00A5242A /* Component */ = {
			isa = PBXGroup;
			children = (
				B6FA5B982287474000A5242A /* ArticleItemCollectionViewCell.swift */,
				B6FA5B992287474000A5242A /* ArticleItemCollectionViewCell.xib */,
			);
			path = Component;
			sourceTree = "<group>";
		};
		B6FA5B9F228865E300A5242A /* Utility */ = {
			isa = PBXGroup;
			children = (
				B6658C2722AD09D300C3353A /* SwiftMessagesSegue.swift */,
				B6FA5BA02288660000A5242A /* NotificationManager.swift */,
				B6658C2F22AE3B5000C3353A /* SwiftMessageUtil.swift */,
			);
			path = Utility;
			sourceTree = "<group>";
		};
		B6FCE2C0225A4F2600FE85EF = {
			isa = PBXGroup;
			children = (
				B6FCE2CB225A4F2700FE85EF /* ReadingList */,
				B6F157562263170F007FB37B /* ShareExtension */,
				B6FCE2CA225A4F2700FE85EF /* Products */,
				F121F1B24EBD5724A25FE20C /* Pods */,
				C2103EB3A1082B9AD642245D /* Frameworks */,
			);
			sourceTree = "<group>";
		};
		B6FCE2CA225A4F2700FE85EF /* Products */ = {
			isa = PBXGroup;
			children = (
				B6FCE2C9225A4F2700FE85EF /* ReadingList.app */,
				B6F157552263170F007FB37B /* ShareExtension.appex */,
			);
			name = Products;
			sourceTree = "<group>";
		};
		B6FCE2CB225A4F2700FE85EF /* ReadingList */ = {
			isa = PBXGroup;
			children = (
				B6FA5BA6228F183D00A5242A /* GoogleService-Info.plist */,
				B68722EB2276803200692AE0 /* AppDelegate.swift */,
				B6FCE2F3225A531600FE85EF /* ReadingList.entitlements */,
				B6FCE2D8225A4F2B00FE85EF /* Info.plist */,
				B6FCE2FA2262221800FE85EF /* UI */,
				B6FCE2FE226223CC00FE85EF /* DB */,
				B6FA5B9F228865E300A5242A /* Utility */,
				B6FCE2F72262218A00FE85EF /* Constants */,
				B6F1576722634592007FB37B /* Extension */,
				B6FCE2FC2262225700FE85EF /* Support */,
				B6F1571C2262E0D6007FB37B /* Settings.bundle */,
			);
			path = ReadingList;
			sourceTree = "<group>";
		};
		B6FCE2F72262218A00FE85EF /* Constants */ = {
			isa = PBXGroup;
			children = (
				B6FCE2F8226221B700FE85EF /* Constant.swift */,
			);
			path = Constants;
			sourceTree = "<group>";
		};
		B6FCE2FA2262221800FE85EF /* UI */ = {
			isa = PBXGroup;
			children = (
				F5CC9C3B22E4949D00D6B4DB /* NoContentView */,
				B6A4B1C422DA1D4B00B9BE0A /* DeletedList */,
				B6658C2522AD097000C3353A /* ItemOption */,
				B692B29D229C3FCB00B00AD2 /* CustomView */,
				B692B2902297012900B00AD2 /* AboutApp */,
				B6FA5B902287434F00A5242A /* ArticleList */,
				B6F1576A22635110007FB37B /* ReadingList */,
				B68722ED2276814B00692AE0 /* ArticleWebView */,
			);
			path = UI;
			sourceTree = "<group>";
		};
		B6FCE2FC2262225700FE85EF /* Support */ = {
			isa = PBXGroup;
			children = (
				B6FCE2D5225A4F2B00FE85EF /* LaunchScreen.storyboard */,
				B6FCE2D3225A4F2B00FE85EF /* Assets.xcassets */,
				B6F3F78922BF88CF00C6DD94 /* Color.xcassets */,
			);
			path = Support;
			sourceTree = "<group>";
		};
		B6FCE2FE226223CC00FE85EF /* DB */ = {
			isa = PBXGroup;
			children = (
				B6F15776226C20D1007FB37B /* Entity */,
				B6FCE2FF2262240B00FE85EF /* UserDefaultManager.swift */,
				B6F1576F226AD4B3007FB37B /* RealmManager.swift */,
				B6FA5BA8228F1FCA00A5242A /* FirebaseManager.swift */,
			);
			path = DB;
			sourceTree = "<group>";
		};
		C2103EB3A1082B9AD642245D /* Frameworks */ = {
			isa = PBXGroup;
			children = (
				F592C20404838448C261CD50 /* Pods_ReadingList.framework */,
				E22290BE107C2F13C710EF1A /* Pods_ShareExtension.framework */,
			);
			name = Frameworks;
			sourceTree = "<group>";
		};
		F121F1B24EBD5724A25FE20C /* Pods */ = {
			isa = PBXGroup;
			children = (
				DA8B32AFE9E82DD9C813CDC5 /* Pods-ReadingList.debug.xcconfig */,
				4749F697DFD7C7F4E60807D8 /* Pods-ReadingList.release.xcconfig */,
				EB52ECA6527CE09E5922F8A6 /* Pods-ShareExtension.debug.xcconfig */,
				FD94C44318BD7ADE2A0CF1A8 /* Pods-ShareExtension.release.xcconfig */,
			);
			path = Pods;
			sourceTree = "<group>";
		};
		F5CC9C3B22E4949D00D6B4DB /* NoContentView */ = {
			isa = PBXGroup;
			children = (
				F5CC9C3C22E494BA00D6B4DB /* NoReadingListItemView.swift */,
				F5CC9C3E22E495BA00D6B4DB /* NoReadingListItemView.xib */,
			);
			path = NoContentView;
			sourceTree = "<group>";
		};
/* End PBXGroup section */

/* Begin PBXNativeTarget section */
		B6F157542263170F007FB37B /* ShareExtension */ = {
			isa = PBXNativeTarget;
			buildConfigurationList = B6F157602263170F007FB37B /* Build configuration list for PBXNativeTarget "ShareExtension" */;
			buildPhases = (
				73D8CE4153264165D810C996 /* [CP] Check Pods Manifest.lock */,
				B6F157512263170F007FB37B /* Sources */,
				B6F157522263170F007FB37B /* Frameworks */,
				B6F157532263170F007FB37B /* Resources */,
			);
			buildRules = (
			);
			dependencies = (
			);
			name = ShareExtension;
			productName = ShareExtension;
			productReference = B6F157552263170F007FB37B /* ShareExtension.appex */;
			productType = "com.apple.product-type.app-extension";
		};
		B6FCE2C8225A4F2700FE85EF /* ReadingList */ = {
			isa = PBXNativeTarget;
			buildConfigurationList = B6FCE2DB225A4F2B00FE85EF /* Build configuration list for PBXNativeTarget "ReadingList" */;
			buildPhases = (
				EFCE2E87A679282464F9BB87 /* [CP] Check Pods Manifest.lock */,
				B6FCE2C5225A4F2700FE85EF /* Sources */,
				B6FCE2C6225A4F2700FE85EF /* Frameworks */,
				B6FCE2C7225A4F2700FE85EF /* Resources */,
				B6FCE2F2225A522800FE85EF /* Embed App Extensions */,
				928B6E541793EB06BD2B41BB /* [CP] Embed Pods Frameworks */,
			);
			buildRules = (
			);
			dependencies = (
				B6F1575E2263170F007FB37B /* PBXTargetDependency */,
			);
			name = ReadingList;
			productName = ReadingList;
			productReference = B6FCE2C9225A4F2700FE85EF /* ReadingList.app */;
			productType = "com.apple.product-type.application";
		};
/* End PBXNativeTarget section */

/* Begin PBXProject section */
		B6FCE2C1225A4F2600FE85EF /* Project object */ = {
			isa = PBXProject;
			attributes = {
				LastSwiftUpdateCheck = 1010;
				LastUpgradeCheck = 1010;
				ORGANIZATIONNAME = "Yoki Higashihara";
				TargetAttributes = {
					B6F157542263170F007FB37B = {
						CreatedOnToolsVersion = 10.1;
						SystemCapabilities = {
							com.apple.ApplicationGroups.iOS = {
								enabled = 1;
							};
						};
					};
					B6FCE2C8225A4F2700FE85EF = {
						CreatedOnToolsVersion = 10.1;
						SystemCapabilities = {
							com.apple.ApplicationGroups.iOS = {
								enabled = 1;
							};
							com.apple.Keychain = {
								enabled = 1;
							};
						};
					};
				};
			};
			buildConfigurationList = B6FCE2C4225A4F2600FE85EF /* Build configuration list for PBXProject "ReadingList" */;
			compatibilityVersion = "Xcode 9.3";
			developmentRegion = en;
			hasScannedForEncodings = 0;
			knownRegions = (
				en,
				Base,
			);
			mainGroup = B6FCE2C0225A4F2600FE85EF;
			productRefGroup = B6FCE2CA225A4F2700FE85EF /* Products */;
			projectDirPath = "";
			projectRoot = "";
			targets = (
				B6FCE2C8225A4F2700FE85EF /* ReadingList */,
				B6F157542263170F007FB37B /* ShareExtension */,
			);
		};
/* End PBXProject section */

/* Begin PBXResourcesBuildPhase section */
		B6F157532263170F007FB37B /* Resources */ = {
			isa = PBXResourcesBuildPhase;
			buildActionMask = 2147483647;
			files = (
				B6F1575B2263170F007FB37B /* MainInterface.storyboard in Resources */,
			);
			runOnlyForDeploymentPostprocessing = 0;
		};
		B6FCE2C7225A4F2700FE85EF /* Resources */ = {
			isa = PBXResourcesBuildPhase;
			buildActionMask = 2147483647;
			files = (
				B6F1571D2262E0D6007FB37B /* Settings.bundle in Resources */,
				B6FA5BA7228F183D00A5242A /* GoogleService-Info.plist in Resources */,
				B692B297229701FF00B00AD2 /* AboutAppTableViewCell.xib in Resources */,
				B64691D022B645FE00B7C8C3 /* ReadingItemOption.storyboard in Resources */,
				B692B2922297017800B00AD2 /* AboutApp.storyboard in Resources */,
				B6F294A922AC1CFE00BB6F9F /* ReadingList.storyboard in Resources */,
				B68722F12276820A00692AE0 /* Article.storyboard in Resources */,
				B64691CA22B644D100B7C8C3 /* FinishedItemOption.storyboard in Resources */,
				B62870D822DA2B3F00A89830 /* DeletedList.storyboard in Resources */,
				B6F15775226AD900007FB37B /* ListItemCell.xib in Resources */,
				B6F3F78A22BF88CF00C6DD94 /* Color.xcassets in Resources */,
				B6FCE2D7225A4F2B00FE85EF /* LaunchScreen.storyboard in Resources */,
				B6F2949E22AC199E00BB6F9F /* ReadingListIconCell.xib in Resources */,
				B62870DC22DB18CF00A89830 /* SwitchBtnTableViewCell.xib in Resources */,
				B6FA5B9B2287474000A5242A /* ArticleItemCollectionViewCell.xib in Resources */,
				F5CC9C3F22E495BA00D6B4DB /* NoReadingListItemView.xib in Resources */,
				B62870DE22DB5FD100A89830 /* Indicator.xib in Resources */,
				B66C0A3E22D389FA007FA72B /* RefreshContents.xib in Resources */,
				B6FCE2D4225A4F2B00FE85EF /* Assets.xcassets in Resources */,
				B6FA5B922287464800A5242A /* ArticleList.storyboard in Resources */,
			);
			runOnlyForDeploymentPostprocessing = 0;
		};
/* End PBXResourcesBuildPhase section */

/* Begin PBXShellScriptBuildPhase section */
		73D8CE4153264165D810C996 /* [CP] Check Pods Manifest.lock */ = {
			isa = PBXShellScriptBuildPhase;
			buildActionMask = 2147483647;
			files = (
			);
			inputFileListPaths = (
			);
			inputPaths = (
				"${PODS_PODFILE_DIR_PATH}/Podfile.lock",
				"${PODS_ROOT}/Manifest.lock",
			);
			name = "[CP] Check Pods Manifest.lock";
			outputFileListPaths = (
			);
			outputPaths = (
				"$(DERIVED_FILE_DIR)/Pods-ShareExtension-checkManifestLockResult.txt",
			);
			runOnlyForDeploymentPostprocessing = 0;
			shellPath = /bin/sh;
			shellScript = "diff \"${PODS_PODFILE_DIR_PATH}/Podfile.lock\" \"${PODS_ROOT}/Manifest.lock\" > /dev/null\nif [ $? != 0 ] ; then\n    # print error to STDERR\n    echo \"error: The sandbox is not in sync with the Podfile.lock. Run 'pod install' or update your CocoaPods installation.\" >&2\n    exit 1\nfi\n# This output is used by Xcode 'outputs' to avoid re-running this script phase.\necho \"SUCCESS\" > \"${SCRIPT_OUTPUT_FILE_0}\"\n";
			showEnvVarsInLog = 0;
		};
		928B6E541793EB06BD2B41BB /* [CP] Embed Pods Frameworks */ = {
			isa = PBXShellScriptBuildPhase;
			buildActionMask = 2147483647;
			files = (
			);
			inputFileListPaths = (
				"${PODS_ROOT}/Target Support Files/Pods-ReadingList/Pods-ReadingList-frameworks-${CONFIGURATION}-input-files.xcfilelist",
			);
			name = "[CP] Embed Pods Frameworks";
			outputFileListPaths = (
				"${PODS_ROOT}/Target Support Files/Pods-ReadingList/Pods-ReadingList-frameworks-${CONFIGURATION}-output-files.xcfilelist",
			);
			runOnlyForDeploymentPostprocessing = 0;
			shellPath = /bin/sh;
			shellScript = "\"${PODS_ROOT}/Target Support Files/Pods-ReadingList/Pods-ReadingList-frameworks.sh\"\n";
			showEnvVarsInLog = 0;
		};
		EFCE2E87A679282464F9BB87 /* [CP] Check Pods Manifest.lock */ = {
			isa = PBXShellScriptBuildPhase;
			buildActionMask = 2147483647;
			files = (
			);
			inputFileListPaths = (
			);
			inputPaths = (
				"${PODS_PODFILE_DIR_PATH}/Podfile.lock",
				"${PODS_ROOT}/Manifest.lock",
			);
			name = "[CP] Check Pods Manifest.lock";
			outputFileListPaths = (
			);
			outputPaths = (
				"$(DERIVED_FILE_DIR)/Pods-ReadingList-checkManifestLockResult.txt",
			);
			runOnlyForDeploymentPostprocessing = 0;
			shellPath = /bin/sh;
			shellScript = "diff \"${PODS_PODFILE_DIR_PATH}/Podfile.lock\" \"${PODS_ROOT}/Manifest.lock\" > /dev/null\nif [ $? != 0 ] ; then\n    # print error to STDERR\n    echo \"error: The sandbox is not in sync with the Podfile.lock. Run 'pod install' or update your CocoaPods installation.\" >&2\n    exit 1\nfi\n# This output is used by Xcode 'outputs' to avoid re-running this script phase.\necho \"SUCCESS\" > \"${SCRIPT_OUTPUT_FILE_0}\"\n";
			showEnvVarsInLog = 0;
		};
/* End PBXShellScriptBuildPhase section */

/* Begin PBXSourcesBuildPhase section */
		B6F157512263170F007FB37B /* Sources */ = {
			isa = PBXSourcesBuildPhase;
			buildActionMask = 2147483647;
			files = (
				B6F15764226317D5007FB37B /* UserDefaultManager.swift in Sources */,
				B6FA5B9E22885F9400A5242A /* Date+Extension.swift in Sources */,
				B6F157582263170F007FB37B /* ShareViewController.swift in Sources */,
				B6F15766226317FA007FB37B /* Constant.swift in Sources */,
			);
			runOnlyForDeploymentPostprocessing = 0;
		};
		B6FCE2C5225A4F2700FE85EF /* Sources */ = {
			isa = PBXSourcesBuildPhase;
			buildActionMask = 2147483647;
			files = (
				B6F2949322A6D08D00BB6F9F /* ArticleListModel.swift in Sources */,
				B68722EF227681A300692AE0 /* ArticleWebVC.swift in Sources */,
				B6DEFE1522ACE5BE000E5886 /* ReadingListPresenter.swift in Sources */,
				B6F7AEB322A4E6CB003EC815 /* GradationView.swift in Sources */,
				B6FA5BAB22911FF300A5242A /* Article.swift in Sources */,
				B6F15778226C20EE007FB37B /* ReadingItem.swift in Sources */,
				B692B298229701FF00B00AD2 /* AboutAppVC.swift in Sources */,
				B66C0A4022D4E8B6007FA72B /* Indicator.swift in Sources */,
				B6F15770226AD4B3007FB37B /* RealmManager.swift in Sources */,
				F5CC9C3D22E494BA00D6B4DB /* NoReadingListItemView.swift in Sources */,
				B6FA5B9A2287474000A5242A /* ArticleItemCollectionViewCell.swift in Sources */,
				B6658C2822AD09D300C3353A /* SwiftMessagesSegue.swift in Sources */,
				B6FA5B9D22885F9400A5242A /* Date+Extension.swift in Sources */,
				B64691CE22B645E800B7C8C3 /* ReadingItemOptionVC.swift in Sources */,
				B6FA5BA12288660000A5242A /* NotificationManager.swift in Sources */,
				B6FA5B94228746AF00A5242A /* ArticleListVC.swift in Sources */,
				B62870DB22DB18CF00A89830 /* SwitchBtnTableViewCell.swift in Sources */,
				B6658C2E22ADD45300C3353A /* ArticleListPresenter.swift in Sources */,
				B6FCE3002262240B00FE85EF /* UserDefaultManager.swift in Sources */,
				B68722EA2276797200692AE0 /* UIImageView+Extension.swift in Sources */,
				B692B296229701FF00B00AD2 /* AboutAppTableViewCell.swift in Sources */,
				B6F15769226345AD007FB37B /* Notification+Extension.swift in Sources */,
				B68722EC2276803200692AE0 /* AppDelegate.swift in Sources */,
				B64691CC22B6459E00B7C8C3 /* FinishedItemOptionVC.swift in Sources */,
				B692B29A229C3C9E00B00AD2 /* UIView+Extension.swift in Sources */,
				B6DEFE1322ACE5AE000E5886 /* FinishedListPresenter.swift in Sources */,
				B692B2A6229EE2C300B00AD2 /* ArticleListTableVC.swift in Sources */,
				B6F1576E2263527A007FB37B /* ListModel.swift in Sources */,
				B6F2949F22AC199E00BB6F9F /* ReadingListIconCell.swift in Sources */,
				B6F15765226317F1007FB37B /* Constant.swift in Sources */,
				B6F2949722AC186300BB6F9F /* ReadingListVC.swift in Sources */,
				B6658C3022AE3B5000C3353A /* SwiftMessageUtil.swift in Sources */,
				B6F15774226AD900007FB37B /* ListItemCell.swift in Sources */,
				B66C0A3C22D0CB3C007FA72B /* ArticleWebModel.swift in Sources */,
				B6DEFE1B22ACE85D000E5886 /* FinishedListTableVC.swift in Sources */,
				B6FA5BA9228F1FCA00A5242A /* FirebaseManager.swift in Sources */,
				B6A4B1C622DA1D5C00B9BE0A /* DeletedListVC.swift in Sources */,
				B6DEFE1922ACE80C000E5886 /* ReadingListTableVC.swift in Sources */,
			);
			runOnlyForDeploymentPostprocessing = 0;
		};
/* End PBXSourcesBuildPhase section */

/* Begin PBXTargetDependency section */
		B6F1575E2263170F007FB37B /* PBXTargetDependency */ = {
			isa = PBXTargetDependency;
			target = B6F157542263170F007FB37B /* ShareExtension */;
			targetProxy = B6F1575D2263170F007FB37B /* PBXContainerItemProxy */;
		};
/* End PBXTargetDependency section */

/* Begin PBXVariantGroup section */
		B6F157592263170F007FB37B /* MainInterface.storyboard */ = {
			isa = PBXVariantGroup;
			children = (
				B6F1575A2263170F007FB37B /* Base */,
			);
			name = MainInterface.storyboard;
			sourceTree = "<group>";
		};
		B6FCE2D5225A4F2B00FE85EF /* LaunchScreen.storyboard */ = {
			isa = PBXVariantGroup;
			children = (
				B6FCE2D6225A4F2B00FE85EF /* Base */,
			);
			name = LaunchScreen.storyboard;
			sourceTree = "<group>";
		};
/* End PBXVariantGroup section */

/* Begin XCBuildConfiguration section */
		B6F157612263170F007FB37B /* Debug */ = {
			isa = XCBuildConfiguration;
			baseConfigurationReference = EB52ECA6527CE09E5922F8A6 /* Pods-ShareExtension.debug.xcconfig */;
			buildSettings = {
				CODE_SIGN_ENTITLEMENTS = ShareExtension/ShareExtension.entitlements;
				CODE_SIGN_STYLE = Automatic;
				DEVELOPMENT_TEAM = EAZT2D654U;
				INFOPLIST_FILE = ShareExtension/Info.plist;
				IPHONEOS_DEPLOYMENT_TARGET = 11.0;
				LD_RUNPATH_SEARCH_PATHS = (
					"$(inherited)",
					"@executable_path/Frameworks",
					"@executable_path/../../Frameworks",
				);
				PRODUCT_BUNDLE_IDENTIFIER = yyokii.ReadingList.ShareExtension;
				PRODUCT_NAME = "$(TARGET_NAME)";
				SKIP_INSTALL = YES;
				SWIFT_VERSION = 4.2;
				TARGETED_DEVICE_FAMILY = "1,2";
			};
			name = Debug;
		};
		B6F157622263170F007FB37B /* Release */ = {
			isa = XCBuildConfiguration;
			baseConfigurationReference = FD94C44318BD7ADE2A0CF1A8 /* Pods-ShareExtension.release.xcconfig */;
			buildSettings = {
				CODE_SIGN_ENTITLEMENTS = ShareExtension/ShareExtension.entitlements;
				CODE_SIGN_STYLE = Automatic;
				DEVELOPMENT_TEAM = EAZT2D654U;
				INFOPLIST_FILE = ShareExtension/Info.plist;
				IPHONEOS_DEPLOYMENT_TARGET = 11.0;
				LD_RUNPATH_SEARCH_PATHS = (
					"$(inherited)",
					"@executable_path/Frameworks",
					"@executable_path/../../Frameworks",
				);
				PRODUCT_BUNDLE_IDENTIFIER = yyokii.ReadingList.ShareExtension;
				PRODUCT_NAME = "$(TARGET_NAME)";
				SKIP_INSTALL = YES;
				SWIFT_VERSION = 4.2;
				TARGETED_DEVICE_FAMILY = "1,2";
			};
			name = Release;
		};
		B6FCE2D9225A4F2B00FE85EF /* Debug */ = {
			isa = XCBuildConfiguration;
			buildSettings = {
				ALWAYS_SEARCH_USER_PATHS = NO;
				CLANG_ANALYZER_NONNULL = YES;
				CLANG_ANALYZER_NUMBER_OBJECT_CONVERSION = YES_AGGRESSIVE;
				CLANG_CXX_LANGUAGE_STANDARD = "gnu++14";
				CLANG_CXX_LIBRARY = "libc++";
				CLANG_ENABLE_MODULES = YES;
				CLANG_ENABLE_OBJC_ARC = YES;
				CLANG_ENABLE_OBJC_WEAK = YES;
				CLANG_WARN_BLOCK_CAPTURE_AUTORELEASING = YES;
				CLANG_WARN_BOOL_CONVERSION = YES;
				CLANG_WARN_COMMA = YES;
				CLANG_WARN_CONSTANT_CONVERSION = YES;
				CLANG_WARN_DEPRECATED_OBJC_IMPLEMENTATIONS = YES;
				CLANG_WARN_DIRECT_OBJC_ISA_USAGE = YES_ERROR;
				CLANG_WARN_DOCUMENTATION_COMMENTS = YES;
				CLANG_WARN_EMPTY_BODY = YES;
				CLANG_WARN_ENUM_CONVERSION = YES;
				CLANG_WARN_INFINITE_RECURSION = YES;
				CLANG_WARN_INT_CONVERSION = YES;
				CLANG_WARN_NON_LITERAL_NULL_CONVERSION = YES;
				CLANG_WARN_OBJC_IMPLICIT_RETAIN_SELF = YES;
				CLANG_WARN_OBJC_LITERAL_CONVERSION = YES;
				CLANG_WARN_OBJC_ROOT_CLASS = YES_ERROR;
				CLANG_WARN_RANGE_LOOP_ANALYSIS = YES;
				CLANG_WARN_STRICT_PROTOTYPES = YES;
				CLANG_WARN_SUSPICIOUS_MOVE = YES;
				CLANG_WARN_UNGUARDED_AVAILABILITY = YES_AGGRESSIVE;
				CLANG_WARN_UNREACHABLE_CODE = YES;
				CLANG_WARN__DUPLICATE_METHOD_MATCH = YES;
				CODE_SIGN_IDENTITY = "iPhone Developer";
				COPY_PHASE_STRIP = NO;
				DEBUG_INFORMATION_FORMAT = dwarf;
				ENABLE_STRICT_OBJC_MSGSEND = YES;
				ENABLE_TESTABILITY = YES;
				GCC_C_LANGUAGE_STANDARD = gnu11;
				GCC_DYNAMIC_NO_PIC = NO;
				GCC_NO_COMMON_BLOCKS = YES;
				GCC_OPTIMIZATION_LEVEL = 0;
				GCC_PREPROCESSOR_DEFINITIONS = (
					"DEBUG=1",
					"$(inherited)",
				);
				GCC_WARN_64_TO_32_BIT_CONVERSION = YES;
				GCC_WARN_ABOUT_RETURN_TYPE = YES_ERROR;
				GCC_WARN_UNDECLARED_SELECTOR = YES;
				GCC_WARN_UNINITIALIZED_AUTOS = YES_AGGRESSIVE;
				GCC_WARN_UNUSED_FUNCTION = YES;
				GCC_WARN_UNUSED_VARIABLE = YES;
				IPHONEOS_DEPLOYMENT_TARGET = 11.0;
				MTL_ENABLE_DEBUG_INFO = INCLUDE_SOURCE;
				MTL_FAST_MATH = YES;
				ONLY_ACTIVE_ARCH = YES;
				SDKROOT = iphoneos;
				SWIFT_ACTIVE_COMPILATION_CONDITIONS = DEBUG;
				SWIFT_OPTIMIZATION_LEVEL = "-Onone";
			};
			name = Debug;
		};
		B6FCE2DA225A4F2B00FE85EF /* Release */ = {
			isa = XCBuildConfiguration;
			buildSettings = {
				ALWAYS_SEARCH_USER_PATHS = NO;
				CLANG_ANALYZER_NONNULL = YES;
				CLANG_ANALYZER_NUMBER_OBJECT_CONVERSION = YES_AGGRESSIVE;
				CLANG_CXX_LANGUAGE_STANDARD = "gnu++14";
				CLANG_CXX_LIBRARY = "libc++";
				CLANG_ENABLE_MODULES = YES;
				CLANG_ENABLE_OBJC_ARC = YES;
				CLANG_ENABLE_OBJC_WEAK = YES;
				CLANG_WARN_BLOCK_CAPTURE_AUTORELEASING = YES;
				CLANG_WARN_BOOL_CONVERSION = YES;
				CLANG_WARN_COMMA = YES;
				CLANG_WARN_CONSTANT_CONVERSION = YES;
				CLANG_WARN_DEPRECATED_OBJC_IMPLEMENTATIONS = YES;
				CLANG_WARN_DIRECT_OBJC_ISA_USAGE = YES_ERROR;
				CLANG_WARN_DOCUMENTATION_COMMENTS = YES;
				CLANG_WARN_EMPTY_BODY = YES;
				CLANG_WARN_ENUM_CONVERSION = YES;
				CLANG_WARN_INFINITE_RECURSION = YES;
				CLANG_WARN_INT_CONVERSION = YES;
				CLANG_WARN_NON_LITERAL_NULL_CONVERSION = YES;
				CLANG_WARN_OBJC_IMPLICIT_RETAIN_SELF = YES;
				CLANG_WARN_OBJC_LITERAL_CONVERSION = YES;
				CLANG_WARN_OBJC_ROOT_CLASS = YES_ERROR;
				CLANG_WARN_RANGE_LOOP_ANALYSIS = YES;
				CLANG_WARN_STRICT_PROTOTYPES = YES;
				CLANG_WARN_SUSPICIOUS_MOVE = YES;
				CLANG_WARN_UNGUARDED_AVAILABILITY = YES_AGGRESSIVE;
				CLANG_WARN_UNREACHABLE_CODE = YES;
				CLANG_WARN__DUPLICATE_METHOD_MATCH = YES;
				CODE_SIGN_IDENTITY = "iPhone Developer";
				COPY_PHASE_STRIP = NO;
				DEBUG_INFORMATION_FORMAT = "dwarf-with-dsym";
				ENABLE_NS_ASSERTIONS = NO;
				ENABLE_STRICT_OBJC_MSGSEND = YES;
				GCC_C_LANGUAGE_STANDARD = gnu11;
				GCC_NO_COMMON_BLOCKS = YES;
				GCC_WARN_64_TO_32_BIT_CONVERSION = YES;
				GCC_WARN_ABOUT_RETURN_TYPE = YES_ERROR;
				GCC_WARN_UNDECLARED_SELECTOR = YES;
				GCC_WARN_UNINITIALIZED_AUTOS = YES_AGGRESSIVE;
				GCC_WARN_UNUSED_FUNCTION = YES;
				GCC_WARN_UNUSED_VARIABLE = YES;
				IPHONEOS_DEPLOYMENT_TARGET = 11.0;
				MTL_ENABLE_DEBUG_INFO = NO;
				MTL_FAST_MATH = YES;
				SDKROOT = iphoneos;
				SWIFT_COMPILATION_MODE = wholemodule;
				SWIFT_OPTIMIZATION_LEVEL = "-O";
				VALIDATE_PRODUCT = YES;
			};
			name = Release;
		};
		B6FCE2DC225A4F2B00FE85EF /* Debug */ = {
			isa = XCBuildConfiguration;
			baseConfigurationReference = DA8B32AFE9E82DD9C813CDC5 /* Pods-ReadingList.debug.xcconfig */;
			buildSettings = {
				ALWAYS_EMBED_SWIFT_STANDARD_LIBRARIES = YES;
				ASSETCATALOG_COMPILER_APPICON_NAME = AppIcon;
				CODE_SIGN_ENTITLEMENTS = ReadingList/ReadingList.entitlements;
				CODE_SIGN_STYLE = Manual;
				DEVELOPMENT_TEAM = "";
				INFOPLIST_FILE = ReadingList/Info.plist;
				IPHONEOS_DEPLOYMENT_TARGET = 11.0;
				LD_RUNPATH_SEARCH_PATHS = (
					"$(inherited)",
					"@executable_path/Frameworks",
				);
				PRODUCT_BUNDLE_IDENTIFIER = yyokii.ReadingList;
				PRODUCT_NAME = "$(TARGET_NAME)";
				PROVISIONING_PROFILE_SPECIFIER = "";
				SWIFT_VERSION = 4.2;
				TARGETED_DEVICE_FAMILY = 1;
			};
			name = Debug;
		};
		B6FCE2DD225A4F2B00FE85EF /* Release */ = {
			isa = XCBuildConfiguration;
			baseConfigurationReference = 4749F697DFD7C7F4E60807D8 /* Pods-ReadingList.release.xcconfig */;
			buildSettings = {
				ALWAYS_EMBED_SWIFT_STANDARD_LIBRARIES = YES;
				ASSETCATALOG_COMPILER_APPICON_NAME = AppIcon;
				CODE_SIGN_ENTITLEMENTS = ReadingList/ReadingList.entitlements;
				CODE_SIGN_STYLE = Manual;
				DEVELOPMENT_TEAM = "";
				INFOPLIST_FILE = ReadingList/Info.plist;
				IPHONEOS_DEPLOYMENT_TARGET = 11.0;
				LD_RUNPATH_SEARCH_PATHS = (
					"$(inherited)",
					"@executable_path/Frameworks",
				);
				PRODUCT_BUNDLE_IDENTIFIER = yyokii.ReadingList;
				PRODUCT_NAME = "$(TARGET_NAME)";
				PROVISIONING_PROFILE_SPECIFIER = "";
				SWIFT_VERSION = 4.2;
				TARGETED_DEVICE_FAMILY = 1;
			};
			name = Release;
		};
/* End XCBuildConfiguration section */

/* Begin XCConfigurationList section */
		B6F157602263170F007FB37B /* Build configuration list for PBXNativeTarget "ShareExtension" */ = {
			isa = XCConfigurationList;
			buildConfigurations = (
				B6F157612263170F007FB37B /* Debug */,
				B6F157622263170F007FB37B /* Release */,
			);
			defaultConfigurationIsVisible = 0;
			defaultConfigurationName = Release;
		};
		B6FCE2C4225A4F2600FE85EF /* Build configuration list for PBXProject "ReadingList" */ = {
			isa = XCConfigurationList;
			buildConfigurations = (
				B6FCE2D9225A4F2B00FE85EF /* Debug */,
				B6FCE2DA225A4F2B00FE85EF /* Release */,
			);
			defaultConfigurationIsVisible = 0;
			defaultConfigurationName = Release;
		};
		B6FCE2DB225A4F2B00FE85EF /* Build configuration list for PBXNativeTarget "ReadingList" */ = {
			isa = XCConfigurationList;
			buildConfigurations = (
				B6FCE2DC225A4F2B00FE85EF /* Debug */,
				B6FCE2DD225A4F2B00FE85EF /* Release */,
			);
			defaultConfigurationIsVisible = 0;
			defaultConfigurationName = Release;
		};
/* End XCConfigurationList section */
	};
	rootObject = B6FCE2C1225A4F2600FE85EF /* Project object */;
}
