// !$*UTF8*$!
{
	archiveVersion = 1;
	classes = {
	};
	objectVersion = 51;
	objects = {

/* Begin PBXBuildFile section */
		025D22C3FD1FC2E5C449349F /* UserDefaultManager.swift in Sources */ = {isa = PBXBuildFile; fileRef = 34A168BBA2971CEB4693397D /* UserDefaultManager.swift */; };
		06BA06F58EFC56A3892EA2B3 /* SwiftMessageUtil.swift in Sources */ = {isa = PBXBuildFile; fileRef = 56EF2492250BED8A7CD35DC2 /* SwiftMessageUtil.swift */; };
		0FDB0333513B20F2E86EE9A5 /* TutorialDialogView.swift in Sources */ = {isa = PBXBuildFile; fileRef = ADFD95EAD046A2BBA2345805 /* TutorialDialogView.swift */; };
		1624D577877DC319F770CE0D /* ReadingItemDialogView.xib in Resources */ = {isa = PBXBuildFile; fileRef = EC9FFD9B9F7F23A26CA06FDE /* ReadingItemDialogView.xib */; };
		1A6B47363625A95C93670E9B /* AboutAppTableViewCell.swift in Sources */ = {isa = PBXBuildFile; fileRef = DF1A7E3EBE83157E59C9E9A7 /* AboutAppTableViewCell.swift */; };
		1B0860E9C3859CFD9FFF7900 /* Pods_ReadingList.framework in Embed Frameworks */ = {isa = PBXBuildFile; fileRef = EC1E12C8769A18F2E92EB233 /* Pods_ReadingList.framework */; settings = {ATTRIBUTES = (CodeSignOnCopy, RemoveHeadersOnCopy, ); }; };
		1E74BA2FDFB4146078E95AEA /* ReadingListTableVC.swift in Sources */ = {isa = PBXBuildFile; fileRef = D11809B040DE19C14676614B /* ReadingListTableVC.swift */; };
		220E09B7DA401B2DD5ACB338 /* HomePresenter.swift in Sources */ = {isa = PBXBuildFile; fileRef = D3DEB0EE3F941E31C84AFFAA /* HomePresenter.swift */; };
		23CADA5A23C4E49B6C3EB401 /* GradationView.swift in Sources */ = {isa = PBXBuildFile; fileRef = 99E492D80D58134B922BF8FA /* GradationView.swift */; };
		240B6A9735DAB7F1D062ABFF /* FloatingViewPresenter.swift in Sources */ = {isa = PBXBuildFile; fileRef = EBCF40945E7577DEA1BAD83C /* FloatingViewPresenter.swift */; };
		2E6C1BC6CA31A4BF441392A7 /* ArticleListPanelLayout.swift in Sources */ = {isa = PBXBuildFile; fileRef = 442A97ACC4F3CE9AF07452FC /* ArticleListPanelLayout.swift */; };
		31AAE2B1708ACB0DF1CF743E /* NotificationManager.swift in Sources */ = {isa = PBXBuildFile; fileRef = 907678C36FB6BCC8690B41B6 /* NotificationManager.swift */; };
		32E30272FE63A73372612B99 /* NoFinishedListItemView.xib in Resources */ = {isa = PBXBuildFile; fileRef = A273A6027506D862702FAE05 /* NoFinishedListItemView.xib */; };
		347DF10F4CB6C5C418169502 /* Settings.bundle in Resources */ = {isa = PBXBuildFile; fileRef = 75A6C5E78D9EFD6FFB5FA922 /* Settings.bundle */; };
		34F611813FD7A671FEE00990 /* FinishedItemDialogView.xib in Resources */ = {isa = PBXBuildFile; fileRef = 697FD4E17DAD73CE5FE85A56 /* FinishedItemDialogView.xib */; };
		382E6711B3A65BE3DBDD571A /* ReadingItem.swift in Sources */ = {isa = PBXBuildFile; fileRef = 04344EC51793519E2F11F5BB /* ReadingItem.swift */; };
		3CFB6E87311E92F97AD96B23 /* ArticleWebModel.swift in Sources */ = {isa = PBXBuildFile; fileRef = BABD88CFC48BE6687E08C82A /* ArticleWebModel.swift */; };
		3DE4CE6847E957DAD40AEF16 /* GraphViewModel.swift in Sources */ = {isa = PBXBuildFile; fileRef = 2C37FE1179D01EC18A527384 /* GraphViewModel.swift */; };
		3DE95EBFAD7EFFA8A51D399C /* Indicator.swift in Sources */ = {isa = PBXBuildFile; fileRef = BE1256D3D576A2FBD5C748C8 /* Indicator.swift */; };
		42644E7F95733D09DA9DBE7A /* FloatingVC.swift in Sources */ = {isa = PBXBuildFile; fileRef = D044813E8EFCEC7C6E2B151D /* FloatingVC.swift */; };
		44BE0AC1D4EF608C797D31F6 /* Color.xcassets in Resources */ = {isa = PBXBuildFile; fileRef = CE1DA06FD9B20B1381755807 /* Color.xcassets */; };
		49528134A2DAA08C5B7C79BE /* Notification+Extension.swift in Sources */ = {isa = PBXBuildFile; fileRef = F8F7ADCA588BAEF638EE67F5 /* Notification+Extension.swift */; };
		5682EF661C6512FAF4438797 /* WebKit.framework in Frameworks */ = {isa = PBXBuildFile; fileRef = 1B6999D76AEC8A3D4AB9AD3F /* WebKit.framework */; };
		5A0DE452F835CB5818901228 /* Article.storyboard in Resources */ = {isa = PBXBuildFile; fileRef = 91123320E84B2DF661B4FD91 /* Article.storyboard */; };
		5B71CE8F55BBD831FED4545C /* ReadingListModel.swift in Sources */ = {isa = PBXBuildFile; fileRef = 175E375FEC5094EC929D7D1F /* ReadingListModel.swift */; };
		61180A618FB93B492E67792E /* ShareViewController.swift in Sources */ = {isa = PBXBuildFile; fileRef = BF13F0D57CE978508BB6EBDB /* ShareViewController.swift */; };
		62A3AAB9DDDFC46F08B0BAA3 /* WebHowtoView.swift in Sources */ = {isa = PBXBuildFile; fileRef = 099DE1C3188ED8C178E57D54 /* WebHowtoView.swift */; };
		633499A7F3E57A61503F2468 /* UIImageView+Extension.swift in Sources */ = {isa = PBXBuildFile; fileRef = 7B66FB39FF27F40A71E8F1F5 /* UIImageView+Extension.swift */; };
		6613404AB9D6F0F1B56F5961 /* TodayDelete.storyboard in Resources */ = {isa = PBXBuildFile; fileRef = D4EE32AC68ECBA50E31080BE /* TodayDelete.storyboard */; };
		666F959EE1F6F3F38924BABF /* Assets.xcassets in Resources */ = {isa = PBXBuildFile; fileRef = 47A2DD499E9FD3EC8B672638 /* Assets.xcassets */; };
		734D0029F6D86DBA15517E1E /* LaunchScreen.storyboard in Resources */ = {isa = PBXBuildFile; fileRef = 49B9FC678A3B64886631C523 /* LaunchScreen.storyboard */; };
		73B0EEC46EC095EF27216414 /* Constant.swift in Sources */ = {isa = PBXBuildFile; fileRef = 49302AB9CDEBAF1F7F6B3699 /* Constant.swift */; };
		744BB37DCD296881EB630B62 /* GraphView.swift in Sources */ = {isa = PBXBuildFile; fileRef = 5588BAC2670015A581466C4E /* GraphView.swift */; };
		77AEE6D03F3DC953C9C355FE /* DeletedListModel.swift in Sources */ = {isa = PBXBuildFile; fileRef = AD5379FB5371ADE677861E7B /* DeletedListModel.swift */; };
		79AD075CCB7C93AB8A6415B5 /* RealmManager.swift in Sources */ = {isa = PBXBuildFile; fileRef = D11A0950B8826C0CF6944EBB /* RealmManager.swift */; };
		7A6905722A7EBB37FD9ECAE5 /* GoogleService-Info.plist in Resources */ = {isa = PBXBuildFile; fileRef = 9B5733F6E22798B530AB2F50 /* GoogleService-Info.plist */; };
		7BC8C4379105C3C7E6AD4F0F /* DeletedListPresenter.swift in Sources */ = {isa = PBXBuildFile; fileRef = 892A597E309A5BDFD858BB34 /* DeletedListPresenter.swift */; };
		80E6681A4CC2857317C4963E /* HomeVC.swift in Sources */ = {isa = PBXBuildFile; fileRef = 8ECFECA0CF6E2F33F356386C /* HomeVC.swift */; };
		8351C38D9531A04DE48CB11C /* Pods_ReadingList.framework in Frameworks */ = {isa = PBXBuildFile; fileRef = EC1E12C8769A18F2E92EB233 /* Pods_ReadingList.framework */; };
		84A22964AFA107D2BF9C7E7F /* NoReadingListItemView.xib in Resources */ = {isa = PBXBuildFile; fileRef = DAA744D33F4AFFEBF144B614 /* NoReadingListItemView.xib */; };
		8B8CF856E8BD28F27F0C9BE1 /* WebToolBarView.xib in Resources */ = {isa = PBXBuildFile; fileRef = F3844A49B43CB984761628AA /* WebToolBarView.xib */; };
		9388C3C9F460A77E52F3971F /* FloatingViewModel.swift in Sources */ = {isa = PBXBuildFile; fileRef = 8D2D3828A21DD04101D74486 /* FloatingViewModel.swift */; };
		98D6647A0B414BA11D4EFB1C /* AboutApp.storyboard in Resources */ = {isa = PBXBuildFile; fileRef = 3105145E61F6D5BFA46407E7 /* AboutApp.storyboard */; };
		99F39F8516592D550834C404 /* ArticleTableViewCell.swift in Sources */ = {isa = PBXBuildFile; fileRef = 34375CCBE805798C14864B41 /* ArticleTableViewCell.swift */; };
		9CBBA2DF58B049B4DFE04CAF /* UIView+Extension.swift in Sources */ = {isa = PBXBuildFile; fileRef = CDA54A1A95F6EBD8FB67C5BB /* UIView+Extension.swift */; };
		9D5C4B3234585ABFC99BF380 /* NoReadingListItemView.swift in Sources */ = {isa = PBXBuildFile; fileRef = 372889276210012F6AAAD391 /* NoReadingListItemView.swift */; };
		A397C4EB2560EBAEA561E20A /* TodayDeleteModel.swift in Sources */ = {isa = PBXBuildFile; fileRef = D320E855B0109CC17300D110 /* TodayDeleteModel.swift */; };
		AD25A141B97D9E857CF117BE /* HomeModel.swift in Sources */ = {isa = PBXBuildFile; fileRef = 1C2579436BB587F61519D4FA /* HomeModel.swift */; };
		AE1BCBC349A9BCE8B2C61E01 /* WebToolBarView.swift in Sources */ = {isa = PBXBuildFile; fileRef = DAD89774963B41B8D1BDB62C /* WebToolBarView.swift */; };
		AF3C59FED3DDC41A7172A4D7 /* Date+Extension.swift in Sources */ = {isa = PBXBuildFile; fileRef = E2FB87556232221F19095AF9 /* Date+Extension.swift */; };
		B08522E74D506497F95108AD /* FloatingVC.storyboard in Resources */ = {isa = PBXBuildFile; fileRef = F2E5EAA7031B017EFA131D9E /* FloatingVC.storyboard */; };
		B18A630DE6BB6086D4907EAE /* AboutAppVC.swift in Sources */ = {isa = PBXBuildFile; fileRef = A688934B0DCFFBD53F5D17B3 /* AboutAppVC.swift */; };
		BB2219085B29CFF91CB7DBAD /* ReadingListPresenter.swift in Sources */ = {isa = PBXBuildFile; fileRef = F27479F13D6397FF4654993A /* ReadingListPresenter.swift */; };
		BC99C256695432AD2F1E33FE /* TutorialDialogView.xib in Resources */ = {isa = PBXBuildFile; fileRef = 749F55569AC69E66159AC910 /* TutorialDialogView.xib */; };
		BF732834C645490EE0CDC602 /* Home.storyboard in Resources */ = {isa = PBXBuildFile; fileRef = EFD5877702FDBD5FA7A13513 /* Home.storyboard */; };
		C083F53D38B15CF95A50BA67 /* DeletedList.storyboard in Resources */ = {isa = PBXBuildFile; fileRef = CC8B5773999FA01FE3B9013A /* DeletedList.storyboard */; };
		C2137ADBBAD65720B2E4406E /* FinishedItemDialogView.swift in Sources */ = {isa = PBXBuildFile; fileRef = 6A1D1EEA20B7B61FD33C4125 /* FinishedItemDialogView.swift */; };
		C4DD3497A2C85966D911F6A6 /* Date+Extension.swift in Sources */ = {isa = PBXBuildFile; fileRef = E2FB87556232221F19095AF9 /* Date+Extension.swift */; };
		C510741A4F8D367080A7C651 /* WebHowtoView.xib in Resources */ = {isa = PBXBuildFile; fileRef = C6C272DD946C515DC8DE334A /* WebHowtoView.xib */; };
		C56362C6FA802DBF9EB22B3D /* GraphView.xib in Resources */ = {isa = PBXBuildFile; fileRef = 22900855C96048F1AF15A7AD /* GraphView.xib */; };
		CC47108B2C970F0B9AD088F9 /* ArticleView.xib in Resources */ = {isa = PBXBuildFile; fileRef = 5E58CA51DD47612CA7851892 /* ArticleView.xib */; };
		CF62040E4B53FE2680DC9941 /* ArticleView.swift in Sources */ = {isa = PBXBuildFile; fileRef = 96ABC2B2E656F9E73EDFE32E /* ArticleView.swift */; };
		D0BEDAFF7BE69F75DE7F4CAE /* ArticleCollectionViewCell.swift in Sources */ = {isa = PBXBuildFile; fileRef = 3E8D41F6601D212E81AE1898 /* ArticleCollectionViewCell.swift */; };
		D1B0EAF9DD443433594534FA /* ArticleTableViewCell.xib in Resources */ = {isa = PBXBuildFile; fileRef = A9C6339E6A60216A65448C2D /* ArticleTableViewCell.xib */; };
		D223C096AEFB795F389B7F9D /* ArticleCollectionViewCell.xib in Resources */ = {isa = PBXBuildFile; fileRef = 9BEDFB92E65168B5BF807868 /* ArticleCollectionViewCell.xib */; };
		DAF795D39D6B56A371935DB3 /* DeletedListVC.swift in Sources */ = {isa = PBXBuildFile; fileRef = 85BF65CCC041537E555217B2 /* DeletedListVC.swift */; };
		DBD3179F4281690B29E89897 /* ArticleWebVC.swift in Sources */ = {isa = PBXBuildFile; fileRef = B675824D7A38CEC43CFAEE68 /* ArticleWebVC.swift */; };
		DCCE1930FD9164C464E4DFCE /* Color.xcassets in Resources */ = {isa = PBXBuildFile; fileRef = CE1DA06FD9B20B1381755807 /* Color.xcassets */; };
		DF955067D57F297CFAA88818 /* TodayDeletePresenter.swift in Sources */ = {isa = PBXBuildFile; fileRef = 37CB118F66E747B5A4A7E4D0 /* TodayDeletePresenter.swift */; };
		E089C510844658770B3E7BE4 /* Constant.swift in Sources */ = {isa = PBXBuildFile; fileRef = 49302AB9CDEBAF1F7F6B3699 /* Constant.swift */; };
		E18836215F6BED3C50DD7D6B /* SwitchBtnTableViewCell.swift in Sources */ = {isa = PBXBuildFile; fileRef = 78C683A111C9DEDF67A427A7 /* SwitchBtnTableViewCell.swift */; };
		E338A7CD9060466965AFD623 /* ReadingList.storyboard in Resources */ = {isa = PBXBuildFile; fileRef = 23490E5148DA611D91B8A2FE /* ReadingList.storyboard */; };
		E34AC8D406B5D23142D9C562 /* NoFinishedListItemView.swift in Sources */ = {isa = PBXBuildFile; fileRef = 83C71EBA9249A5618B85827F /* NoFinishedListItemView.swift */; };
		E5932229AE616145882D5313 /* ReadingItemDialogView.swift in Sources */ = {isa = PBXBuildFile; fileRef = 9BAD4A4FBB10F303AD7AED28 /* ReadingItemDialogView.swift */; };
		EE50D30D37EA313109C9D283 /* ArticleWebPresenter.swift in Sources */ = {isa = PBXBuildFile; fileRef = 930C6477737977CB44CDF43A /* ArticleWebPresenter.swift */; };
		F0A0BBE74582C545DC9AC5A0 /* UserDefaultManager.swift in Sources */ = {isa = PBXBuildFile; fileRef = 34A168BBA2971CEB4693397D /* UserDefaultManager.swift */; };
		F230F110B3064A19ACCF8E77 /* SwitchBtnTableViewCell.xib in Resources */ = {isa = PBXBuildFile; fileRef = 5E489ADF9C4CB5D65CECDD74 /* SwitchBtnTableViewCell.xib */; };
		F53853766EDD6E172FA5FB2D /* Indicator.xib in Resources */ = {isa = PBXBuildFile; fileRef = FE379157DE03B0B2E210CBAF /* Indicator.xib */; };
		F7B75A3871378CB10E6C603D /* AppDelegate.swift in Sources */ = {isa = PBXBuildFile; fileRef = FCCFADC565F353F6B246D5D1 /* AppDelegate.swift */; };
		FEE2D4FCD7F04DDDB2CF80B9 /* AboutAppTableViewCell.xib in Resources */ = {isa = PBXBuildFile; fileRef = BC656446A0CC54D6BD9545A7 /* AboutAppTableViewCell.xib */; };
		FFE596B55BA04E407A13EA3D /* TodayDeleteTableVC.swift in Sources */ = {isa = PBXBuildFile; fileRef = 0359D5BE886D151CA0F6381A /* TodayDeleteTableVC.swift */; };
/* End PBXBuildFile section */

/* Begin PBXCopyFilesBuildPhase section */
		E9ABF24BAEF7B099C31D1763 /* Embed Frameworks */ = {
			isa = PBXCopyFilesBuildPhase;
			buildActionMask = 2147483647;
			dstPath = "";
			dstSubfolderSpec = 10;
			files = (
				1B0860E9C3859CFD9FFF7900 /* Pods_ReadingList.framework in Embed Frameworks */,
			);
			name = "Embed Frameworks";
			runOnlyForDeploymentPostprocessing = 0;
		};
/* End PBXCopyFilesBuildPhase section */

/* Begin PBXFileReference section */
		0359D5BE886D151CA0F6381A /* TodayDeleteTableVC.swift */ = {isa = PBXFileReference; lastKnownFileType = sourcecode.swift; path = TodayDeleteTableVC.swift; sourceTree = "<group>"; };
		04344EC51793519E2F11F5BB /* ReadingItem.swift */ = {isa = PBXFileReference; lastKnownFileType = sourcecode.swift; path = ReadingItem.swift; sourceTree = "<group>"; };
		099DE1C3188ED8C178E57D54 /* WebHowtoView.swift */ = {isa = PBXFileReference; lastKnownFileType = sourcecode.swift; path = WebHowtoView.swift; sourceTree = "<group>"; };
		0A605FB2FEB236AEDBFDF556 /* ShareExtension.appex */ = {isa = PBXFileReference; includeInIndex = 0; lastKnownFileType = "wrapper.app-extension"; path = ShareExtension.appex; sourceTree = BUILT_PRODUCTS_DIR; };
		175E375FEC5094EC929D7D1F /* ReadingListModel.swift */ = {isa = PBXFileReference; lastKnownFileType = sourcecode.swift; path = ReadingListModel.swift; sourceTree = "<group>"; };
		1B6999D76AEC8A3D4AB9AD3F /* WebKit.framework */ = {isa = PBXFileReference; lastKnownFileType = wrapper.framework; name = WebKit.framework; path = System/Library/Frameworks/WebKit.framework; sourceTree = SDKROOT; };
		1C2579436BB587F61519D4FA /* HomeModel.swift */ = {isa = PBXFileReference; lastKnownFileType = sourcecode.swift; path = HomeModel.swift; sourceTree = "<group>"; };
		22900855C96048F1AF15A7AD /* GraphView.xib */ = {isa = PBXFileReference; lastKnownFileType = file.xib; path = GraphView.xib; sourceTree = "<group>"; };
		23490E5148DA611D91B8A2FE /* ReadingList.storyboard */ = {isa = PBXFileReference; lastKnownFileType = file.storyboard; path = ReadingList.storyboard; sourceTree = "<group>"; };
		2C37FE1179D01EC18A527384 /* GraphViewModel.swift */ = {isa = PBXFileReference; lastKnownFileType = sourcecode.swift; path = GraphViewModel.swift; sourceTree = "<group>"; };
		3105145E61F6D5BFA46407E7 /* AboutApp.storyboard */ = {isa = PBXFileReference; lastKnownFileType = file.storyboard; path = AboutApp.storyboard; sourceTree = "<group>"; };
		34375CCBE805798C14864B41 /* ArticleTableViewCell.swift */ = {isa = PBXFileReference; lastKnownFileType = sourcecode.swift; path = ArticleTableViewCell.swift; sourceTree = "<group>"; };
		34A168BBA2971CEB4693397D /* UserDefaultManager.swift */ = {isa = PBXFileReference; lastKnownFileType = sourcecode.swift; path = UserDefaultManager.swift; sourceTree = "<group>"; };
		35F38A2947DA1973C631D4B4 /* Base */ = {isa = PBXFileReference; lastKnownFileType = file.storyboard; name = Base; path = Base.lproj/LaunchScreen.storyboard; sourceTree = "<group>"; };
		372889276210012F6AAAD391 /* NoReadingListItemView.swift */ = {isa = PBXFileReference; lastKnownFileType = sourcecode.swift; path = NoReadingListItemView.swift; sourceTree = "<group>"; };
		37CB118F66E747B5A4A7E4D0 /* TodayDeletePresenter.swift */ = {isa = PBXFileReference; lastKnownFileType = sourcecode.swift; path = TodayDeletePresenter.swift; sourceTree = "<group>"; };
		3E8D41F6601D212E81AE1898 /* ArticleCollectionViewCell.swift */ = {isa = PBXFileReference; lastKnownFileType = sourcecode.swift; path = ArticleCollectionViewCell.swift; sourceTree = "<group>"; };
		442A97ACC4F3CE9AF07452FC /* ArticleListPanelLayout.swift */ = {isa = PBXFileReference; lastKnownFileType = sourcecode.swift; path = ArticleListPanelLayout.swift; sourceTree = "<group>"; };
		47A2DD499E9FD3EC8B672638 /* Assets.xcassets */ = {isa = PBXFileReference; lastKnownFileType = folder.assetcatalog; path = Assets.xcassets; sourceTree = "<group>"; };
		49302AB9CDEBAF1F7F6B3699 /* Constant.swift */ = {isa = PBXFileReference; lastKnownFileType = sourcecode.swift; path = Constant.swift; sourceTree = "<group>"; };
		5588BAC2670015A581466C4E /* GraphView.swift */ = {isa = PBXFileReference; lastKnownFileType = sourcecode.swift; path = GraphView.swift; sourceTree = "<group>"; };
		56EF2492250BED8A7CD35DC2 /* SwiftMessageUtil.swift */ = {isa = PBXFileReference; lastKnownFileType = sourcecode.swift; path = SwiftMessageUtil.swift; sourceTree = "<group>"; };
		5AD32D1BC9EB84BDA1381714 /* Base.lproj */ = {isa = PBXFileReference; path = Base.lproj; sourceTree = "<group>"; };
		5E489ADF9C4CB5D65CECDD74 /* SwitchBtnTableViewCell.xib */ = {isa = PBXFileReference; lastKnownFileType = file.xib; path = SwitchBtnTableViewCell.xib; sourceTree = "<group>"; };
		5E58CA51DD47612CA7851892 /* ArticleView.xib */ = {isa = PBXFileReference; lastKnownFileType = file.xib; path = ArticleView.xib; sourceTree = "<group>"; };
		697FD4E17DAD73CE5FE85A56 /* FinishedItemDialogView.xib */ = {isa = PBXFileReference; lastKnownFileType = file.xib; path = FinishedItemDialogView.xib; sourceTree = "<group>"; };
		6A1D1EEA20B7B61FD33C4125 /* FinishedItemDialogView.swift */ = {isa = PBXFileReference; lastKnownFileType = sourcecode.swift; path = FinishedItemDialogView.swift; sourceTree = "<group>"; };
		6BDA2326CCF01EB96662D8C4 /* Pods-ReadingList.release.xcconfig */ = {isa = PBXFileReference; includeInIndex = 1; lastKnownFileType = text.xcconfig; name = "Pods-ReadingList.release.xcconfig"; path = "Target Support Files/Pods-ReadingList/Pods-ReadingList.release.xcconfig"; sourceTree = "<group>"; };
		749F55569AC69E66159AC910 /* TutorialDialogView.xib */ = {isa = PBXFileReference; lastKnownFileType = file.xib; path = TutorialDialogView.xib; sourceTree = "<group>"; };
		75A6C5E78D9EFD6FFB5FA922 /* Settings.bundle */ = {isa = PBXFileReference; lastKnownFileType = "wrapper.plug-in"; path = Settings.bundle; sourceTree = "<group>"; };
		78C683A111C9DEDF67A427A7 /* SwitchBtnTableViewCell.swift */ = {isa = PBXFileReference; lastKnownFileType = sourcecode.swift; path = SwitchBtnTableViewCell.swift; sourceTree = "<group>"; };
		7B66FB39FF27F40A71E8F1F5 /* UIImageView+Extension.swift */ = {isa = PBXFileReference; lastKnownFileType = sourcecode.swift; path = "UIImageView+Extension.swift"; sourceTree = "<group>"; };
		83C71EBA9249A5618B85827F /* NoFinishedListItemView.swift */ = {isa = PBXFileReference; lastKnownFileType = sourcecode.swift; path = NoFinishedListItemView.swift; sourceTree = "<group>"; };
		85BF65CCC041537E555217B2 /* DeletedListVC.swift */ = {isa = PBXFileReference; lastKnownFileType = sourcecode.swift; path = DeletedListVC.swift; sourceTree = "<group>"; };
		892A597E309A5BDFD858BB34 /* DeletedListPresenter.swift */ = {isa = PBXFileReference; lastKnownFileType = sourcecode.swift; path = DeletedListPresenter.swift; sourceTree = "<group>"; };
		8D2D3828A21DD04101D74486 /* FloatingViewModel.swift */ = {isa = PBXFileReference; lastKnownFileType = sourcecode.swift; path = FloatingViewModel.swift; sourceTree = "<group>"; };
		8ECFECA0CF6E2F33F356386C /* HomeVC.swift */ = {isa = PBXFileReference; lastKnownFileType = sourcecode.swift; path = HomeVC.swift; sourceTree = "<group>"; };
		907678C36FB6BCC8690B41B6 /* NotificationManager.swift */ = {isa = PBXFileReference; lastKnownFileType = sourcecode.swift; path = NotificationManager.swift; sourceTree = "<group>"; };
		91123320E84B2DF661B4FD91 /* Article.storyboard */ = {isa = PBXFileReference; lastKnownFileType = file.storyboard; path = Article.storyboard; sourceTree = "<group>"; };
		930C6477737977CB44CDF43A /* ArticleWebPresenter.swift */ = {isa = PBXFileReference; lastKnownFileType = sourcecode.swift; path = ArticleWebPresenter.swift; sourceTree = "<group>"; };
		96ABC2B2E656F9E73EDFE32E /* ArticleView.swift */ = {isa = PBXFileReference; lastKnownFileType = sourcecode.swift; path = ArticleView.swift; sourceTree = "<group>"; };
		99E492D80D58134B922BF8FA /* GradationView.swift */ = {isa = PBXFileReference; lastKnownFileType = sourcecode.swift; path = GradationView.swift; sourceTree = "<group>"; };
		9B5733F6E22798B530AB2F50 /* GoogleService-Info.plist */ = {isa = PBXFileReference; lastKnownFileType = text.plist; path = "GoogleService-Info.plist"; sourceTree = "<group>"; };
		9BAD4A4FBB10F303AD7AED28 /* ReadingItemDialogView.swift */ = {isa = PBXFileReference; lastKnownFileType = sourcecode.swift; path = ReadingItemDialogView.swift; sourceTree = "<group>"; };
		9BEDFB92E65168B5BF807868 /* ArticleCollectionViewCell.xib */ = {isa = PBXFileReference; lastKnownFileType = file.xib; path = ArticleCollectionViewCell.xib; sourceTree = "<group>"; };
		A273A6027506D862702FAE05 /* NoFinishedListItemView.xib */ = {isa = PBXFileReference; lastKnownFileType = file.xib; path = NoFinishedListItemView.xib; sourceTree = "<group>"; };
		A688934B0DCFFBD53F5D17B3 /* AboutAppVC.swift */ = {isa = PBXFileReference; lastKnownFileType = sourcecode.swift; path = AboutAppVC.swift; sourceTree = "<group>"; };
		A9C6339E6A60216A65448C2D /* ArticleTableViewCell.xib */ = {isa = PBXFileReference; lastKnownFileType = file.xib; path = ArticleTableViewCell.xib; sourceTree = "<group>"; };
		AD5379FB5371ADE677861E7B /* DeletedListModel.swift */ = {isa = PBXFileReference; lastKnownFileType = sourcecode.swift; path = DeletedListModel.swift; sourceTree = "<group>"; };
		ADFD95EAD046A2BBA2345805 /* TutorialDialogView.swift */ = {isa = PBXFileReference; lastKnownFileType = sourcecode.swift; path = TutorialDialogView.swift; sourceTree = "<group>"; };
		B514E700AD80E4BE6E20D634 /* ReadingList.app */ = {isa = PBXFileReference; includeInIndex = 0; lastKnownFileType = wrapper.application; path = ReadingList.app; sourceTree = BUILT_PRODUCTS_DIR; };
		B675824D7A38CEC43CFAEE68 /* ArticleWebVC.swift */ = {isa = PBXFileReference; lastKnownFileType = sourcecode.swift; path = ArticleWebVC.swift; sourceTree = "<group>"; };
		BABD88CFC48BE6687E08C82A /* ArticleWebModel.swift */ = {isa = PBXFileReference; lastKnownFileType = sourcecode.swift; path = ArticleWebModel.swift; sourceTree = "<group>"; };
		BC656446A0CC54D6BD9545A7 /* AboutAppTableViewCell.xib */ = {isa = PBXFileReference; lastKnownFileType = file.xib; path = AboutAppTableViewCell.xib; sourceTree = "<group>"; };
		BE1256D3D576A2FBD5C748C8 /* Indicator.swift */ = {isa = PBXFileReference; lastKnownFileType = sourcecode.swift; path = Indicator.swift; sourceTree = "<group>"; };
		BF13F0D57CE978508BB6EBDB /* ShareViewController.swift */ = {isa = PBXFileReference; lastKnownFileType = sourcecode.swift; path = ShareViewController.swift; sourceTree = "<group>"; };
		C6C272DD946C515DC8DE334A /* WebHowtoView.xib */ = {isa = PBXFileReference; lastKnownFileType = file.xib; path = WebHowtoView.xib; sourceTree = "<group>"; };
		CC8B5773999FA01FE3B9013A /* DeletedList.storyboard */ = {isa = PBXFileReference; lastKnownFileType = file.storyboard; path = DeletedList.storyboard; sourceTree = "<group>"; };
		CDA54A1A95F6EBD8FB67C5BB /* UIView+Extension.swift */ = {isa = PBXFileReference; lastKnownFileType = sourcecode.swift; path = "UIView+Extension.swift"; sourceTree = "<group>"; };
		CE1DA06FD9B20B1381755807 /* Color.xcassets */ = {isa = PBXFileReference; lastKnownFileType = folder.assetcatalog; path = Color.xcassets; sourceTree = "<group>"; };
		D044813E8EFCEC7C6E2B151D /* FloatingVC.swift */ = {isa = PBXFileReference; lastKnownFileType = sourcecode.swift; path = FloatingVC.swift; sourceTree = "<group>"; };
		D11809B040DE19C14676614B /* ReadingListTableVC.swift */ = {isa = PBXFileReference; lastKnownFileType = sourcecode.swift; path = ReadingListTableVC.swift; sourceTree = "<group>"; };
		D11A0950B8826C0CF6944EBB /* RealmManager.swift */ = {isa = PBXFileReference; lastKnownFileType = sourcecode.swift; path = RealmManager.swift; sourceTree = "<group>"; };
		D320E855B0109CC17300D110 /* TodayDeleteModel.swift */ = {isa = PBXFileReference; lastKnownFileType = sourcecode.swift; path = TodayDeleteModel.swift; sourceTree = "<group>"; };
		D3DEB0EE3F941E31C84AFFAA /* HomePresenter.swift */ = {isa = PBXFileReference; lastKnownFileType = sourcecode.swift; path = HomePresenter.swift; sourceTree = "<group>"; };
		D4EE32AC68ECBA50E31080BE /* TodayDelete.storyboard */ = {isa = PBXFileReference; lastKnownFileType = file.storyboard; path = TodayDelete.storyboard; sourceTree = "<group>"; };
		DAA744D33F4AFFEBF144B614 /* NoReadingListItemView.xib */ = {isa = PBXFileReference; lastKnownFileType = file.xib; path = NoReadingListItemView.xib; sourceTree = "<group>"; };
		DAD89774963B41B8D1BDB62C /* WebToolBarView.swift */ = {isa = PBXFileReference; lastKnownFileType = sourcecode.swift; path = WebToolBarView.swift; sourceTree = "<group>"; };
		DF1A7E3EBE83157E59C9E9A7 /* AboutAppTableViewCell.swift */ = {isa = PBXFileReference; lastKnownFileType = sourcecode.swift; path = AboutAppTableViewCell.swift; sourceTree = "<group>"; };
		E2FB87556232221F19095AF9 /* Date+Extension.swift */ = {isa = PBXFileReference; lastKnownFileType = sourcecode.swift; path = "Date+Extension.swift"; sourceTree = "<group>"; };
		EBCF40945E7577DEA1BAD83C /* FloatingViewPresenter.swift */ = {isa = PBXFileReference; lastKnownFileType = sourcecode.swift; path = FloatingViewPresenter.swift; sourceTree = "<group>"; };
		EC1E12C8769A18F2E92EB233 /* Pods_ReadingList.framework */ = {isa = PBXFileReference; lastKnownFileType = wrapper.framework; path = Pods_ReadingList.framework; sourceTree = "<group>"; };
		EC9FFD9B9F7F23A26CA06FDE /* ReadingItemDialogView.xib */ = {isa = PBXFileReference; lastKnownFileType = file.xib; path = ReadingItemDialogView.xib; sourceTree = "<group>"; };
		EFD5877702FDBD5FA7A13513 /* Home.storyboard */ = {isa = PBXFileReference; lastKnownFileType = file.storyboard; path = Home.storyboard; sourceTree = "<group>"; };
		F27479F13D6397FF4654993A /* ReadingListPresenter.swift */ = {isa = PBXFileReference; lastKnownFileType = sourcecode.swift; path = ReadingListPresenter.swift; sourceTree = "<group>"; };
		F2E5EAA7031B017EFA131D9E /* FloatingVC.storyboard */ = {isa = PBXFileReference; lastKnownFileType = file.storyboard; path = FloatingVC.storyboard; sourceTree = "<group>"; };
		F3844A49B43CB984761628AA /* WebToolBarView.xib */ = {isa = PBXFileReference; lastKnownFileType = file.xib; path = WebToolBarView.xib; sourceTree = "<group>"; };
		F851C9A499265FD95A94F0BA /* Pods-ReadingList.debug.xcconfig */ = {isa = PBXFileReference; includeInIndex = 1; lastKnownFileType = text.xcconfig; name = "Pods-ReadingList.debug.xcconfig"; path = "Target Support Files/Pods-ReadingList/Pods-ReadingList.debug.xcconfig"; sourceTree = "<group>"; };
		F8F7ADCA588BAEF638EE67F5 /* Notification+Extension.swift */ = {isa = PBXFileReference; lastKnownFileType = sourcecode.swift; path = "Notification+Extension.swift"; sourceTree = "<group>"; };
		FCCFADC565F353F6B246D5D1 /* AppDelegate.swift */ = {isa = PBXFileReference; lastKnownFileType = sourcecode.swift; path = AppDelegate.swift; sourceTree = "<group>"; };
		FE379157DE03B0B2E210CBAF /* Indicator.xib */ = {isa = PBXFileReference; lastKnownFileType = file.xib; path = Indicator.xib; sourceTree = "<group>"; };
/* End PBXFileReference section */

/* Begin PBXFrameworksBuildPhase section */
		9DACB6027A50CD58078C26CE /* Frameworks */ = {
			isa = PBXFrameworksBuildPhase;
			buildActionMask = 2147483647;
			files = (
				5682EF661C6512FAF4438797 /* WebKit.framework in Frameworks */,
				8351C38D9531A04DE48CB11C /* Pods_ReadingList.framework in Frameworks */,
			);
			runOnlyForDeploymentPostprocessing = 0;
		};
		F65F701B83DA96C36B56F016 /* Frameworks */ = {
			isa = PBXFrameworksBuildPhase;
			buildActionMask = 2147483647;
			files = (
			);
			runOnlyForDeploymentPostprocessing = 0;
		};
/* End PBXFrameworksBuildPhase section */

/* Begin PBXGroup section */
		054FFC2D7D419B30B2D135BC /* ReadingList */ = {
			isa = PBXGroup;
			children = (
				23490E5148DA611D91B8A2FE /* ReadingList.storyboard */,
				175E375FEC5094EC929D7D1F /* ReadingListModel.swift */,
				F27479F13D6397FF4654993A /* ReadingListPresenter.swift */,
				D11809B040DE19C14676614B /* ReadingListTableVC.swift */,
			);
			name = ReadingList;
			path = ReadingList/UI/ReadingList;
			sourceTree = "<group>";
		};
		206884E3A38EE2170FC90978 /* CustomView */ = {
			isa = PBXGroup;
			children = (
				99E492D80D58134B922BF8FA /* GradationView.swift */,
				BE1256D3D576A2FBD5C748C8 /* Indicator.swift */,
				FE379157DE03B0B2E210CBAF /* Indicator.xib */,
			);
			name = CustomView;
			path = ReadingList/UI/CustomView;
			sourceTree = "<group>";
		};
		22A6C0EE0A57AF3AF0C23F06 /* Constants */ = {
			isa = PBXGroup;
			children = (
				49302AB9CDEBAF1F7F6B3699 /* Constant.swift */,
			);
			name = Constants;
			path = ReadingList/Constants;
			sourceTree = "<group>";
		};
		2326EF7C34FDF232290FF3B7 /* Home */ = {
			isa = PBXGroup;
			children = (
				EFD5877702FDBD5FA7A13513 /* Home.storyboard */,
				1C2579436BB587F61519D4FA /* HomeModel.swift */,
				D3DEB0EE3F941E31C84AFFAA /* HomePresenter.swift */,
				8ECFECA0CF6E2F33F356386C /* HomeVC.swift */,
			);
			name = Home;
			path = ReadingList/UI/Home;
			sourceTree = "<group>";
		};
		27A574621F529A7EE95447F9 /* NoContentView */ = {
			isa = PBXGroup;
			children = (
				83C71EBA9249A5618B85827F /* NoFinishedListItemView.swift */,
				A273A6027506D862702FAE05 /* NoFinishedListItemView.xib */,
				372889276210012F6AAAD391 /* NoReadingListItemView.swift */,
				DAA744D33F4AFFEBF144B614 /* NoReadingListItemView.xib */,
			);
			name = NoContentView;
			path = ReadingList/UI/CustomView/NoContentView;
			sourceTree = "<group>";
		};
		2D0B399E88D5B70B0521B559 /* TutorialDialog */ = {
			isa = PBXGroup;
			children = (
				ADFD95EAD046A2BBA2345805 /* TutorialDialogView.swift */,
				749F55569AC69E66159AC910 /* TutorialDialogView.xib */,
			);
			name = TutorialDialog;
			path = ReadingList/UI/CustomView/TutorialDialog;
			sourceTree = "<group>";
		};
		3171BF0DEABE0B0ACD6173FF /* ReadingList */ = {
			isa = PBXGroup;
			children = (
				FCCFADC565F353F6B246D5D1 /* AppDelegate.swift */,
				9B5733F6E22798B530AB2F50 /* GoogleService-Info.plist */,
				75A6C5E78D9EFD6FFB5FA922 /* Settings.bundle */,
			);
			path = ReadingList;
			sourceTree = "<group>";
		};
		40E6003FB755343695A9050A /* ArticleView */ = {
			isa = PBXGroup;
			children = (
				96ABC2B2E656F9E73EDFE32E /* ArticleView.swift */,
				5E58CA51DD47612CA7851892 /* ArticleView.xib */,
				68384CC1D415D1EFA8BFC141 /* CollectionViewCell */,
				B804D1EA478F5DEEC9A017E9 /* TableViewCell */,
			);
			name = ArticleView;
			path = ReadingList/UI/CustomView/ArticleView;
			sourceTree = "<group>";
		};
		4A8AB7F025A829FB0A872360 /* OptionDialog */ = {
			isa = PBXGroup;
			children = (
				6A1D1EEA20B7B61FD33C4125 /* FinishedItemDialogView.swift */,
				697FD4E17DAD73CE5FE85A56 /* FinishedItemDialogView.xib */,
				9BAD4A4FBB10F303AD7AED28 /* ReadingItemDialogView.swift */,
				EC9FFD9B9F7F23A26CA06FDE /* ReadingItemDialogView.xib */,
			);
			name = OptionDialog;
			path = ReadingList/UI/CustomView/OptionDialog;
			sourceTree = "<group>";
		};
		5B5DB5C91312551EB8BEE87A = {
			isa = PBXGroup;
			children = (
				ECD7F4C8D00F37B2317655FB /* AboutApp */,
				40E6003FB755343695A9050A /* ArticleView */,
				A5742C6854D1303AB5C3B774 /* ArticleWebView */,
				A993FFD8E3925479F428ED08 /* Component */,
				22A6C0EE0A57AF3AF0C23F06 /* Constants */,
				206884E3A38EE2170FC90978 /* CustomView */,
				6FE6D543DA7B96826646218D /* DB */,
				B48A291026D0132E130B4B3B /* DeletedList */,
				E3609CE3280B1A1E154D0B0A /* Entity */,
				C7B526C836C6FE946C5902B6 /* Extension */,
				A9F39F37006CEEFC2A847F52 /* FloatingView */,
				F0FAB8ACA2EE6CBD49A794DC /* GraphView */,
				2326EF7C34FDF232290FF3B7 /* Home */,
				27A574621F529A7EE95447F9 /* NoContentView */,
				4A8AB7F025A829FB0A872360 /* OptionDialog */,
				3171BF0DEABE0B0ACD6173FF /* ReadingList */,
				054FFC2D7D419B30B2D135BC /* ReadingList */,
				A8E44284600561E573F29DEE /* ShareExtension */,
				DFC4DE98092A2E4FB35BB53B /* Support */,
				DB957A24011DB72211D1A077 /* TodayDelete */,
				2D0B399E88D5B70B0521B559 /* TutorialDialog */,
				5CD26FA1E8F048B09A1FE964 /* Utility */,
				73A6F206F9D8AAD799D6DFE6 /* WebTooBar */,
				B9CE6C896D7FFC4AE8CF20D2 /* Frameworks */,
				E624FB5AFB31924A2107D3C6 /* Products */,
				7005BB96906D3A76FBF0EF1A /* Pods */,
			);
			sourceTree = "<group>";
		};
		5CD26FA1E8F048B09A1FE964 /* Utility */ = {
			isa = PBXGroup;
			children = (
				907678C36FB6BCC8690B41B6 /* NotificationManager.swift */,
				56EF2492250BED8A7CD35DC2 /* SwiftMessageUtil.swift */,
			);
			name = Utility;
			path = ReadingList/Utility;
			sourceTree = "<group>";
		};
		68384CC1D415D1EFA8BFC141 /* CollectionViewCell */ = {
			isa = PBXGroup;
			children = (
				3E8D41F6601D212E81AE1898 /* ArticleCollectionViewCell.swift */,
				9BEDFB92E65168B5BF807868 /* ArticleCollectionViewCell.xib */,
			);
			path = CollectionViewCell;
			sourceTree = "<group>";
		};
		6FE6D543DA7B96826646218D /* DB */ = {
			isa = PBXGroup;
			children = (
				D11A0950B8826C0CF6944EBB /* RealmManager.swift */,
				34A168BBA2971CEB4693397D /* UserDefaultManager.swift */,
			);
			name = DB;
			path = ReadingList/DB;
			sourceTree = "<group>";
		};
		7005BB96906D3A76FBF0EF1A /* Pods */ = {
			isa = PBXGroup;
			children = (
				F851C9A499265FD95A94F0BA /* Pods-ReadingList.debug.xcconfig */,
				6BDA2326CCF01EB96662D8C4 /* Pods-ReadingList.release.xcconfig */,
			);
			name = Pods;
			path = Pods;
			sourceTree = "<group>";
		};
		73A6F206F9D8AAD799D6DFE6 /* WebTooBar */ = {
			isa = PBXGroup;
			children = (
				DAD89774963B41B8D1BDB62C /* WebToolBarView.swift */,
				F3844A49B43CB984761628AA /* WebToolBarView.xib */,
			);
			name = WebTooBar;
			path = ReadingList/UI/CustomView/WebTooBar;
			sourceTree = "<group>";
		};
		A5742C6854D1303AB5C3B774 /* ArticleWebView */ = {
			isa = PBXGroup;
			children = (
				91123320E84B2DF661B4FD91 /* Article.storyboard */,
				BABD88CFC48BE6687E08C82A /* ArticleWebModel.swift */,
				930C6477737977CB44CDF43A /* ArticleWebPresenter.swift */,
				B675824D7A38CEC43CFAEE68 /* ArticleWebVC.swift */,
				AFCEE8D119C5152012E0DE9C /* Howto */,
			);
			name = ArticleWebView;
			path = ReadingList/UI/ArticleWebView;
			sourceTree = "<group>";
		};
		A8E44284600561E573F29DEE /* ShareExtension */ = {
			isa = PBXGroup;
			children = (
				5AD32D1BC9EB84BDA1381714 /* Base.lproj */,
				BF13F0D57CE978508BB6EBDB /* ShareViewController.swift */,
			);
			path = ShareExtension;
			sourceTree = "<group>";
		};
		A993FFD8E3925479F428ED08 /* Component */ = {
			isa = PBXGroup;
			children = (
				DF1A7E3EBE83157E59C9E9A7 /* AboutAppTableViewCell.swift */,
				BC656446A0CC54D6BD9545A7 /* AboutAppTableViewCell.xib */,
				78C683A111C9DEDF67A427A7 /* SwitchBtnTableViewCell.swift */,
				5E489ADF9C4CB5D65CECDD74 /* SwitchBtnTableViewCell.xib */,
			);
			name = Component;
			path = ReadingList/UI/AboutApp/Component;
			sourceTree = "<group>";
		};
		A9F39F37006CEEFC2A847F52 /* FloatingView */ = {
			isa = PBXGroup;
			children = (
				442A97ACC4F3CE9AF07452FC /* ArticleListPanelLayout.swift */,
				F2E5EAA7031B017EFA131D9E /* FloatingVC.storyboard */,
				D044813E8EFCEC7C6E2B151D /* FloatingVC.swift */,
				8D2D3828A21DD04101D74486 /* FloatingViewModel.swift */,
				EBCF40945E7577DEA1BAD83C /* FloatingViewPresenter.swift */,
			);
			name = FloatingView;
			path = ReadingList/UI/FloatingView;
			sourceTree = "<group>";
		};
		AFCEE8D119C5152012E0DE9C /* Howto */ = {
			isa = PBXGroup;
			children = (
				099DE1C3188ED8C178E57D54 /* WebHowtoView.swift */,
				C6C272DD946C515DC8DE334A /* WebHowtoView.xib */,
			);
			path = Howto;
			sourceTree = "<group>";
		};
		B48A291026D0132E130B4B3B /* DeletedList */ = {
			isa = PBXGroup;
			children = (
				CC8B5773999FA01FE3B9013A /* DeletedList.storyboard */,
				AD5379FB5371ADE677861E7B /* DeletedListModel.swift */,
				892A597E309A5BDFD858BB34 /* DeletedListPresenter.swift */,
				85BF65CCC041537E555217B2 /* DeletedListVC.swift */,
			);
			name = DeletedList;
			path = ReadingList/UI/DeletedList;
			sourceTree = "<group>";
		};
		B804D1EA478F5DEEC9A017E9 /* TableViewCell */ = {
			isa = PBXGroup;
			children = (
				34375CCBE805798C14864B41 /* ArticleTableViewCell.swift */,
				A9C6339E6A60216A65448C2D /* ArticleTableViewCell.xib */,
			);
			path = TableViewCell;
			sourceTree = "<group>";
		};
		B9CE6C896D7FFC4AE8CF20D2 /* Frameworks */ = {
			isa = PBXGroup;
			children = (
				EC1E12C8769A18F2E92EB233 /* Pods_ReadingList.framework */,
				1B6999D76AEC8A3D4AB9AD3F /* WebKit.framework */,
			);
			name = Frameworks;
			sourceTree = "<group>";
		};
		C7B526C836C6FE946C5902B6 /* Extension */ = {
			isa = PBXGroup;
			children = (
				E2FB87556232221F19095AF9 /* Date+Extension.swift */,
				F8F7ADCA588BAEF638EE67F5 /* Notification+Extension.swift */,
				7B66FB39FF27F40A71E8F1F5 /* UIImageView+Extension.swift */,
				CDA54A1A95F6EBD8FB67C5BB /* UIView+Extension.swift */,
			);
			name = Extension;
			path = ReadingList/Extension;
			sourceTree = "<group>";
		};
		DB957A24011DB72211D1A077 /* TodayDelete */ = {
			isa = PBXGroup;
			children = (
				D4EE32AC68ECBA50E31080BE /* TodayDelete.storyboard */,
				D320E855B0109CC17300D110 /* TodayDeleteModel.swift */,
				37CB118F66E747B5A4A7E4D0 /* TodayDeletePresenter.swift */,
				0359D5BE886D151CA0F6381A /* TodayDeleteTableVC.swift */,
			);
			name = TodayDelete;
			path = ReadingList/UI/TodayDelete;
			sourceTree = "<group>";
		};
		DFC4DE98092A2E4FB35BB53B /* Support */ = {
			isa = PBXGroup;
			children = (
				47A2DD499E9FD3EC8B672638 /* Assets.xcassets */,
				CE1DA06FD9B20B1381755807 /* Color.xcassets */,
				49B9FC678A3B64886631C523 /* LaunchScreen.storyboard */,
			);
			name = Support;
			path = ReadingList/Support;
			sourceTree = "<group>";
		};
		E3609CE3280B1A1E154D0B0A /* Entity */ = {
			isa = PBXGroup;
			children = (
				04344EC51793519E2F11F5BB /* ReadingItem.swift */,
			);
			name = Entity;
			path = ReadingList/DB/Entity;
			sourceTree = "<group>";
		};
		E624FB5AFB31924A2107D3C6 /* Products */ = {
			isa = PBXGroup;
			children = (
				B514E700AD80E4BE6E20D634 /* ReadingList.app */,
				0A605FB2FEB236AEDBFDF556 /* ShareExtension.appex */,
			);
			name = Products;
			sourceTree = "<group>";
		};
		ECD7F4C8D00F37B2317655FB /* AboutApp */ = {
			isa = PBXGroup;
			children = (
				3105145E61F6D5BFA46407E7 /* AboutApp.storyboard */,
				A688934B0DCFFBD53F5D17B3 /* AboutAppVC.swift */,
			);
			name = AboutApp;
			path = ReadingList/UI/AboutApp;
			sourceTree = "<group>";
		};
		F0FAB8ACA2EE6CBD49A794DC /* GraphView */ = {
			isa = PBXGroup;
			children = (
				5588BAC2670015A581466C4E /* GraphView.swift */,
				22900855C96048F1AF15A7AD /* GraphView.xib */,
				2C37FE1179D01EC18A527384 /* GraphViewModel.swift */,
			);
			name = GraphView;
			path = ReadingList/UI/CustomView/GraphView;
			sourceTree = "<group>";
		};
/* End PBXGroup section */

/* Begin PBXNativeTarget section */
		1C9BAF9BC3E7C4B840196492 /* ShareExtension */ = {
			isa = PBXNativeTarget;
			buildConfigurationList = A0470589FAE20EFD1B6504B1 /* Build configuration list for PBXNativeTarget "ShareExtension" */;
			buildPhases = (
				3983747999D7D986070B7909 /* Sources */,
				3F3FA12C5ED91033818233B5 /* Resources */,
				F65F701B83DA96C36B56F016 /* Frameworks */,
			);
			buildRules = (
			);
			dependencies = (
			);
			name = ShareExtension;
			productName = ShareExtension;
			productReference = 0A605FB2FEB236AEDBFDF556 /* ShareExtension.appex */;
			productType = "com.apple.product-type.app-extension";
		};
		2C8C9167E0DBCFE16F7A5ACE /* ReadingList */ = {
			isa = PBXNativeTarget;
			buildConfigurationList = 94A50F43B2EBC8CD096371D5 /* Build configuration list for PBXNativeTarget "ReadingList" */;
			buildPhases = (
				930CAEE1C56BBFD820C25D12 /* [CP] Check Pods Manifest.lock */,
				A91946756142A1C8EE4D7A11 /* Sources */,
				0BB9FDAEB199669A37B57549 /* Resources */,
				9DACB6027A50CD58078C26CE /* Frameworks */,
				E9ABF24BAEF7B099C31D1763 /* Embed Frameworks */,
				42E2537E7F90D6EC2768555E /* Run Script */,
				A14F318C63D8C2645D970345 /* [CP] Embed Pods Frameworks */,
			);
			buildRules = (
			);
			dependencies = (
			);
			name = ReadingList;
			productName = ReadingList;
			productReference = B514E700AD80E4BE6E20D634 /* ReadingList.app */;
			productType = "com.apple.product-type.application";
		};
/* End PBXNativeTarget section */

/* Begin PBXProject section */
		6C9CF49F598C1D4D18FB9AFA /* Project object */ = {
			isa = PBXProject;
			attributes = {
				LastSwiftUpdateCheck = 1010;
				LastUpgradeCheck = 1010;
				ORGANIZATIONNAME = "Yoki Higashihara";
				TargetAttributes = {
					1C9BAF9BC3E7C4B840196492 = {
						DevelopmentTeam = EAZT2D654U;
						ProvisioningStyle = Automatic;
					};
					2C8C9167E0DBCFE16F7A5ACE = {
						DevelopmentTeam = EAZT2D654U;
						ProvisioningStyle = Automatic;
					};
				};
			};
			buildConfigurationList = B491277E6AA2BFD23F4E5F1E /* Build configuration list for PBXProject "ReadingList" */;
			compatibilityVersion = "Xcode 10.0";
			developmentRegion = en;
			hasScannedForEncodings = 0;
			knownRegions = (
				Base,
			);
			mainGroup = 5B5DB5C91312551EB8BEE87A;
			productRefGroup = E624FB5AFB31924A2107D3C6 /* Products */;
			projectDirPath = "";
			projectRoot = "";
			targets = (
				2C8C9167E0DBCFE16F7A5ACE /* ReadingList */,
				1C9BAF9BC3E7C4B840196492 /* ShareExtension */,
			);
		};
/* End PBXProject section */

/* Begin PBXResourcesBuildPhase section */
		0BB9FDAEB199669A37B57549 /* Resources */ = {
			isa = PBXResourcesBuildPhase;
			buildActionMask = 2147483647;
			files = (
				98D6647A0B414BA11D4EFB1C /* AboutApp.storyboard in Resources */,
				FEE2D4FCD7F04DDDB2CF80B9 /* AboutAppTableViewCell.xib in Resources */,
				5A0DE452F835CB5818901228 /* Article.storyboard in Resources */,
				D223C096AEFB795F389B7F9D /* ArticleCollectionViewCell.xib in Resources */,
				D1B0EAF9DD443433594534FA /* ArticleTableViewCell.xib in Resources */,
				CC47108B2C970F0B9AD088F9 /* ArticleView.xib in Resources */,
				666F959EE1F6F3F38924BABF /* Assets.xcassets in Resources */,
				44BE0AC1D4EF608C797D31F6 /* Color.xcassets in Resources */,
				C083F53D38B15CF95A50BA67 /* DeletedList.storyboard in Resources */,
				34F611813FD7A671FEE00990 /* FinishedItemDialogView.xib in Resources */,
				B08522E74D506497F95108AD /* FloatingVC.storyboard in Resources */,
				7A6905722A7EBB37FD9ECAE5 /* GoogleService-Info.plist in Resources */,
				C56362C6FA802DBF9EB22B3D /* GraphView.xib in Resources */,
				BF732834C645490EE0CDC602 /* Home.storyboard in Resources */,
				F53853766EDD6E172FA5FB2D /* Indicator.xib in Resources */,
				734D0029F6D86DBA15517E1E /* LaunchScreen.storyboard in Resources */,
				32E30272FE63A73372612B99 /* NoFinishedListItemView.xib in Resources */,
				84A22964AFA107D2BF9C7E7F /* NoReadingListItemView.xib in Resources */,
				1624D577877DC319F770CE0D /* ReadingItemDialogView.xib in Resources */,
				E338A7CD9060466965AFD623 /* ReadingList.storyboard in Resources */,
				347DF10F4CB6C5C418169502 /* Settings.bundle in Resources */,
				F230F110B3064A19ACCF8E77 /* SwitchBtnTableViewCell.xib in Resources */,
				6613404AB9D6F0F1B56F5961 /* TodayDelete.storyboard in Resources */,
				BC99C256695432AD2F1E33FE /* TutorialDialogView.xib in Resources */,
				C510741A4F8D367080A7C651 /* WebHowtoView.xib in Resources */,
				8B8CF856E8BD28F27F0C9BE1 /* WebToolBarView.xib in Resources */,
			);
			runOnlyForDeploymentPostprocessing = 0;
		};
		3F3FA12C5ED91033818233B5 /* Resources */ = {
			isa = PBXResourcesBuildPhase;
			buildActionMask = 2147483647;
			files = (
				DCCE1930FD9164C464E4DFCE /* Color.xcassets in Resources */,
			);
			runOnlyForDeploymentPostprocessing = 0;
		};
/* End PBXResourcesBuildPhase section */

/* Begin PBXShellScriptBuildPhase section */
		42E2537E7F90D6EC2768555E /* Run Script */ = {
			isa = PBXShellScriptBuildPhase;
			buildActionMask = 2147483647;
			files = (
			);
			inputFileListPaths = (
			);
			inputPaths = (
			);
			name = "Run Script";
			outputFileListPaths = (
			);
			outputPaths = (
			);
			runOnlyForDeploymentPostprocessing = 0;
			shellPath = /bin/sh;
			shellScript = "if [ $CONFIGURATION = \"Debug\" ]; then\n${PODS_ROOT}/LicensePlist/license-plist --output-path $PRODUCT_NAME/Settings.bundle\nfi\n";
		};
		930CAEE1C56BBFD820C25D12 /* [CP] Check Pods Manifest.lock */ = {
			isa = PBXShellScriptBuildPhase;
			buildActionMask = 2147483647;
			files = (
			);
			inputFileListPaths = (
			);
			inputPaths = (
				"${PODS_PODFILE_DIR_PATH}/Podfile.lock",
				"${PODS_ROOT}/Manifest.lock",
			);
			name = "[CP] Check Pods Manifest.lock";
			outputFileListPaths = (
			);
			outputPaths = (
				"$(DERIVED_FILE_DIR)/Pods-ReadingList-checkManifestLockResult.txt",
			);
			runOnlyForDeploymentPostprocessing = 0;
			shellPath = /bin/sh;
			shellScript = "diff \"${PODS_PODFILE_DIR_PATH}/Podfile.lock\" \"${PODS_ROOT}/Manifest.lock\" > /dev/null\nif [ $? != 0 ] ; then\n    # print error to STDERR\n    echo \"error: The sandbox is not in sync with the Podfile.lock. Run 'pod install' or update your CocoaPods installation.\" >&2\n    exit 1\nfi\n# This output is used by Xcode 'outputs' to avoid re-running this script phase.\necho \"SUCCESS\" > \"${SCRIPT_OUTPUT_FILE_0}\"\n";
			showEnvVarsInLog = 0;
		};
		A14F318C63D8C2645D970345 /* [CP] Embed Pods Frameworks */ = {
			isa = PBXShellScriptBuildPhase;
			buildActionMask = 2147483647;
			files = (
			);
			inputFileListPaths = (
				"${PODS_ROOT}/Target Support Files/Pods-ReadingList/Pods-ReadingList-frameworks-${CONFIGURATION}-input-files.xcfilelist",
			);
			name = "[CP] Embed Pods Frameworks";
			outputFileListPaths = (
				"${PODS_ROOT}/Target Support Files/Pods-ReadingList/Pods-ReadingList-frameworks-${CONFIGURATION}-output-files.xcfilelist",
			);
			runOnlyForDeploymentPostprocessing = 0;
			shellPath = /bin/sh;
			shellScript = "\"${PODS_ROOT}/Target Support Files/Pods-ReadingList/Pods-ReadingList-frameworks.sh\"\n";
			showEnvVarsInLog = 0;
		};
/* End PBXShellScriptBuildPhase section */

/* Begin PBXSourcesBuildPhase section */
		3983747999D7D986070B7909 /* Sources */ = {
			isa = PBXSourcesBuildPhase;
			buildActionMask = 2147483647;
			files = (
				E089C510844658770B3E7BE4 /* Constant.swift in Sources */,
				AF3C59FED3DDC41A7172A4D7 /* Date+Extension.swift in Sources */,
				61180A618FB93B492E67792E /* ShareViewController.swift in Sources */,
				025D22C3FD1FC2E5C449349F /* UserDefaultManager.swift in Sources */,
			);
			runOnlyForDeploymentPostprocessing = 0;
		};
		A91946756142A1C8EE4D7A11 /* Sources */ = {
			isa = PBXSourcesBuildPhase;
			buildActionMask = 2147483647;
			files = (
				1A6B47363625A95C93670E9B /* AboutAppTableViewCell.swift in Sources */,
				B18A630DE6BB6086D4907EAE /* AboutAppVC.swift in Sources */,
				F7B75A3871378CB10E6C603D /* AppDelegate.swift in Sources */,
				D0BEDAFF7BE69F75DE7F4CAE /* ArticleCollectionViewCell.swift in Sources */,
				2E6C1BC6CA31A4BF441392A7 /* ArticleListPanelLayout.swift in Sources */,
				99F39F8516592D550834C404 /* ArticleTableViewCell.swift in Sources */,
				CF62040E4B53FE2680DC9941 /* ArticleView.swift in Sources */,
				3CFB6E87311E92F97AD96B23 /* ArticleWebModel.swift in Sources */,
				EE50D30D37EA313109C9D283 /* ArticleWebPresenter.swift in Sources */,
				DBD3179F4281690B29E89897 /* ArticleWebVC.swift in Sources */,
				73B0EEC46EC095EF27216414 /* Constant.swift in Sources */,
				C4DD3497A2C85966D911F6A6 /* Date+Extension.swift in Sources */,
				77AEE6D03F3DC953C9C355FE /* DeletedListModel.swift in Sources */,
				7BC8C4379105C3C7E6AD4F0F /* DeletedListPresenter.swift in Sources */,
				DAF795D39D6B56A371935DB3 /* DeletedListVC.swift in Sources */,
				C2137ADBBAD65720B2E4406E /* FinishedItemDialogView.swift in Sources */,
				42644E7F95733D09DA9DBE7A /* FloatingVC.swift in Sources */,
				9388C3C9F460A77E52F3971F /* FloatingViewModel.swift in Sources */,
				240B6A9735DAB7F1D062ABFF /* FloatingViewPresenter.swift in Sources */,
				23CADA5A23C4E49B6C3EB401 /* GradationView.swift in Sources */,
				744BB37DCD296881EB630B62 /* GraphView.swift in Sources */,
				3DE4CE6847E957DAD40AEF16 /* GraphViewModel.swift in Sources */,
				AD25A141B97D9E857CF117BE /* HomeModel.swift in Sources */,
				220E09B7DA401B2DD5ACB338 /* HomePresenter.swift in Sources */,
				80E6681A4CC2857317C4963E /* HomeVC.swift in Sources */,
				3DE95EBFAD7EFFA8A51D399C /* Indicator.swift in Sources */,
				E34AC8D406B5D23142D9C562 /* NoFinishedListItemView.swift in Sources */,
				9D5C4B3234585ABFC99BF380 /* NoReadingListItemView.swift in Sources */,
				49528134A2DAA08C5B7C79BE /* Notification+Extension.swift in Sources */,
				31AAE2B1708ACB0DF1CF743E /* NotificationManager.swift in Sources */,
				382E6711B3A65BE3DBDD571A /* ReadingItem.swift in Sources */,
				E5932229AE616145882D5313 /* ReadingItemDialogView.swift in Sources */,
				5B71CE8F55BBD831FED4545C /* ReadingListModel.swift in Sources */,
				BB2219085B29CFF91CB7DBAD /* ReadingListPresenter.swift in Sources */,
				1E74BA2FDFB4146078E95AEA /* ReadingListTableVC.swift in Sources */,
				79AD075CCB7C93AB8A6415B5 /* RealmManager.swift in Sources */,
				06BA06F58EFC56A3892EA2B3 /* SwiftMessageUtil.swift in Sources */,
				E18836215F6BED3C50DD7D6B /* SwitchBtnTableViewCell.swift in Sources */,
				A397C4EB2560EBAEA561E20A /* TodayDeleteModel.swift in Sources */,
				DF955067D57F297CFAA88818 /* TodayDeletePresenter.swift in Sources */,
				FFE596B55BA04E407A13EA3D /* TodayDeleteTableVC.swift in Sources */,
				0FDB0333513B20F2E86EE9A5 /* TutorialDialogView.swift in Sources */,
				633499A7F3E57A61503F2468 /* UIImageView+Extension.swift in Sources */,
				9CBBA2DF58B049B4DFE04CAF /* UIView+Extension.swift in Sources */,
				F0A0BBE74582C545DC9AC5A0 /* UserDefaultManager.swift in Sources */,
				62A3AAB9DDDFC46F08B0BAA3 /* WebHowtoView.swift in Sources */,
				AE1BCBC349A9BCE8B2C61E01 /* WebToolBarView.swift in Sources */,
			);
			runOnlyForDeploymentPostprocessing = 0;
		};
/* End PBXSourcesBuildPhase section */

/* Begin PBXVariantGroup section */
		49B9FC678A3B64886631C523 /* LaunchScreen.storyboard */ = {
			isa = PBXVariantGroup;
			children = (
				35F38A2947DA1973C631D4B4 /* Base */,
			);
			name = LaunchScreen.storyboard;
			sourceTree = "<group>";
		};
/* End PBXVariantGroup section */

/* Begin XCBuildConfiguration section */
		0C9EE676D47803C603CCB0EB /* Release */ = {
			isa = XCBuildConfiguration;
			baseConfigurationReference = 6BDA2326CCF01EB96662D8C4 /* Pods-ReadingList.release.xcconfig */;
			buildSettings = {
				ALWAYS_EMBED_SWIFT_STANDARD_LIBRARIES = YES;
				ASSETCATALOG_COMPILER_APPICON_NAME = AppIcon;
				CODE_SIGN_ENTITLEMENTS = ReadingList/ReadingList.entitlements;
				CODE_SIGN_IDENTITY = "iPhone Developer";
				CODE_SIGN_STYLE = Automatic;
				DEVELOPMENT_TEAM = EAZT2D654U;
				FRAMEWORK_SEARCH_PATHS = (
					"$(inherited)",
					"\".\"",
				);
				INFOPLIST_FILE = ReadingList/Info.plist;
				IPHONEOS_DEPLOYMENT_TARGET = 11.0;
				LD_RUNPATH_SEARCH_PATHS = (
					"$(inherited)",
					"@executable_path/Frameworks",
				);
				PRODUCT_BUNDLE_IDENTIFIER = yyokii.ReadingList;
				PROVISIONING_PROFILE_SPECIFIER = "";
				SDKROOT = iphoneos;
				SWIFT_VERSION = 4.2;
				TARGETED_DEVICE_FAMILY = 1;
			};
			name = Release;
		};
		2B8F761C8A3EC5ECD0EBA1E3 /* Release */ = {
			isa = XCBuildConfiguration;
			buildSettings = {
				ALWAYS_SEARCH_USER_PATHS = NO;
				CLANG_ANALYZER_NONNULL = YES;
				CLANG_ANALYZER_NUMBER_OBJECT_CONVERSION = YES_AGGRESSIVE;
				CLANG_CXX_LANGUAGE_STANDARD = "gnu++14";
				CLANG_CXX_LIBRARY = "libc++";
				CLANG_ENABLE_MODULES = YES;
				CLANG_ENABLE_OBJC_ARC = YES;
				CLANG_WARN_BLOCK_CAPTURE_AUTORELEASING = YES;
				CLANG_WARN_BOOL_CONVERSION = YES;
				CLANG_WARN_COMMA = YES;
				CLANG_WARN_CONSTANT_CONVERSION = YES;
				CLANG_WARN_DEPRECATED_OBJC_IMPLEMENTATIONS = YES;
				CLANG_WARN_DIRECT_OBJC_ISA_USAGE = YES_ERROR;
				CLANG_WARN_DOCUMENTATION_COMMENTS = YES;
				CLANG_WARN_EMPTY_BODY = YES;
				CLANG_WARN_ENUM_CONVERSION = YES;
				CLANG_WARN_INFINITE_RECURSION = YES;
				CLANG_WARN_INT_CONVERSION = YES;
				CLANG_WARN_NON_LITERAL_NULL_CONVERSION = YES;
				CLANG_WARN_OBJC_IMPLICIT_RETAIN_SELF = YES;
				CLANG_WARN_OBJC_LITERAL_CONVERSION = YES;
				CLANG_WARN_OBJC_ROOT_CLASS = YES_ERROR;
				CLANG_WARN_RANGE_LOOP_ANALYSIS = YES;
				CLANG_WARN_STRICT_PROTOTYPES = YES;
				CLANG_WARN_SUSPICIOUS_MOVE = YES;
				CLANG_WARN_UNGUARDED_AVAILABILITY = YES_AGGRESSIVE;
				CLANG_WARN_UNREACHABLE_CODE = YES;
				CLANG_WARN__DUPLICATE_METHOD_MATCH = YES;
				CODE_SIGN_IDENTITY = "iPhone Developer";
				COPY_PHASE_STRIP = NO;
				DEBUG_INFORMATION_FORMAT = "dwarf-with-dsym";
				ENABLE_NS_ASSERTIONS = NO;
				ENABLE_STRICT_OBJC_MSGSEND = YES;
				GCC_C_LANGUAGE_STANDARD = gnu11;
				GCC_NO_COMMON_BLOCKS = YES;
				GCC_OPTIMIZATION_LEVEL = 0;
				GCC_WARN_64_TO_32_BIT_CONVERSION = YES;
				GCC_WARN_ABOUT_RETURN_TYPE = YES_ERROR;
				GCC_WARN_UNDECLARED_SELECTOR = YES;
				GCC_WARN_UNINITIALIZED_AUTOS = YES_AGGRESSIVE;
				GCC_WARN_UNUSED_FUNCTION = YES;
				GCC_WARN_UNUSED_VARIABLE = YES;
				IPHONEOS_DEPLOYMENT_TARGET = 11.0;
				MTL_FAST_MATH = YES;
				PRODUCT_NAME = "$(TARGET_NAME)";
				SDKROOT = iphoneos;
				SWIFT_COMPILATION_MODE = wholemodule;
				SWIFT_OPTIMIZATION_LEVEL = "-O";
				SWIFT_VERSION = 5.0;
				VALIDATE_PRODUCT = YES;
			};
			name = Release;
		};
		598FFDB37EE8F686DB0E651F /* Debug */ = {
			isa = XCBuildConfiguration;
			buildSettings = {
				CODE_SIGN_ENTITLEMENTS = ShareExtension/ShareExtension.entitlements;
				CODE_SIGN_STYLE = Automatic;
				DEVELOPMENT_TEAM = EAZT2D654U;
				FRAMEWORK_SEARCH_PATHS = (
					"$(inherited)",
					"\".\"",
				);
				INFOPLIST_FILE = ShareExtension/Info.plist;
				IPHONEOS_DEPLOYMENT_TARGET = 11.0;
				LD_RUNPATH_SEARCH_PATHS = (
					"$(inherited)",
					"@executable_path/Frameworks",
					"@executable_path/../../Frameworks",
				);
				PRODUCT_BUNDLE_IDENTIFIER = yyokii.ReadingList.ShareExtension;
				SDKROOT = iphoneos;
				SKIP_INSTALL = YES;
				SWIFT_VERSION = 4.2;
				TARGETED_DEVICE_FAMILY = 1;
			};
			name = Debug;
		};
		75FEA5653076E61135F1CCE8 /* Debug */ = {
			isa = XCBuildConfiguration;
			baseConfigurationReference = F851C9A499265FD95A94F0BA /* Pods-ReadingList.debug.xcconfig */;
			buildSettings = {
				ALWAYS_EMBED_SWIFT_STANDARD_LIBRARIES = YES;
				ASSETCATALOG_COMPILER_APPICON_NAME = AppIcon;
				CODE_SIGN_ENTITLEMENTS = ReadingList/ReadingList.entitlements;
				CODE_SIGN_IDENTITY = "iPhone Developer";
				CODE_SIGN_STYLE = Automatic;
				DEVELOPMENT_TEAM = EAZT2D654U;
				FRAMEWORK_SEARCH_PATHS = (
					"$(inherited)",
					"\".\"",
				);
				INFOPLIST_FILE = ReadingList/Info.plist;
				IPHONEOS_DEPLOYMENT_TARGET = 11.0;
				LD_RUNPATH_SEARCH_PATHS = (
					"$(inherited)",
					"@executable_path/Frameworks",
				);
				PRODUCT_BUNDLE_IDENTIFIER = yyokii.ReadingList;
				PROVISIONING_PROFILE_SPECIFIER = "";
				SDKROOT = iphoneos;
				SWIFT_VERSION = 4.2;
				TARGETED_DEVICE_FAMILY = 1;
			};
			name = Debug;
		};
		7FAEDB0A316AF3B43CF25A62 /* Release */ = {
			isa = XCBuildConfiguration;
			buildSettings = {
				CODE_SIGN_ENTITLEMENTS = ShareExtension/ShareExtension.entitlements;
				CODE_SIGN_STYLE = Automatic;
				DEVELOPMENT_TEAM = EAZT2D654U;
				FRAMEWORK_SEARCH_PATHS = (
					"$(inherited)",
					"\".\"",
				);
				INFOPLIST_FILE = ShareExtension/Info.plist;
				IPHONEOS_DEPLOYMENT_TARGET = 11.0;
				LD_RUNPATH_SEARCH_PATHS = (
					"$(inherited)",
					"@executable_path/Frameworks",
					"@executable_path/../../Frameworks",
				);
				PRODUCT_BUNDLE_IDENTIFIER = yyokii.ReadingList.ShareExtension;
				SDKROOT = iphoneos;
				SKIP_INSTALL = YES;
				SWIFT_VERSION = 4.2;
				TARGETED_DEVICE_FAMILY = 1;
			};
			name = Release;
		};
		E3666E36F4B25D8337881109 /* Debug */ = {
			isa = XCBuildConfiguration;
			buildSettings = {
				ALWAYS_SEARCH_USER_PATHS = NO;
				CLANG_ANALYZER_NONNULL = YES;
				CLANG_ANALYZER_NUMBER_OBJECT_CONVERSION = YES_AGGRESSIVE;
				CLANG_CXX_LANGUAGE_STANDARD = "gnu++14";
				CLANG_CXX_LIBRARY = "libc++";
				CLANG_ENABLE_MODULES = YES;
				CLANG_ENABLE_OBJC_ARC = YES;
				CLANG_WARN_BLOCK_CAPTURE_AUTORELEASING = YES;
				CLANG_WARN_BOOL_CONVERSION = YES;
				CLANG_WARN_COMMA = YES;
				CLANG_WARN_CONSTANT_CONVERSION = YES;
				CLANG_WARN_DEPRECATED_OBJC_IMPLEMENTATIONS = YES;
				CLANG_WARN_DIRECT_OBJC_ISA_USAGE = YES_ERROR;
				CLANG_WARN_DOCUMENTATION_COMMENTS = YES;
				CLANG_WARN_EMPTY_BODY = YES;
				CLANG_WARN_ENUM_CONVERSION = YES;
				CLANG_WARN_INFINITE_RECURSION = YES;
				CLANG_WARN_INT_CONVERSION = YES;
				CLANG_WARN_NON_LITERAL_NULL_CONVERSION = YES;
				CLANG_WARN_OBJC_IMPLICIT_RETAIN_SELF = YES;
				CLANG_WARN_OBJC_LITERAL_CONVERSION = YES;
				CLANG_WARN_OBJC_ROOT_CLASS = YES_ERROR;
				CLANG_WARN_RANGE_LOOP_ANALYSIS = YES;
				CLANG_WARN_STRICT_PROTOTYPES = YES;
				CLANG_WARN_SUSPICIOUS_MOVE = YES;
				CLANG_WARN_UNGUARDED_AVAILABILITY = YES_AGGRESSIVE;
				CLANG_WARN_UNREACHABLE_CODE = YES;
				CLANG_WARN__DUPLICATE_METHOD_MATCH = YES;
				CODE_SIGN_IDENTITY = "iPhone Developer";
				COPY_PHASE_STRIP = NO;
				DEBUG_INFORMATION_FORMAT = dwarf;
				ENABLE_STRICT_OBJC_MSGSEND = YES;
				ENABLE_TESTABILITY = YES;
				GCC_C_LANGUAGE_STANDARD = gnu11;
				GCC_DYNAMIC_NO_PIC = NO;
				GCC_NO_COMMON_BLOCKS = YES;
				GCC_OPTIMIZATION_LEVEL = 0;
				GCC_PREPROCESSOR_DEFINITIONS = (
					"$(inherited)",
					"DEBUG=1",
				);
				GCC_WARN_64_TO_32_BIT_CONVERSION = YES;
				GCC_WARN_ABOUT_RETURN_TYPE = YES_ERROR;
				GCC_WARN_UNDECLARED_SELECTOR = YES;
				GCC_WARN_UNINITIALIZED_AUTOS = YES_AGGRESSIVE;
				GCC_WARN_UNUSED_FUNCTION = YES;
				GCC_WARN_UNUSED_VARIABLE = YES;
				IPHONEOS_DEPLOYMENT_TARGET = 11.0;
				MTL_ENABLE_DEBUG_INFO = INCLUDE_SOURCE;
				MTL_FAST_MATH = YES;
				ONLY_ACTIVE_ARCH = YES;
				PRODUCT_NAME = "$(TARGET_NAME)";
				SDKROOT = iphoneos;
				SWIFT_ACTIVE_COMPILATION_CONDITIONS = DEBUG;
				SWIFT_OPTIMIZATION_LEVEL = "-Onone";
				SWIFT_VERSION = 5.0;
			};
			name = Debug;
		};
/* End XCBuildConfiguration section */

/* Begin XCConfigurationList section */
		94A50F43B2EBC8CD096371D5 /* Build configuration list for PBXNativeTarget "ReadingList" */ = {
			isa = XCConfigurationList;
			buildConfigurations = (
				75FEA5653076E61135F1CCE8 /* Debug */,
				0C9EE676D47803C603CCB0EB /* Release */,
			);
			defaultConfigurationIsVisible = 0;
			defaultConfigurationName = Release;
		};
		A0470589FAE20EFD1B6504B1 /* Build configuration list for PBXNativeTarget "ShareExtension" */ = {
			isa = XCConfigurationList;
			buildConfigurations = (
				598FFDB37EE8F686DB0E651F /* Debug */,
				7FAEDB0A316AF3B43CF25A62 /* Release */,
			);
			defaultConfigurationIsVisible = 0;
			defaultConfigurationName = Release;
		};
		B491277E6AA2BFD23F4E5F1E /* Build configuration list for PBXProject "ReadingList" */ = {
			isa = XCConfigurationList;
			buildConfigurations = (
				E3666E36F4B25D8337881109 /* Debug */,
				2B8F761C8A3EC5ECD0EBA1E3 /* Release */,
			);
			defaultConfigurationIsVisible = 0;
			defaultConfigurationName = Release;
		};
/* End XCConfigurationList section */
	};
	rootObject = 6C9CF49F598C1D4D18FB9AFA /* Project object */;
}
