// !$*UTF8*$!
{
	archiveVersion = 1;
	classes = {
	};
	objectVersion = 51;
	objects = {

/* Begin PBXBuildFile section */
		0687B889F903F03CC9FE23A6 /* NoFinishedListItemView.xib in Resources */ = {isa = PBXBuildFile; fileRef = 7EC47CDA185202B4E75803A9 /* NoFinishedListItemView.xib */; };
		0E39BBD0C8FAC0355536B24D /* Notification+Extension.swift in Sources */ = {isa = PBXBuildFile; fileRef = 3C2D8D00020E3DB2A1284438 /* Notification+Extension.swift */; };
		11334FFC6CCC9905D4082B1D /* ReadingList.storyboard in Resources */ = {isa = PBXBuildFile; fileRef = FA04E861EC759E7B475FBA2C /* ReadingList.storyboard */; };
		119CCFB0E6D5DEB4BCAC2884 /* HomeModel.swift in Sources */ = {isa = PBXBuildFile; fileRef = 6EEE145BF7A218566687E8FF /* HomeModel.swift */; };
		14FA4A22B234F4B76E216896 /* ReadingItemDialogView.xib in Resources */ = {isa = PBXBuildFile; fileRef = 7E8ED9D760D7024FCCA613D9 /* ReadingItemDialogView.xib */; };
		1835B707AABB5CB8A823BF1D /* UIView+Extension.swift in Sources */ = {isa = PBXBuildFile; fileRef = EFB62B35343D3B9D588CE00D /* UIView+Extension.swift */; };
		188C2788E34CA7499077FA8C /* FloatingVC.storyboard in Resources */ = {isa = PBXBuildFile; fileRef = 59B25DCF66044462E7F77503 /* FloatingVC.storyboard */; };
		1BC8122DAA58044CCCC6B26B /* AboutApp.storyboard in Resources */ = {isa = PBXBuildFile; fileRef = 1397FDDB5AFF383E8C767F84 /* AboutApp.storyboard */; };
		1E0F3C23FBCF451F79689A3C /* Constant.swift in Sources */ = {isa = PBXBuildFile; fileRef = 6F7EAD736159B32B365DEC01 /* Constant.swift */; };
		1EC9C8EF9B34FDFD6657139B /* ArticleTableViewCell.xib in Resources */ = {isa = PBXBuildFile; fileRef = B36EEC360F720983415E1392 /* ArticleTableViewCell.xib */; };
		3239E7F797F86AC1ACCFCB0C /* FinishedItemDialogView.xib in Resources */ = {isa = PBXBuildFile; fileRef = C92D7D2308ECC3E2A72B6DB5 /* FinishedItemDialogView.xib */; };
		3322C5FB85757E78C6F1FC99 /* Date+Extension.swift in Sources */ = {isa = PBXBuildFile; fileRef = 85698107CB94F3D56AB48F0E /* Date+Extension.swift */; };
		333E80E8B1A9BE0BB7ABC5FE /* ArticleListGridVC.swift in Sources */ = {isa = PBXBuildFile; fileRef = B5643B967C34352182EC29CE /* ArticleListGridVC.swift */; };
		338C4EAC86A800E84767CAB5 /* TutorialDialogView.xib in Resources */ = {isa = PBXBuildFile; fileRef = 41F5814CF21086B8B70B3DE1 /* TutorialDialogView.xib */; };
		33DC897B3E790F2208EB7BBD /* LaunchScreen.storyboard in Resources */ = {isa = PBXBuildFile; fileRef = A2ECAB28BD7986C59C4D3909 /* LaunchScreen.storyboard */; };
		347DF10F4CB6C5C418169502 /* Settings.bundle in Resources */ = {isa = PBXBuildFile; fileRef = 75A6C5E78D9EFD6FFB5FA922 /* Settings.bundle */; };
		361A5133061B752F4161B3AE /* TutorialDialogView.swift in Sources */ = {isa = PBXBuildFile; fileRef = FDEFDA8EB8BC2748346C150D /* TutorialDialogView.swift */; };
		37B83E184E882BBD12DF52A6 /* ArticleView.swift in Sources */ = {isa = PBXBuildFile; fileRef = E0AAB7490D4B300BFEC64FCA /* ArticleView.swift */; };
		38EF4FBB11C56A4E8A6D70A7 /* ReadingListTableVC.swift in Sources */ = {isa = PBXBuildFile; fileRef = 3C239BBF92B3362CF3BF1E00 /* ReadingListTableVC.swift */; };
		3E8FBD3728A5B70BD632385B /* ReadingListPresenter.swift in Sources */ = {isa = PBXBuildFile; fileRef = B14FAEBECD859E3AF58CA85D /* ReadingListPresenter.swift */; };
		41D84831B7A96D0B5A4737F5 /* GraphView.xib in Resources */ = {isa = PBXBuildFile; fileRef = C532105F3D7689B79F20D604 /* GraphView.xib */; };
		41E0B43B41E5B91CA9C956F0 /* RealmManager.swift in Sources */ = {isa = PBXBuildFile; fileRef = 1908360A5CDEB849D9D4C448 /* RealmManager.swift */; };
		46261E4728C150CE36D7BAE2 /* WebToolBarView.swift in Sources */ = {isa = PBXBuildFile; fileRef = C9163E76F971C73787AAF9DA /* WebToolBarView.swift */; };
		46675089CE4C4BB6512A07D6 /* Indicator.xib in Resources */ = {isa = PBXBuildFile; fileRef = DCE5363852AFE3955D415435 /* Indicator.xib */; };
		4702F2988D914594ED01C83D /* SwitchTableViewCell.swift in Sources */ = {isa = PBXBuildFile; fileRef = 1FDFFAC288804B0C0D355FAE /* SwitchTableViewCell.swift */; };
		47EDEDBE804BA72F4C77EB4F /* WebHowtoView.swift in Sources */ = {isa = PBXBuildFile; fileRef = 3E175A2B09E40C2A3FF85940 /* WebHowtoView.swift */; };
		4AC1D59FFC70A63B04207353 /* SwiftMessageUtil.swift in Sources */ = {isa = PBXBuildFile; fileRef = FF0C47C9B4B05362BFE65037 /* SwiftMessageUtil.swift */; };
		4F74B06788F2843FC40E808F /* ArticleTableViewCell.swift in Sources */ = {isa = PBXBuildFile; fileRef = 9C632B0F7DED34155C02E907 /* ArticleTableViewCell.swift */; };
		51D21E34DA0887892A32CBA1 /* ArticleWebVC.swift in Sources */ = {isa = PBXBuildFile; fileRef = 661122475AE46286B6D6F20B /* ArticleWebVC.swift */; };
		56131DCD262892FDB0344743 /* ReadingItemDialogView.swift in Sources */ = {isa = PBXBuildFile; fileRef = C686FBF65D7715214576E945 /* ReadingItemDialogView.swift */; };
		5682EF661C6512FAF4438797 /* WebKit.framework in Frameworks */ = {isa = PBXBuildFile; fileRef = 1B6999D76AEC8A3D4AB9AD3F /* WebKit.framework */; };
		56FDF905122D2C96D9EDF3FC /* FloatingViewModel.swift in Sources */ = {isa = PBXBuildFile; fileRef = A8A226AF6BC27BAA16074A6F /* FloatingViewModel.swift */; };
		578CD21EC67FF556AC20F784 /* Color.xcassets in Resources */ = {isa = PBXBuildFile; fileRef = 4FBF4D3804E76695A3062D0D /* Color.xcassets */; };
		61180A618FB93B492E67792E /* ShareViewController.swift in Sources */ = {isa = PBXBuildFile; fileRef = BF13F0D57CE978508BB6EBDB /* ShareViewController.swift */; };
		62D121F9E5D10C3AFC944FCC /* FinishedItemDialogView.swift in Sources */ = {isa = PBXBuildFile; fileRef = 1308CE0F588B792CBC068D16 /* FinishedItemDialogView.swift */; };
		63E578441EEEBA127DCC2C31 /* Home.swift in Sources */ = {isa = PBXBuildFile; fileRef = 07962472754CC97DFE3ADE75 /* Home.swift */; };
		67EE6B2F2BFCC93199AAE9BF /* FinishedItem.swift in Sources */ = {isa = PBXBuildFile; fileRef = 39BCE4DD49DC86478812CEDE /* FinishedItem.swift */; };
		69E0C3EAF37D3B0DD18EE69F /* DeletedList.storyboard in Resources */ = {isa = PBXBuildFile; fileRef = B76DF926B5E6426F3BA30A54 /* DeletedList.storyboard */; };
		6AEFDC26F37D5A6B07F6AE02 /* ArticleView.xib in Resources */ = {isa = PBXBuildFile; fileRef = F1DBDD958AC05655C3834C86 /* ArticleView.xib */; };
		6B26C57E7D2985A35C3D72B7 /* ArticleCollectionViewCell.swift in Sources */ = {isa = PBXBuildFile; fileRef = D055150BE8233884EFC0C375 /* ArticleCollectionViewCell.swift */; };
		6E079E80AE41855A75EE26F5 /* FloatingVC.swift in Sources */ = {isa = PBXBuildFile; fileRef = 1F691C493789841ACC27A41B /* FloatingVC.swift */; };
		6F3DF9ECB4936F5EC1F3030F /* GraphViewModel.swift in Sources */ = {isa = PBXBuildFile; fileRef = 3B00512C2A89BA1D09EEAE56 /* GraphViewModel.swift */; };
		6F749BFAEA69C303DEA72DFF /* WebToolBarView.xib in Resources */ = {isa = PBXBuildFile; fileRef = C9DB3C08DE8D4E2DCF543477 /* WebToolBarView.xib */; };
		70C5E6D4F21E8837D129C0F6 /* TodayDelete.storyboard in Resources */ = {isa = PBXBuildFile; fileRef = 9934CB624C6B9FBD860ED05E /* TodayDelete.storyboard */; };
		732BB65B392840B544E52943 /* NotificationManager.swift in Sources */ = {isa = PBXBuildFile; fileRef = F56AD8EE7F2D3F7DDDA333CB /* NotificationManager.swift */; };
		740BFBB235DF3CB0F7E156E9 /* Color.xcassets in Resources */ = {isa = PBXBuildFile; fileRef = 4FBF4D3804E76695A3062D0D /* Color.xcassets */; };
		7475DDD6B38A251118B51266 /* TodayDeleteModel.swift in Sources */ = {isa = PBXBuildFile; fileRef = A5B9881B6AF55D25B64E7228 /* TodayDeleteModel.swift */; };
		791B3CC99670979D8F97E6F7 /* DataProvider.swift in Sources */ = {isa = PBXBuildFile; fileRef = A64A8003CC22F89AD68A6E8E /* DataProvider.swift */; };
		7A6905722A7EBB37FD9ECAE5 /* GoogleService-Info.plist in Resources */ = {isa = PBXBuildFile; fileRef = 9B5733F6E22798B530AB2F50 /* GoogleService-Info.plist */; };
		8351C38D9531A04DE48CB11C /* Pods_ReadingList.framework in Frameworks */ = {isa = PBXBuildFile; fileRef = EC1E12C8769A18F2E92EB233 /* Pods_ReadingList.framework */; };
		8460D33E35F2629FA00DDC5F /* UserDefaultManager.swift in Sources */ = {isa = PBXBuildFile; fileRef = CCFFDE9209722443F9C2DFFA /* UserDefaultManager.swift */; };
		9092A76D34EA9FC18BC84C5E /* WebHowtoView.xib in Resources */ = {isa = PBXBuildFile; fileRef = 6C016D37E27672537D02BB6A /* WebHowtoView.xib */; };
		924CB5C5D9FE211772DE85D7 /* SwitchTableViewCell.xib in Resources */ = {isa = PBXBuildFile; fileRef = 195EA3E91ABD8D5A1E2469B5 /* SwitchTableViewCell.xib */; };
		93221C9C8FA9E41DE6E3F2D0 /* DeletedListPresenter.swift in Sources */ = {isa = PBXBuildFile; fileRef = DE2B4C3707F4E3F468A812ED /* DeletedListPresenter.swift */; };
		976B34276EA1184B11F6A1E5 /* Article.storyboard in Resources */ = {isa = PBXBuildFile; fileRef = 4A2EF2388A63CDB5197B7D29 /* Article.storyboard */; };
		99B2ED249D4EF22EBBC5EE6E /* FloatingViewPresenter.swift in Sources */ = {isa = PBXBuildFile; fileRef = AFF441825E83EBE8C6461009 /* FloatingViewPresenter.swift */; };
		9D09A083E0C9879AAE8A0C50 /* AboutAppTableViewCell.swift in Sources */ = {isa = PBXBuildFile; fileRef = 084A9F0123DC0E86A605E6A7 /* AboutAppTableViewCell.swift */; };
		9D4887F3BA846E55223B51A0 /* SwitchBtnTableViewCell.xib in Resources */ = {isa = PBXBuildFile; fileRef = 48D7335CB3015E1F2D3C20CE /* SwitchBtnTableViewCell.xib */; };
		9FF98061DE002BF0295CE7BE /* Constant.swift in Sources */ = {isa = PBXBuildFile; fileRef = 6F7EAD736159B32B365DEC01 /* Constant.swift */; };
		A0A92C56F1FB09615381F19F /* ReadingListModel.swift in Sources */ = {isa = PBXBuildFile; fileRef = 90A30BFA0BA34CB28F2CD2C6 /* ReadingListModel.swift */; };
		A8A0369260C9A2B9E2B585E9 /* HomePresenter.swift in Sources */ = {isa = PBXBuildFile; fileRef = 7E910F2A44961E141098CA27 /* HomePresenter.swift */; };
		AFF330D97678CC4F1997A4CF /* NoFinishedListItemView.swift in Sources */ = {isa = PBXBuildFile; fileRef = 523602AB6AE3D0ACD1127AC9 /* NoFinishedListItemView.swift */; };
		C004C29ECAB10B6FF85CE8FC /* ReadingItem.swift in Sources */ = {isa = PBXBuildFile; fileRef = DB671CB3F4CD3F5C7EE8EF12 /* ReadingItem.swift */; };
		C16B641ACC46361EC38CB700 /* TodayDeletePresenter.swift in Sources */ = {isa = PBXBuildFile; fileRef = 1B7F4268CD77F79C5BC2CFB0 /* TodayDeletePresenter.swift */; };
		C280525F1AC7994002C5B0F2 /* GraphView.swift in Sources */ = {isa = PBXBuildFile; fileRef = 60835666A2C5A1468C6913FF /* GraphView.swift */; };
		C402AE09187DD34161C96DAE /* SwitchBtnTableViewCell.swift in Sources */ = {isa = PBXBuildFile; fileRef = A8BB816F92C6CCE6774E01DE /* SwitchBtnTableViewCell.swift */; };
		C871C1C5004C46F1B74069BD /* UIImageView+Extension.swift in Sources */ = {isa = PBXBuildFile; fileRef = E3925C5396FF01131FCD9F0F /* UIImageView+Extension.swift */; };
		CD4DD3B075A91C751533202C /* Assets.xcassets in Resources */ = {isa = PBXBuildFile; fileRef = C4B3E9040A0EAB7C7FF77579 /* Assets.xcassets */; };
		CD659F196D339BAD3FAC1075 /* DeletedListVC.swift in Sources */ = {isa = PBXBuildFile; fileRef = D2294AEE48E32223268C493C /* DeletedListVC.swift */; };
		CEF6A62CA4E15C397DF7D8EE /* ArticleCollectionViewCell.xib in Resources */ = {isa = PBXBuildFile; fileRef = 93D24349AFF6354562AA6388 /* ArticleCollectionViewCell.xib */; };
		CFCD4A026927EA38030C3C69 /* ArticleListPanelLayout.swift in Sources */ = {isa = PBXBuildFile; fileRef = 8094DF20AFA7919FD13055A0 /* ArticleListPanelLayout.swift */; };
		D03DFC12BFE2E87FF9D0722D /* ItemOptionVC.swift in Sources */ = {isa = PBXBuildFile; fileRef = 825F9769118B15541457BA03 /* ItemOptionVC.swift */; };
		D3CF7F9BD7A4718CE34B1070 /* Date+Extension.swift in Sources */ = {isa = PBXBuildFile; fileRef = 85698107CB94F3D56AB48F0E /* Date+Extension.swift */; };
		D41E42DC5848327A22CF34A7 /* Home.storyboard in Resources */ = {isa = PBXBuildFile; fileRef = 4B8C47E039FC15E797F4D418 /* Home.storyboard */; };
		D5968D84822EBD27342DB8BC /* ArticleWebModel.swift in Sources */ = {isa = PBXBuildFile; fileRef = 64731EA7D3BD5538EB52F53A /* ArticleWebModel.swift */; };
		DA099F09539F0895727485E0 /* AboutAppVC.swift in Sources */ = {isa = PBXBuildFile; fileRef = C97191A80A5F02821F97EEDF /* AboutAppVC.swift */; };
		DAED9FF7BC6C8109BC57519C /* DeletedListModel.swift in Sources */ = {isa = PBXBuildFile; fileRef = 3C4FBA8AF4FEA3C579319658 /* DeletedListModel.swift */; };
		DE1CC6D3F2AF8663AFFB5320 /* ItemOption.storyboard in Resources */ = {isa = PBXBuildFile; fileRef = 08728C56EEEA59BA3C698C0F /* ItemOption.storyboard */; };
		DF24E97DAD1B0A706402D06C /* NoReadingListItemView.swift in Sources */ = {isa = PBXBuildFile; fileRef = 3D11ED2415881B874B286341 /* NoReadingListItemView.swift */; };
		E38055A6BD91DFFD1A0763CC /* GradationView.swift in Sources */ = {isa = PBXBuildFile; fileRef = E5A47FB76F07ED11F12612D2 /* GradationView.swift */; };
		E9FE4A8DE0BD86CC2915FFDD /* UserDefaultManager.swift in Sources */ = {isa = PBXBuildFile; fileRef = CCFFDE9209722443F9C2DFFA /* UserDefaultManager.swift */; };
		EA9ABE710D63C63358B250D0 /* AboutAppTableViewCell.xib in Resources */ = {isa = PBXBuildFile; fileRef = CDA33D3373B28D4407A21B31 /* AboutAppTableViewCell.xib */; };
		ECA6B0C9B62DDE827A1B27EE /* NoReadingListItemView.xib in Resources */ = {isa = PBXBuildFile; fileRef = 87E1F29CBAB67BA5BD37F232 /* NoReadingListItemView.xib */; };
		F08D99D8255EFAFF03AD5B2F /* ArticleWebPresenter.swift in Sources */ = {isa = PBXBuildFile; fileRef = 49A6659F58B80AB592D370BF /* ArticleWebPresenter.swift */; };
		F1A402723B35C234ADE3153E /* Indicator.swift in Sources */ = {isa = PBXBuildFile; fileRef = FC002330B7EB54BA1A678A52 /* Indicator.swift */; };
		F7B75A3871378CB10E6C603D /* AppDelegate.swift in Sources */ = {isa = PBXBuildFile; fileRef = FCCFADC565F353F6B246D5D1 /* AppDelegate.swift */; };
		F7F97F5544AA97CAF7318105 /* HomeVC.swift in Sources */ = {isa = PBXBuildFile; fileRef = ECABAFCC851975C7C9F72326 /* HomeVC.swift */; };
		F9577E6F2196621272C4747A /* TodayDeleteTableVC.swift in Sources */ = {isa = PBXBuildFile; fileRef = D6719619F55E0F84AC4D0126 /* TodayDeleteTableVC.swift */; };
		FF226CA34ADA21AD04DE7AFC /* TabBar.storyboard in Resources */ = {isa = PBXBuildFile; fileRef = E27F7C5AC3375B486771BDAB /* TabBar.storyboard */; };
/* End PBXBuildFile section */

/* Begin PBXFileReference section */
		07962472754CC97DFE3ADE75 /* Home.swift */ = {isa = PBXFileReference; lastKnownFileType = sourcecode.swift; path = Home.swift; sourceTree = "<group>"; };
		084A9F0123DC0E86A605E6A7 /* AboutAppTableViewCell.swift */ = {isa = PBXFileReference; lastKnownFileType = sourcecode.swift; path = AboutAppTableViewCell.swift; sourceTree = "<group>"; };
		08728C56EEEA59BA3C698C0F /* ItemOption.storyboard */ = {isa = PBXFileReference; lastKnownFileType = file.storyboard; path = ItemOption.storyboard; sourceTree = "<group>"; };
		087B20B8D81627CD0CEFA37E /* Info.plist */ = {isa = PBXFileReference; lastKnownFileType = text.plist; path = Info.plist; sourceTree = "<group>"; };
		0A605FB2FEB236AEDBFDF556 /* ShareExtension.appex */ = {isa = PBXFileReference; includeInIndex = 0; lastKnownFileType = "wrapper.app-extension"; path = ShareExtension.appex; sourceTree = BUILT_PRODUCTS_DIR; };
		1308CE0F588B792CBC068D16 /* FinishedItemDialogView.swift */ = {isa = PBXFileReference; lastKnownFileType = sourcecode.swift; path = FinishedItemDialogView.swift; sourceTree = "<group>"; };
		1397FDDB5AFF383E8C767F84 /* AboutApp.storyboard */ = {isa = PBXFileReference; lastKnownFileType = file.storyboard; path = AboutApp.storyboard; sourceTree = "<group>"; };
		1908360A5CDEB849D9D4C448 /* RealmManager.swift */ = {isa = PBXFileReference; lastKnownFileType = sourcecode.swift; path = RealmManager.swift; sourceTree = "<group>"; };
		195EA3E91ABD8D5A1E2469B5 /* SwitchTableViewCell.xib */ = {isa = PBXFileReference; lastKnownFileType = file.xib; path = SwitchTableViewCell.xib; sourceTree = "<group>"; };
		1B6999D76AEC8A3D4AB9AD3F /* WebKit.framework */ = {isa = PBXFileReference; lastKnownFileType = wrapper.framework; name = WebKit.framework; path = System/Library/Frameworks/WebKit.framework; sourceTree = SDKROOT; };
		1B7F4268CD77F79C5BC2CFB0 /* TodayDeletePresenter.swift */ = {isa = PBXFileReference; lastKnownFileType = sourcecode.swift; path = TodayDeletePresenter.swift; sourceTree = "<group>"; };
		1F691C493789841ACC27A41B /* FloatingVC.swift */ = {isa = PBXFileReference; lastKnownFileType = sourcecode.swift; path = FloatingVC.swift; sourceTree = "<group>"; };
		1FDFFAC288804B0C0D355FAE /* SwitchTableViewCell.swift */ = {isa = PBXFileReference; lastKnownFileType = sourcecode.swift; path = SwitchTableViewCell.swift; sourceTree = "<group>"; };
		39BCE4DD49DC86478812CEDE /* FinishedItem.swift */ = {isa = PBXFileReference; lastKnownFileType = sourcecode.swift; path = FinishedItem.swift; sourceTree = "<group>"; };
		3B00512C2A89BA1D09EEAE56 /* GraphViewModel.swift */ = {isa = PBXFileReference; lastKnownFileType = sourcecode.swift; path = GraphViewModel.swift; sourceTree = "<group>"; };
		3C239BBF92B3362CF3BF1E00 /* ReadingListTableVC.swift */ = {isa = PBXFileReference; lastKnownFileType = sourcecode.swift; path = ReadingListTableVC.swift; sourceTree = "<group>"; };
		3C2D8D00020E3DB2A1284438 /* Notification+Extension.swift */ = {isa = PBXFileReference; lastKnownFileType = sourcecode.swift; path = "Notification+Extension.swift"; sourceTree = "<group>"; };
		3C4FBA8AF4FEA3C579319658 /* DeletedListModel.swift */ = {isa = PBXFileReference; lastKnownFileType = sourcecode.swift; path = DeletedListModel.swift; sourceTree = "<group>"; };
		3D11ED2415881B874B286341 /* NoReadingListItemView.swift */ = {isa = PBXFileReference; lastKnownFileType = sourcecode.swift; path = NoReadingListItemView.swift; sourceTree = "<group>"; };
		3E175A2B09E40C2A3FF85940 /* WebHowtoView.swift */ = {isa = PBXFileReference; lastKnownFileType = sourcecode.swift; path = WebHowtoView.swift; sourceTree = "<group>"; };
		41F5814CF21086B8B70B3DE1 /* TutorialDialogView.xib */ = {isa = PBXFileReference; lastKnownFileType = file.xib; path = TutorialDialogView.xib; sourceTree = "<group>"; };
		48D7335CB3015E1F2D3C20CE /* SwitchBtnTableViewCell.xib */ = {isa = PBXFileReference; lastKnownFileType = file.xib; path = SwitchBtnTableViewCell.xib; sourceTree = "<group>"; };
		49A6659F58B80AB592D370BF /* ArticleWebPresenter.swift */ = {isa = PBXFileReference; lastKnownFileType = sourcecode.swift; path = ArticleWebPresenter.swift; sourceTree = "<group>"; };
		4A2EF2388A63CDB5197B7D29 /* Article.storyboard */ = {isa = PBXFileReference; lastKnownFileType = file.storyboard; path = Article.storyboard; sourceTree = "<group>"; };
		4B8C47E039FC15E797F4D418 /* Home.storyboard */ = {isa = PBXFileReference; lastKnownFileType = file.storyboard; path = Home.storyboard; sourceTree = "<group>"; };
		4FBF4D3804E76695A3062D0D /* Color.xcassets */ = {isa = PBXFileReference; lastKnownFileType = folder.assetcatalog; path = Color.xcassets; sourceTree = "<group>"; };
		523602AB6AE3D0ACD1127AC9 /* NoFinishedListItemView.swift */ = {isa = PBXFileReference; lastKnownFileType = sourcecode.swift; path = NoFinishedListItemView.swift; sourceTree = "<group>"; };
		59B25DCF66044462E7F77503 /* FloatingVC.storyboard */ = {isa = PBXFileReference; lastKnownFileType = file.storyboard; path = FloatingVC.storyboard; sourceTree = "<group>"; };
		5AD32D1BC9EB84BDA1381714 /* Base.lproj */ = {isa = PBXFileReference; lastKnownFileType = folder; path = Base.lproj; sourceTree = "<group>"; };
		60835666A2C5A1468C6913FF /* GraphView.swift */ = {isa = PBXFileReference; lastKnownFileType = sourcecode.swift; path = GraphView.swift; sourceTree = "<group>"; };
		64731EA7D3BD5538EB52F53A /* ArticleWebModel.swift */ = {isa = PBXFileReference; lastKnownFileType = sourcecode.swift; path = ArticleWebModel.swift; sourceTree = "<group>"; };
		661122475AE46286B6D6F20B /* ArticleWebVC.swift */ = {isa = PBXFileReference; lastKnownFileType = sourcecode.swift; path = ArticleWebVC.swift; sourceTree = "<group>"; };
		6C016D37E27672537D02BB6A /* WebHowtoView.xib */ = {isa = PBXFileReference; lastKnownFileType = file.xib; path = WebHowtoView.xib; sourceTree = "<group>"; };
		6EEE145BF7A218566687E8FF /* HomeModel.swift */ = {isa = PBXFileReference; lastKnownFileType = sourcecode.swift; path = HomeModel.swift; sourceTree = "<group>"; };
		6F7EAD736159B32B365DEC01 /* Constant.swift */ = {isa = PBXFileReference; lastKnownFileType = sourcecode.swift; path = Constant.swift; sourceTree = "<group>"; };
		75A6C5E78D9EFD6FFB5FA922 /* Settings.bundle */ = {isa = PBXFileReference; lastKnownFileType = "wrapper.plug-in"; path = Settings.bundle; sourceTree = "<group>"; };
		7E8ED9D760D7024FCCA613D9 /* ReadingItemDialogView.xib */ = {isa = PBXFileReference; lastKnownFileType = file.xib; path = ReadingItemDialogView.xib; sourceTree = "<group>"; };
		7E910F2A44961E141098CA27 /* HomePresenter.swift */ = {isa = PBXFileReference; lastKnownFileType = sourcecode.swift; path = HomePresenter.swift; sourceTree = "<group>"; };
		7EC47CDA185202B4E75803A9 /* NoFinishedListItemView.xib */ = {isa = PBXFileReference; lastKnownFileType = file.xib; path = NoFinishedListItemView.xib; sourceTree = "<group>"; };
		8094DF20AFA7919FD13055A0 /* ArticleListPanelLayout.swift */ = {isa = PBXFileReference; lastKnownFileType = sourcecode.swift; path = ArticleListPanelLayout.swift; sourceTree = "<group>"; };
		825F9769118B15541457BA03 /* ItemOptionVC.swift */ = {isa = PBXFileReference; lastKnownFileType = sourcecode.swift; path = ItemOptionVC.swift; sourceTree = "<group>"; };
		85698107CB94F3D56AB48F0E /* Date+Extension.swift */ = {isa = PBXFileReference; lastKnownFileType = sourcecode.swift; path = "Date+Extension.swift"; sourceTree = "<group>"; };
		87E1F29CBAB67BA5BD37F232 /* NoReadingListItemView.xib */ = {isa = PBXFileReference; lastKnownFileType = file.xib; path = NoReadingListItemView.xib; sourceTree = "<group>"; };
		90A30BFA0BA34CB28F2CD2C6 /* ReadingListModel.swift */ = {isa = PBXFileReference; lastKnownFileType = sourcecode.swift; path = ReadingListModel.swift; sourceTree = "<group>"; };
		93D24349AFF6354562AA6388 /* ArticleCollectionViewCell.xib */ = {isa = PBXFileReference; lastKnownFileType = file.xib; path = ArticleCollectionViewCell.xib; sourceTree = "<group>"; };
		9934CB624C6B9FBD860ED05E /* TodayDelete.storyboard */ = {isa = PBXFileReference; lastKnownFileType = file.storyboard; path = TodayDelete.storyboard; sourceTree = "<group>"; };
		9B5733F6E22798B530AB2F50 /* GoogleService-Info.plist */ = {isa = PBXFileReference; lastKnownFileType = text.plist; path = "GoogleService-Info.plist"; sourceTree = "<group>"; };
		9C632B0F7DED34155C02E907 /* ArticleTableViewCell.swift */ = {isa = PBXFileReference; lastKnownFileType = sourcecode.swift; path = ArticleTableViewCell.swift; sourceTree = "<group>"; };
		A30DB7100EFA9AA810E95BB0 /* Pods-ReadingList.debug.xcconfig */ = {isa = PBXFileReference; includeInIndex = 1; lastKnownFileType = text.xcconfig; name = "Pods-ReadingList.debug.xcconfig"; path = "Target Support Files/Pods-ReadingList/Pods-ReadingList.debug.xcconfig"; sourceTree = "<group>"; };
		A5B9881B6AF55D25B64E7228 /* TodayDeleteModel.swift */ = {isa = PBXFileReference; lastKnownFileType = sourcecode.swift; path = TodayDeleteModel.swift; sourceTree = "<group>"; };
		A64A8003CC22F89AD68A6E8E /* DataProvider.swift */ = {isa = PBXFileReference; lastKnownFileType = sourcecode.swift; path = DataProvider.swift; sourceTree = "<group>"; };
		A8A226AF6BC27BAA16074A6F /* FloatingViewModel.swift */ = {isa = PBXFileReference; lastKnownFileType = sourcecode.swift; path = FloatingViewModel.swift; sourceTree = "<group>"; };
		A8BB816F92C6CCE6774E01DE /* SwitchBtnTableViewCell.swift */ = {isa = PBXFileReference; lastKnownFileType = sourcecode.swift; path = SwitchBtnTableViewCell.swift; sourceTree = "<group>"; };
		AFF441825E83EBE8C6461009 /* FloatingViewPresenter.swift */ = {isa = PBXFileReference; lastKnownFileType = sourcecode.swift; path = FloatingViewPresenter.swift; sourceTree = "<group>"; };
		B14FAEBECD859E3AF58CA85D /* ReadingListPresenter.swift */ = {isa = PBXFileReference; lastKnownFileType = sourcecode.swift; path = ReadingListPresenter.swift; sourceTree = "<group>"; };
		B36EEC360F720983415E1392 /* ArticleTableViewCell.xib */ = {isa = PBXFileReference; lastKnownFileType = file.xib; path = ArticleTableViewCell.xib; sourceTree = "<group>"; };
		B514E700AD80E4BE6E20D634 /* ReadingList.app */ = {isa = PBXFileReference; explicitFileType = wrapper.application; includeInIndex = 0; path = ReadingList.app; sourceTree = BUILT_PRODUCTS_DIR; };
		B5643B967C34352182EC29CE /* ArticleListGridVC.swift */ = {isa = PBXFileReference; lastKnownFileType = sourcecode.swift; path = ArticleListGridVC.swift; sourceTree = "<group>"; };
		B76DF926B5E6426F3BA30A54 /* DeletedList.storyboard */ = {isa = PBXFileReference; lastKnownFileType = file.storyboard; path = DeletedList.storyboard; sourceTree = "<group>"; };
		B7FEF1D64A7958A79E6BFB95 /* ReadingList.entitlements */ = {isa = PBXFileReference; lastKnownFileType = text.plist.entitlements; path = ReadingList.entitlements; sourceTree = "<group>"; };
		BF13F0D57CE978508BB6EBDB /* ShareViewController.swift */ = {isa = PBXFileReference; lastKnownFileType = sourcecode.swift; path = ShareViewController.swift; sourceTree = "<group>"; };
		BFB9F0B67AB0A9DEF1AF9073 /* Pods-ReadingList.release.xcconfig */ = {isa = PBXFileReference; includeInIndex = 1; lastKnownFileType = text.xcconfig; name = "Pods-ReadingList.release.xcconfig"; path = "Target Support Files/Pods-ReadingList/Pods-ReadingList.release.xcconfig"; sourceTree = "<group>"; };
		C4B3E9040A0EAB7C7FF77579 /* Assets.xcassets */ = {isa = PBXFileReference; lastKnownFileType = folder.assetcatalog; path = Assets.xcassets; sourceTree = "<group>"; };
		C532105F3D7689B79F20D604 /* GraphView.xib */ = {isa = PBXFileReference; lastKnownFileType = file.xib; path = GraphView.xib; sourceTree = "<group>"; };
		C686FBF65D7715214576E945 /* ReadingItemDialogView.swift */ = {isa = PBXFileReference; lastKnownFileType = sourcecode.swift; path = ReadingItemDialogView.swift; sourceTree = "<group>"; };
		C9163E76F971C73787AAF9DA /* WebToolBarView.swift */ = {isa = PBXFileReference; lastKnownFileType = sourcecode.swift; path = WebToolBarView.swift; sourceTree = "<group>"; };
		C92D7D2308ECC3E2A72B6DB5 /* FinishedItemDialogView.xib */ = {isa = PBXFileReference; lastKnownFileType = file.xib; path = FinishedItemDialogView.xib; sourceTree = "<group>"; };
		C97191A80A5F02821F97EEDF /* AboutAppVC.swift */ = {isa = PBXFileReference; lastKnownFileType = sourcecode.swift; path = AboutAppVC.swift; sourceTree = "<group>"; };
		C9DB3C08DE8D4E2DCF543477 /* WebToolBarView.xib */ = {isa = PBXFileReference; lastKnownFileType = file.xib; path = WebToolBarView.xib; sourceTree = "<group>"; };
		CCFFDE9209722443F9C2DFFA /* UserDefaultManager.swift */ = {isa = PBXFileReference; lastKnownFileType = sourcecode.swift; path = UserDefaultManager.swift; sourceTree = "<group>"; };
		CDA33D3373B28D4407A21B31 /* AboutAppTableViewCell.xib */ = {isa = PBXFileReference; lastKnownFileType = file.xib; path = AboutAppTableViewCell.xib; sourceTree = "<group>"; };
		D055150BE8233884EFC0C375 /* ArticleCollectionViewCell.swift */ = {isa = PBXFileReference; lastKnownFileType = sourcecode.swift; path = ArticleCollectionViewCell.swift; sourceTree = "<group>"; };
		D2294AEE48E32223268C493C /* DeletedListVC.swift */ = {isa = PBXFileReference; lastKnownFileType = sourcecode.swift; path = DeletedListVC.swift; sourceTree = "<group>"; };
		D6719619F55E0F84AC4D0126 /* TodayDeleteTableVC.swift */ = {isa = PBXFileReference; lastKnownFileType = sourcecode.swift; path = TodayDeleteTableVC.swift; sourceTree = "<group>"; };
		D8CFCB72041B2F0A55F89EE3 /* Base */ = {isa = PBXFileReference; lastKnownFileType = file.storyboard; name = Base; path = Base.lproj/LaunchScreen.storyboard; sourceTree = "<group>"; };
		DB671CB3F4CD3F5C7EE8EF12 /* ReadingItem.swift */ = {isa = PBXFileReference; lastKnownFileType = sourcecode.swift; path = ReadingItem.swift; sourceTree = "<group>"; };
		DCE5363852AFE3955D415435 /* Indicator.xib */ = {isa = PBXFileReference; lastKnownFileType = file.xib; path = Indicator.xib; sourceTree = "<group>"; };
		DE2B4C3707F4E3F468A812ED /* DeletedListPresenter.swift */ = {isa = PBXFileReference; lastKnownFileType = sourcecode.swift; path = DeletedListPresenter.swift; sourceTree = "<group>"; };
		E0AAB7490D4B300BFEC64FCA /* ArticleView.swift */ = {isa = PBXFileReference; lastKnownFileType = sourcecode.swift; path = ArticleView.swift; sourceTree = "<group>"; };
		E27F7C5AC3375B486771BDAB /* TabBar.storyboard */ = {isa = PBXFileReference; lastKnownFileType = file.storyboard; path = TabBar.storyboard; sourceTree = "<group>"; };
		E3925C5396FF01131FCD9F0F /* UIImageView+Extension.swift */ = {isa = PBXFileReference; lastKnownFileType = sourcecode.swift; path = "UIImageView+Extension.swift"; sourceTree = "<group>"; };
		E5A47FB76F07ED11F12612D2 /* GradationView.swift */ = {isa = PBXFileReference; lastKnownFileType = sourcecode.swift; path = GradationView.swift; sourceTree = "<group>"; };
		EC1E12C8769A18F2E92EB233 /* Pods_ReadingList.framework */ = {isa = PBXFileReference; lastKnownFileType = wrapper.framework; path = Pods_ReadingList.framework; sourceTree = "<group>"; };
		ECABAFCC851975C7C9F72326 /* HomeVC.swift */ = {isa = PBXFileReference; lastKnownFileType = sourcecode.swift; path = HomeVC.swift; sourceTree = "<group>"; };
		EFB62B35343D3B9D588CE00D /* UIView+Extension.swift */ = {isa = PBXFileReference; lastKnownFileType = sourcecode.swift; path = "UIView+Extension.swift"; sourceTree = "<group>"; };
		F1DBDD958AC05655C3834C86 /* ArticleView.xib */ = {isa = PBXFileReference; lastKnownFileType = file.xib; path = ArticleView.xib; sourceTree = "<group>"; };
		F56AD8EE7F2D3F7DDDA333CB /* NotificationManager.swift */ = {isa = PBXFileReference; lastKnownFileType = sourcecode.swift; path = NotificationManager.swift; sourceTree = "<group>"; };
		FA04E861EC759E7B475FBA2C /* ReadingList.storyboard */ = {isa = PBXFileReference; lastKnownFileType = file.storyboard; path = ReadingList.storyboard; sourceTree = "<group>"; };
		FC002330B7EB54BA1A678A52 /* Indicator.swift */ = {isa = PBXFileReference; lastKnownFileType = sourcecode.swift; path = Indicator.swift; sourceTree = "<group>"; };
		FCCFADC565F353F6B246D5D1 /* AppDelegate.swift */ = {isa = PBXFileReference; lastKnownFileType = sourcecode.swift; path = AppDelegate.swift; sourceTree = "<group>"; };
		FDEFDA8EB8BC2748346C150D /* TutorialDialogView.swift */ = {isa = PBXFileReference; lastKnownFileType = sourcecode.swift; path = TutorialDialogView.swift; sourceTree = "<group>"; };
		FF0C47C9B4B05362BFE65037 /* SwiftMessageUtil.swift */ = {isa = PBXFileReference; lastKnownFileType = sourcecode.swift; path = SwiftMessageUtil.swift; sourceTree = "<group>"; };
/* End PBXFileReference section */

/* Begin PBXFrameworksBuildPhase section */
		9DACB6027A50CD58078C26CE /* Frameworks */ = {
			isa = PBXFrameworksBuildPhase;
			buildActionMask = 2147483647;
			files = (
				5682EF661C6512FAF4438797 /* WebKit.framework in Frameworks */,
				8351C38D9531A04DE48CB11C /* Pods_ReadingList.framework in Frameworks */,
			);
			runOnlyForDeploymentPostprocessing = 0;
		};
		F65F701B83DA96C36B56F016 /* Frameworks */ = {
			isa = PBXFrameworksBuildPhase;
			buildActionMask = 2147483647;
			files = (
			);
			runOnlyForDeploymentPostprocessing = 0;
		};
/* End PBXFrameworksBuildPhase section */

/* Begin PBXGroup section */
		0C89CFF58BC3583821213F99 /* Howto */ = {
			isa = PBXGroup;
			children = (
				3E175A2B09E40C2A3FF85940 /* WebHowtoView.swift */,
				6C016D37E27672537D02BB6A /* WebHowtoView.xib */,
			);
			path = Howto;
			sourceTree = "<group>";
		};
		0D1D66C79E63AE7F919948C8 /* ArticleView */ = {
			isa = PBXGroup;
			children = (
				E0AAB7490D4B300BFEC64FCA /* ArticleView.swift */,
				F1DBDD958AC05655C3834C86 /* ArticleView.xib */,
				514C33DFD526906438496373 /* CollectionViewCell */,
				26871FE730BC12630B43666F /* TableViewCell */,
			);
			path = ArticleView;
			sourceTree = "<group>";
		};
		1B79FEDAE0DFAECD7AF07A91 /* TodayDelete */ = {
			isa = PBXGroup;
			children = (
				9934CB624C6B9FBD860ED05E /* TodayDelete.storyboard */,
				A5B9881B6AF55D25B64E7228 /* TodayDeleteModel.swift */,
				1B7F4268CD77F79C5BC2CFB0 /* TodayDeletePresenter.swift */,
				D6719619F55E0F84AC4D0126 /* TodayDeleteTableVC.swift */,
			);
			path = TodayDelete;
			sourceTree = "<group>";
		};
		1D73B27A9289D6D65B2C1242 /* DeletedList */ = {
			isa = PBXGroup;
			children = (
				B76DF926B5E6426F3BA30A54 /* DeletedList.storyboard */,
				3C4FBA8AF4FEA3C579319658 /* DeletedListModel.swift */,
				DE2B4C3707F4E3F468A812ED /* DeletedListPresenter.swift */,
				D2294AEE48E32223268C493C /* DeletedListVC.swift */,
			);
			path = DeletedList;
			sourceTree = "<group>";
		};
		21AC35FEBEED29476BC5A19B /* Constants */ = {
			isa = PBXGroup;
			children = (
				6F7EAD736159B32B365DEC01 /* Constant.swift */,
			);
			path = Constants;
			sourceTree = "<group>";
		};
		228C87020FE79F7F64283525 /* Pods */ = {
			isa = PBXGroup;
			children = (
				A30DB7100EFA9AA810E95BB0 /* Pods-ReadingList.debug.xcconfig */,
				BFB9F0B67AB0A9DEF1AF9073 /* Pods-ReadingList.release.xcconfig */,
			);
			path = Pods;
			sourceTree = "<group>";
		};
		26871FE730BC12630B43666F /* TableViewCell */ = {
			isa = PBXGroup;
			children = (
				9C632B0F7DED34155C02E907 /* ArticleTableViewCell.swift */,
				B36EEC360F720983415E1392 /* ArticleTableViewCell.xib */,
			);
			path = TableViewCell;
			sourceTree = "<group>";
		};
		29426071B2F18C6189321E02 /* ArticleList */ = {
			isa = PBXGroup;
			children = (
				A3C804A936F9724B4FB7A6D0 /* Component */,
			);
			path = ArticleList;
			sourceTree = "<group>";
		};
		2B8468D97BA97EE11FF89170 /* ArticleWebView */ = {
			isa = PBXGroup;
			children = (
				4A2EF2388A63CDB5197B7D29 /* Article.storyboard */,
				64731EA7D3BD5538EB52F53A /* ArticleWebModel.swift */,
				49A6659F58B80AB592D370BF /* ArticleWebPresenter.swift */,
				661122475AE46286B6D6F20B /* ArticleWebVC.swift */,
				0C89CFF58BC3583821213F99 /* Howto */,
			);
			path = ArticleWebView;
			sourceTree = "<group>";
		};
		2CBE5EFFD8264C531A62FB29 /* UI */ = {
			isa = PBXGroup;
			children = (
				E27F7C5AC3375B486771BDAB /* TabBar.storyboard */,
				34BD3629EAB30EC198273333 /* AboutApp */,
				29426071B2F18C6189321E02 /* ArticleList */,
				2B8468D97BA97EE11FF89170 /* ArticleWebView */,
				E6453B95DE9E2B9C17D25348 /* CustomView */,
				1D73B27A9289D6D65B2C1242 /* DeletedList */,
				2F7899F60F05C938C573B97A /* FloatingView */,
				3C652EA1B5C54B9703C29E2D /* Home */,
				DBEEDC9CE39C66305FBA2593 /* ItemOption */,
				A1B470CF5B641D8B277C7659 /* ReadingListView */,
				1B79FEDAE0DFAECD7AF07A91 /* TodayDelete */,
			);
			path = UI;
			sourceTree = "<group>";
		};
		2F7899F60F05C938C573B97A /* FloatingView */ = {
			isa = PBXGroup;
			children = (
				8094DF20AFA7919FD13055A0 /* ArticleListPanelLayout.swift */,
				59B25DCF66044462E7F77503 /* FloatingVC.storyboard */,
				1F691C493789841ACC27A41B /* FloatingVC.swift */,
				A8A226AF6BC27BAA16074A6F /* FloatingViewModel.swift */,
				AFF441825E83EBE8C6461009 /* FloatingViewPresenter.swift */,
			);
			path = FloatingView;
			sourceTree = "<group>";
		};
		3171BF0DEABE0B0ACD6173FF /* ReadingList */ = {
			isa = PBXGroup;
			children = (
				FCCFADC565F353F6B246D5D1 /* AppDelegate.swift */,
				9B5733F6E22798B530AB2F50 /* GoogleService-Info.plist */,
				087B20B8D81627CD0CEFA37E /* Info.plist */,
				B7FEF1D64A7958A79E6BFB95 /* ReadingList.entitlements */,
				75A6C5E78D9EFD6FFB5FA922 /* Settings.bundle */,
				21AC35FEBEED29476BC5A19B /* Constants */,
				54E45C027D38352433D02E2F /* DB */,
				5A971907BC44B492A333148E /* Extension */,
				EA747586E151969F3008DD46 /* Support */,
				2CBE5EFFD8264C531A62FB29 /* UI */,
				B90763ADDECE63A44174CF3E /* Utility */,
			);
			path = ReadingList;
			sourceTree = "<group>";
		};
		34BD3629EAB30EC198273333 /* AboutApp */ = {
			isa = PBXGroup;
			children = (
				1397FDDB5AFF383E8C767F84 /* AboutApp.storyboard */,
				C97191A80A5F02821F97EEDF /* AboutAppVC.swift */,
				FA2B4D2768DE7A749BC58039 /* Component */,
			);
			path = AboutApp;
			sourceTree = "<group>";
		};
		3C1E8E758CB56AF3FB8F4314 /* GraphView */ = {
			isa = PBXGroup;
			children = (
				60835666A2C5A1468C6913FF /* GraphView.swift */,
				C532105F3D7689B79F20D604 /* GraphView.xib */,
				3B00512C2A89BA1D09EEAE56 /* GraphViewModel.swift */,
			);
			path = GraphView;
			sourceTree = "<group>";
		};
		3C652EA1B5C54B9703C29E2D /* Home */ = {
			isa = PBXGroup;
			children = (
				4B8C47E039FC15E797F4D418 /* Home.storyboard */,
				07962472754CC97DFE3ADE75 /* Home.swift */,
				6EEE145BF7A218566687E8FF /* HomeModel.swift */,
				7E910F2A44961E141098CA27 /* HomePresenter.swift */,
				ECABAFCC851975C7C9F72326 /* HomeVC.swift */,
			);
			path = Home;
			sourceTree = "<group>";
		};
		514C33DFD526906438496373 /* CollectionViewCell */ = {
			isa = PBXGroup;
			children = (
				D055150BE8233884EFC0C375 /* ArticleCollectionViewCell.swift */,
				93D24349AFF6354562AA6388 /* ArticleCollectionViewCell.xib */,
			);
			path = CollectionViewCell;
			sourceTree = "<group>";
		};
		53DD788A5AFF422B642A25E1 /* NoContentView */ = {
			isa = PBXGroup;
			children = (
				523602AB6AE3D0ACD1127AC9 /* NoFinishedListItemView.swift */,
				7EC47CDA185202B4E75803A9 /* NoFinishedListItemView.xib */,
				3D11ED2415881B874B286341 /* NoReadingListItemView.swift */,
				87E1F29CBAB67BA5BD37F232 /* NoReadingListItemView.xib */,
			);
			path = NoContentView;
			sourceTree = "<group>";
		};
		54E45C027D38352433D02E2F /* DB */ = {
			isa = PBXGroup;
			children = (
				A64A8003CC22F89AD68A6E8E /* DataProvider.swift */,
				1908360A5CDEB849D9D4C448 /* RealmManager.swift */,
				CCFFDE9209722443F9C2DFFA /* UserDefaultManager.swift */,
				828F99212696E76094136F2C /* Entity */,
			);
			path = DB;
			sourceTree = "<group>";
		};
		5A971907BC44B492A333148E /* Extension */ = {
			isa = PBXGroup;
			children = (
				85698107CB94F3D56AB48F0E /* Date+Extension.swift */,
				3C2D8D00020E3DB2A1284438 /* Notification+Extension.swift */,
				E3925C5396FF01131FCD9F0F /* UIImageView+Extension.swift */,
				EFB62B35343D3B9D588CE00D /* UIView+Extension.swift */,
			);
			path = Extension;
			sourceTree = "<group>";
		};
		5B5DB5C91312551EB8BEE87A = {
			isa = PBXGroup;
			children = (
				3171BF0DEABE0B0ACD6173FF /* ReadingList */,
				A8E44284600561E573F29DEE /* ShareExtension */,
				B9CE6C896D7FFC4AE8CF20D2 /* Frameworks */,
				E624FB5AFB31924A2107D3C6 /* Products */,
				228C87020FE79F7F64283525 /* Pods */,
			);
			sourceTree = "<group>";
		};
		7774B6616A5C37B69A43313B /* WebTooBar */ = {
			isa = PBXGroup;
			children = (
				C9163E76F971C73787AAF9DA /* WebToolBarView.swift */,
				C9DB3C08DE8D4E2DCF543477 /* WebToolBarView.xib */,
			);
			path = WebTooBar;
			sourceTree = "<group>";
		};
		7CC734135FD3712B2DFDF0CE /* TutorialDialog */ = {
			isa = PBXGroup;
			children = (
				FDEFDA8EB8BC2748346C150D /* TutorialDialogView.swift */,
				41F5814CF21086B8B70B3DE1 /* TutorialDialogView.xib */,
			);
			path = TutorialDialog;
			sourceTree = "<group>";
		};
		828F99212696E76094136F2C /* Entity */ = {
			isa = PBXGroup;
			children = (
				39BCE4DD49DC86478812CEDE /* FinishedItem.swift */,
				DB671CB3F4CD3F5C7EE8EF12 /* ReadingItem.swift */,
			);
			path = Entity;
			sourceTree = "<group>";
		};
		A1B470CF5B641D8B277C7659 /* ReadingListView */ = {
			isa = PBXGroup;
			children = (
				FA04E861EC759E7B475FBA2C /* ReadingList.storyboard */,
				90A30BFA0BA34CB28F2CD2C6 /* ReadingListModel.swift */,
				B14FAEBECD859E3AF58CA85D /* ReadingListPresenter.swift */,
				3C239BBF92B3362CF3BF1E00 /* ReadingListTableVC.swift */,
			);
			path = ReadingListView;
			sourceTree = "<group>";
		};
		A3C804A936F9724B4FB7A6D0 /* Component */ = {
			isa = PBXGroup;
			children = (
				B5643B967C34352182EC29CE /* ArticleListGridVC.swift */,
			);
			path = Component;
			sourceTree = "<group>";
		};
		A8E44284600561E573F29DEE /* ShareExtension */ = {
			isa = PBXGroup;
			children = (
				5AD32D1BC9EB84BDA1381714 /* Base.lproj */,
				BF13F0D57CE978508BB6EBDB /* ShareViewController.swift */,
			);
			path = ShareExtension;
			sourceTree = "<group>";
		};
		B90763ADDECE63A44174CF3E /* Utility */ = {
			isa = PBXGroup;
			children = (
				F56AD8EE7F2D3F7DDDA333CB /* NotificationManager.swift */,
				FF0C47C9B4B05362BFE65037 /* SwiftMessageUtil.swift */,
			);
			path = Utility;
			sourceTree = "<group>";
		};
		B9CE6C896D7FFC4AE8CF20D2 /* Frameworks */ = {
			isa = PBXGroup;
			children = (
				EC1E12C8769A18F2E92EB233 /* Pods_ReadingList.framework */,
				1B6999D76AEC8A3D4AB9AD3F /* WebKit.framework */,
			);
			name = Frameworks;
			sourceTree = "<group>";
		};
		D83AD67532647F3EE2729204 /* OptionDialog */ = {
			isa = PBXGroup;
			children = (
				1308CE0F588B792CBC068D16 /* FinishedItemDialogView.swift */,
				C92D7D2308ECC3E2A72B6DB5 /* FinishedItemDialogView.xib */,
				C686FBF65D7715214576E945 /* ReadingItemDialogView.swift */,
				7E8ED9D760D7024FCCA613D9 /* ReadingItemDialogView.xib */,
			);
			path = OptionDialog;
			sourceTree = "<group>";
		};
		DBEEDC9CE39C66305FBA2593 /* ItemOption */ = {
			isa = PBXGroup;
			children = (
				08728C56EEEA59BA3C698C0F /* ItemOption.storyboard */,
				825F9769118B15541457BA03 /* ItemOptionVC.swift */,
			);
			path = ItemOption;
			sourceTree = "<group>";
		};
		E624FB5AFB31924A2107D3C6 /* Products */ = {
			isa = PBXGroup;
			children = (
				B514E700AD80E4BE6E20D634 /* ReadingList.app */,
				0A605FB2FEB236AEDBFDF556 /* ShareExtension.appex */,
			);
			name = Products;
			sourceTree = "<group>";
		};
		E6453B95DE9E2B9C17D25348 /* CustomView */ = {
			isa = PBXGroup;
			children = (
				E5A47FB76F07ED11F12612D2 /* GradationView.swift */,
				FC002330B7EB54BA1A678A52 /* Indicator.swift */,
				DCE5363852AFE3955D415435 /* Indicator.xib */,
				0D1D66C79E63AE7F919948C8 /* ArticleView */,
				3C1E8E758CB56AF3FB8F4314 /* GraphView */,
				53DD788A5AFF422B642A25E1 /* NoContentView */,
				D83AD67532647F3EE2729204 /* OptionDialog */,
				7CC734135FD3712B2DFDF0CE /* TutorialDialog */,
				7774B6616A5C37B69A43313B /* WebTooBar */,
			);
			path = CustomView;
			sourceTree = "<group>";
		};
		EA747586E151969F3008DD46 /* Support */ = {
			isa = PBXGroup;
			children = (
				C4B3E9040A0EAB7C7FF77579 /* Assets.xcassets */,
				4FBF4D3804E76695A3062D0D /* Color.xcassets */,
				A2ECAB28BD7986C59C4D3909 /* LaunchScreen.storyboard */,
			);
			path = Support;
			sourceTree = "<group>";
		};
		FA2B4D2768DE7A749BC58039 /* Component */ = {
			isa = PBXGroup;
			children = (
				084A9F0123DC0E86A605E6A7 /* AboutAppTableViewCell.swift */,
				CDA33D3373B28D4407A21B31 /* AboutAppTableViewCell.xib */,
				A8BB816F92C6CCE6774E01DE /* SwitchBtnTableViewCell.swift */,
				48D7335CB3015E1F2D3C20CE /* SwitchBtnTableViewCell.xib */,
				1FDFFAC288804B0C0D355FAE /* SwitchTableViewCell.swift */,
				195EA3E91ABD8D5A1E2469B5 /* SwitchTableViewCell.xib */,
			);
			path = Component;
			sourceTree = "<group>";
		};
/* End PBXGroup section */

/* Begin PBXNativeTarget section */
		1C9BAF9BC3E7C4B840196492 /* ShareExtension */ = {
			isa = PBXNativeTarget;
			buildConfigurationList = A0470589FAE20EFD1B6504B1 /* Build configuration list for PBXNativeTarget "ShareExtension" */;
			buildPhases = (
				3983747999D7D986070B7909 /* Sources */,
				3F3FA12C5ED91033818233B5 /* Resources */,
				F65F701B83DA96C36B56F016 /* Frameworks */,
			);
			buildRules = (
			);
			dependencies = (
			);
			name = ShareExtension;
			productName = ShareExtension;
			productReference = 0A605FB2FEB236AEDBFDF556 /* ShareExtension.appex */;
			productType = "com.apple.product-type.app-extension";
		};
		2C8C9167E0DBCFE16F7A5ACE /* ReadingList */ = {
			isa = PBXNativeTarget;
			buildConfigurationList = 94A50F43B2EBC8CD096371D5 /* Build configuration list for PBXNativeTarget "ReadingList" */;
			buildPhases = (
				930CAEE1C56BBFD820C25D12 /* [CP] Check Pods Manifest.lock */,
				A91946756142A1C8EE4D7A11 /* Sources */,
				0BB9FDAEB199669A37B57549 /* Resources */,
				9DACB6027A50CD58078C26CE /* Frameworks */,
				42E2537E7F90D6EC2768555E /* Run Script */,
				A14F318C63D8C2645D970345 /* [CP] Embed Pods Frameworks */,
			);
			buildRules = (
			);
			dependencies = (
			);
			name = ReadingList;
			productName = ReadingList;
			productReference = B514E700AD80E4BE6E20D634 /* ReadingList.app */;
			productType = "com.apple.product-type.application";
		};
/* End PBXNativeTarget section */

/* Begin PBXProject section */
		6C9CF49F598C1D4D18FB9AFA /* Project object */ = {
			isa = PBXProject;
			attributes = {
				LastSwiftUpdateCheck = 1010;
				LastUpgradeCheck = 1010;
				ORGANIZATIONNAME = "Yoki Higashihara";
				TargetAttributes = {
					1C9BAF9BC3E7C4B840196492 = {
						DevelopmentTeam = EAZT2D654U;
						ProvisioningStyle = Automatic;
					};
					2C8C9167E0DBCFE16F7A5ACE = {
						DevelopmentTeam = EAZT2D654U;
						ProvisioningStyle = Automatic;
					};
				};
			};
			buildConfigurationList = B491277E6AA2BFD23F4E5F1E /* Build configuration list for PBXProject "ReadingList" */;
			compatibilityVersion = "Xcode 10.0";
			developmentRegion = en;
			hasScannedForEncodings = 0;
			knownRegions = (
				en,
				Base,
			);
			mainGroup = 5B5DB5C91312551EB8BEE87A;
			productRefGroup = E624FB5AFB31924A2107D3C6 /* Products */;
			projectDirPath = "";
			projectRoot = "";
			targets = (
				2C8C9167E0DBCFE16F7A5ACE /* ReadingList */,
				1C9BAF9BC3E7C4B840196492 /* ShareExtension */,
			);
		};
/* End PBXProject section */

/* Begin PBXResourcesBuildPhase section */
		0BB9FDAEB199669A37B57549 /* Resources */ = {
			isa = PBXResourcesBuildPhase;
			buildActionMask = 2147483647;
			files = (
				1BC8122DAA58044CCCC6B26B /* AboutApp.storyboard in Resources */,
				EA9ABE710D63C63358B250D0 /* AboutAppTableViewCell.xib in Resources */,
				976B34276EA1184B11F6A1E5 /* Article.storyboard in Resources */,
				CEF6A62CA4E15C397DF7D8EE /* ArticleCollectionViewCell.xib in Resources */,
				1EC9C8EF9B34FDFD6657139B /* ArticleTableViewCell.xib in Resources */,
				6AEFDC26F37D5A6B07F6AE02 /* ArticleView.xib in Resources */,
				CD4DD3B075A91C751533202C /* Assets.xcassets in Resources */,
				740BFBB235DF3CB0F7E156E9 /* Color.xcassets in Resources */,
				69E0C3EAF37D3B0DD18EE69F /* DeletedList.storyboard in Resources */,
				3239E7F797F86AC1ACCFCB0C /* FinishedItemDialogView.xib in Resources */,
				188C2788E34CA7499077FA8C /* FloatingVC.storyboard in Resources */,
				7A6905722A7EBB37FD9ECAE5 /* GoogleService-Info.plist in Resources */,
				41D84831B7A96D0B5A4737F5 /* GraphView.xib in Resources */,
				D41E42DC5848327A22CF34A7 /* Home.storyboard in Resources */,
				46675089CE4C4BB6512A07D6 /* Indicator.xib in Resources */,
				DE1CC6D3F2AF8663AFFB5320 /* ItemOption.storyboard in Resources */,
				33DC897B3E790F2208EB7BBD /* LaunchScreen.storyboard in Resources */,
				0687B889F903F03CC9FE23A6 /* NoFinishedListItemView.xib in Resources */,
				ECA6B0C9B62DDE827A1B27EE /* NoReadingListItemView.xib in Resources */,
				14FA4A22B234F4B76E216896 /* ReadingItemDialogView.xib in Resources */,
				11334FFC6CCC9905D4082B1D /* ReadingList.storyboard in Resources */,
				347DF10F4CB6C5C418169502 /* Settings.bundle in Resources */,
				9D4887F3BA846E55223B51A0 /* SwitchBtnTableViewCell.xib in Resources */,
				924CB5C5D9FE211772DE85D7 /* SwitchTableViewCell.xib in Resources */,
				FF226CA34ADA21AD04DE7AFC /* TabBar.storyboard in Resources */,
				70C5E6D4F21E8837D129C0F6 /* TodayDelete.storyboard in Resources */,
				338C4EAC86A800E84767CAB5 /* TutorialDialogView.xib in Resources */,
				9092A76D34EA9FC18BC84C5E /* WebHowtoView.xib in Resources */,
				6F749BFAEA69C303DEA72DFF /* WebToolBarView.xib in Resources */,
			);
			runOnlyForDeploymentPostprocessing = 0;
		};
		3F3FA12C5ED91033818233B5 /* Resources */ = {
			isa = PBXResourcesBuildPhase;
			buildActionMask = 2147483647;
			files = (
				578CD21EC67FF556AC20F784 /* Color.xcassets in Resources */,
			);
			runOnlyForDeploymentPostprocessing = 0;
		};
/* End PBXResourcesBuildPhase section */

/* Begin PBXShellScriptBuildPhase section */
		42E2537E7F90D6EC2768555E /* Run Script */ = {
			isa = PBXShellScriptBuildPhase;
			buildActionMask = 2147483647;
			files = (
			);
			inputFileListPaths = (
			);
			inputPaths = (
			);
			name = "Run Script";
			outputFileListPaths = (
			);
			outputPaths = (
			);
			runOnlyForDeploymentPostprocessing = 0;
			shellPath = /bin/sh;
			shellScript = "if [ $CONFIGURATION = \"Debug\" ]; then\n${PODS_ROOT}/LicensePlist/license-plist --output-path $PRODUCT_NAME/Settings.bundle\nfi\n";
		};
		930CAEE1C56BBFD820C25D12 /* [CP] Check Pods Manifest.lock */ = {
			isa = PBXShellScriptBuildPhase;
			buildActionMask = 2147483647;
			files = (
			);
			inputFileListPaths = (
			);
			inputPaths = (
				"${PODS_PODFILE_DIR_PATH}/Podfile.lock",
				"${PODS_ROOT}/Manifest.lock",
			);
			name = "[CP] Check Pods Manifest.lock";
			outputFileListPaths = (
			);
			outputPaths = (
				"$(DERIVED_FILE_DIR)/Pods-ReadingList-checkManifestLockResult.txt",
			);
			runOnlyForDeploymentPostprocessing = 0;
			shellPath = /bin/sh;
			shellScript = "diff \"${PODS_PODFILE_DIR_PATH}/Podfile.lock\" \"${PODS_ROOT}/Manifest.lock\" > /dev/null\nif [ $? != 0 ] ; then\n    # print error to STDERR\n    echo \"error: The sandbox is not in sync with the Podfile.lock. Run 'pod install' or update your CocoaPods installation.\" >&2\n    exit 1\nfi\n# This output is used by Xcode 'outputs' to avoid re-running this script phase.\necho \"SUCCESS\" > \"${SCRIPT_OUTPUT_FILE_0}\"\n";
			showEnvVarsInLog = 0;
		};
		A14F318C63D8C2645D970345 /* [CP] Embed Pods Frameworks */ = {
			isa = PBXShellScriptBuildPhase;
			buildActionMask = 2147483647;
			files = (
			);
			inputFileListPaths = (
				"${PODS_ROOT}/Target Support Files/Pods-ReadingList/Pods-ReadingList-frameworks-${CONFIGURATION}-input-files.xcfilelist",
			);
			name = "[CP] Embed Pods Frameworks";
			outputFileListPaths = (
				"${PODS_ROOT}/Target Support Files/Pods-ReadingList/Pods-ReadingList-frameworks-${CONFIGURATION}-output-files.xcfilelist",
			);
			runOnlyForDeploymentPostprocessing = 0;
			shellPath = /bin/sh;
			shellScript = "\"${PODS_ROOT}/Target Support Files/Pods-ReadingList/Pods-ReadingList-frameworks.sh\"\n";
			showEnvVarsInLog = 0;
		};
/* End PBXShellScriptBuildPhase section */

/* Begin PBXSourcesBuildPhase section */
		3983747999D7D986070B7909 /* Sources */ = {
			isa = PBXSourcesBuildPhase;
			buildActionMask = 2147483647;
			files = (
				9FF98061DE002BF0295CE7BE /* Constant.swift in Sources */,
				3322C5FB85757E78C6F1FC99 /* Date+Extension.swift in Sources */,
				61180A618FB93B492E67792E /* ShareViewController.swift in Sources */,
				E9FE4A8DE0BD86CC2915FFDD /* UserDefaultManager.swift in Sources */,
			);
			runOnlyForDeploymentPostprocessing = 0;
		};
		A91946756142A1C8EE4D7A11 /* Sources */ = {
			isa = PBXSourcesBuildPhase;
			buildActionMask = 2147483647;
			files = (
				9D09A083E0C9879AAE8A0C50 /* AboutAppTableViewCell.swift in Sources */,
				DA099F09539F0895727485E0 /* AboutAppVC.swift in Sources */,
				F7B75A3871378CB10E6C603D /* AppDelegate.swift in Sources */,
				6B26C57E7D2985A35C3D72B7 /* ArticleCollectionViewCell.swift in Sources */,
				333E80E8B1A9BE0BB7ABC5FE /* ArticleListGridVC.swift in Sources */,
				CFCD4A026927EA38030C3C69 /* ArticleListPanelLayout.swift in Sources */,
				4F74B06788F2843FC40E808F /* ArticleTableViewCell.swift in Sources */,
				37B83E184E882BBD12DF52A6 /* ArticleView.swift in Sources */,
				D5968D84822EBD27342DB8BC /* ArticleWebModel.swift in Sources */,
				F08D99D8255EFAFF03AD5B2F /* ArticleWebPresenter.swift in Sources */,
				51D21E34DA0887892A32CBA1 /* ArticleWebVC.swift in Sources */,
				1E0F3C23FBCF451F79689A3C /* Constant.swift in Sources */,
				791B3CC99670979D8F97E6F7 /* DataProvider.swift in Sources */,
				D3CF7F9BD7A4718CE34B1070 /* Date+Extension.swift in Sources */,
				DAED9FF7BC6C8109BC57519C /* DeletedListModel.swift in Sources */,
				93221C9C8FA9E41DE6E3F2D0 /* DeletedListPresenter.swift in Sources */,
				CD659F196D339BAD3FAC1075 /* DeletedListVC.swift in Sources */,
				67EE6B2F2BFCC93199AAE9BF /* FinishedItem.swift in Sources */,
				62D121F9E5D10C3AFC944FCC /* FinishedItemDialogView.swift in Sources */,
				6E079E80AE41855A75EE26F5 /* FloatingVC.swift in Sources */,
				56FDF905122D2C96D9EDF3FC /* FloatingViewModel.swift in Sources */,
				99B2ED249D4EF22EBBC5EE6E /* FloatingViewPresenter.swift in Sources */,
				E38055A6BD91DFFD1A0763CC /* GradationView.swift in Sources */,
				C280525F1AC7994002C5B0F2 /* GraphView.swift in Sources */,
				6F3DF9ECB4936F5EC1F3030F /* GraphViewModel.swift in Sources */,
				63E578441EEEBA127DCC2C31 /* Home.swift in Sources */,
				119CCFB0E6D5DEB4BCAC2884 /* HomeModel.swift in Sources */,
				A8A0369260C9A2B9E2B585E9 /* HomePresenter.swift in Sources */,
				F7F97F5544AA97CAF7318105 /* HomeVC.swift in Sources */,
				F1A402723B35C234ADE3153E /* Indicator.swift in Sources */,
				D03DFC12BFE2E87FF9D0722D /* ItemOptionVC.swift in Sources */,
				AFF330D97678CC4F1997A4CF /* NoFinishedListItemView.swift in Sources */,
				DF24E97DAD1B0A706402D06C /* NoReadingListItemView.swift in Sources */,
				0E39BBD0C8FAC0355536B24D /* Notification+Extension.swift in Sources */,
				732BB65B392840B544E52943 /* NotificationManager.swift in Sources */,
				C004C29ECAB10B6FF85CE8FC /* ReadingItem.swift in Sources */,
				56131DCD262892FDB0344743 /* ReadingItemDialogView.swift in Sources */,
				A0A92C56F1FB09615381F19F /* ReadingListModel.swift in Sources */,
				3E8FBD3728A5B70BD632385B /* ReadingListPresenter.swift in Sources */,
				38EF4FBB11C56A4E8A6D70A7 /* ReadingListTableVC.swift in Sources */,
				41E0B43B41E5B91CA9C956F0 /* RealmManager.swift in Sources */,
				4AC1D59FFC70A63B04207353 /* SwiftMessageUtil.swift in Sources */,
				C402AE09187DD34161C96DAE /* SwitchBtnTableViewCell.swift in Sources */,
				4702F2988D914594ED01C83D /* SwitchTableViewCell.swift in Sources */,
				7475DDD6B38A251118B51266 /* TodayDeleteModel.swift in Sources */,
				C16B641ACC46361EC38CB700 /* TodayDeletePresenter.swift in Sources */,
				F9577E6F2196621272C4747A /* TodayDeleteTableVC.swift in Sources */,
				361A5133061B752F4161B3AE /* TutorialDialogView.swift in Sources */,
				C871C1C5004C46F1B74069BD /* UIImageView+Extension.swift in Sources */,
				1835B707AABB5CB8A823BF1D /* UIView+Extension.swift in Sources */,
				8460D33E35F2629FA00DDC5F /* UserDefaultManager.swift in Sources */,
				47EDEDBE804BA72F4C77EB4F /* WebHowtoView.swift in Sources */,
				46261E4728C150CE36D7BAE2 /* WebToolBarView.swift in Sources */,
			);
			runOnlyForDeploymentPostprocessing = 0;
		};
/* End PBXSourcesBuildPhase section */

/* Begin PBXVariantGroup section */
		A2ECAB28BD7986C59C4D3909 /* LaunchScreen.storyboard */ = {
			isa = PBXVariantGroup;
			children = (
				D8CFCB72041B2F0A55F89EE3 /* Base */,
			);
			name = LaunchScreen.storyboard;
			sourceTree = "<group>";
		};
/* End PBXVariantGroup section */

/* Begin XCBuildConfiguration section */
		0C9EE676D47803C603CCB0EB /* Release */ = {
			isa = XCBuildConfiguration;
			baseConfigurationReference = BFB9F0B67AB0A9DEF1AF9073 /* Pods-ReadingList.release.xcconfig */;
			buildSettings = {
				ASSETCATALOG_COMPILER_APPICON_NAME = AppIcon;
				CODE_SIGN_ENTITLEMENTS = ReadingList/ReadingList.entitlements;
				CODE_SIGN_IDENTITY = "iPhone Developer";
				CODE_SIGN_STYLE = Automatic;
				DEVELOPMENT_TEAM = EAZT2D654U;
				FRAMEWORK_SEARCH_PATHS = (
					"$(inherited)",
					"\".\"",
				);
				INFOPLIST_FILE = ReadingList/Info.plist;
				IPHONEOS_DEPLOYMENT_TARGET = 11.0;
				LD_RUNPATH_SEARCH_PATHS = (
					"$(inherited)",
					"@executable_path/Frameworks",
				);
				PRODUCT_BUNDLE_IDENTIFIER = yyokii.ReadingList;
				PROVISIONING_PROFILE_SPECIFIER = "";
				SDKROOT = iphoneos;
				SWIFT_VERSION = 4.2;
				TARGETED_DEVICE_FAMILY = 1;
			};
			name = Release;
		};
		2B8F761C8A3EC5ECD0EBA1E3 /* Release */ = {
			isa = XCBuildConfiguration;
			buildSettings = {
				ALWAYS_SEARCH_USER_PATHS = NO;
				CLANG_ANALYZER_NONNULL = YES;
				CLANG_ANALYZER_NUMBER_OBJECT_CONVERSION = YES_AGGRESSIVE;
				CLANG_CXX_LANGUAGE_STANDARD = "gnu++14";
				CLANG_CXX_LIBRARY = "libc++";
				CLANG_ENABLE_MODULES = YES;
				CLANG_ENABLE_OBJC_ARC = YES;
				CLANG_WARN_BLOCK_CAPTURE_AUTORELEASING = YES;
				CLANG_WARN_BOOL_CONVERSION = YES;
				CLANG_WARN_COMMA = YES;
				CLANG_WARN_CONSTANT_CONVERSION = YES;
				CLANG_WARN_DEPRECATED_OBJC_IMPLEMENTATIONS = YES;
				CLANG_WARN_DIRECT_OBJC_ISA_USAGE = YES_ERROR;
				CLANG_WARN_DOCUMENTATION_COMMENTS = YES;
				CLANG_WARN_EMPTY_BODY = YES;
				CLANG_WARN_ENUM_CONVERSION = YES;
				CLANG_WARN_INFINITE_RECURSION = YES;
				CLANG_WARN_INT_CONVERSION = YES;
				CLANG_WARN_NON_LITERAL_NULL_CONVERSION = YES;
				CLANG_WARN_OBJC_IMPLICIT_RETAIN_SELF = YES;
				CLANG_WARN_OBJC_LITERAL_CONVERSION = YES;
				CLANG_WARN_OBJC_ROOT_CLASS = YES_ERROR;
				CLANG_WARN_RANGE_LOOP_ANALYSIS = YES;
				CLANG_WARN_STRICT_PROTOTYPES = YES;
				CLANG_WARN_SUSPICIOUS_MOVE = YES;
				CLANG_WARN_UNGUARDED_AVAILABILITY = YES_AGGRESSIVE;
				CLANG_WARN_UNREACHABLE_CODE = YES;
				CLANG_WARN__DUPLICATE_METHOD_MATCH = YES;
				CODE_SIGN_IDENTITY = "iPhone Developer";
				COPY_PHASE_STRIP = NO;
				DEBUG_INFORMATION_FORMAT = "dwarf-with-dsym";
				ENABLE_NS_ASSERTIONS = NO;
				ENABLE_STRICT_OBJC_MSGSEND = YES;
				GCC_C_LANGUAGE_STANDARD = gnu11;
				GCC_NO_COMMON_BLOCKS = YES;
				GCC_OPTIMIZATION_LEVEL = 0;
				GCC_WARN_64_TO_32_BIT_CONVERSION = YES;
				GCC_WARN_ABOUT_RETURN_TYPE = YES_ERROR;
				GCC_WARN_UNDECLARED_SELECTOR = YES;
				GCC_WARN_UNINITIALIZED_AUTOS = YES_AGGRESSIVE;
				GCC_WARN_UNUSED_FUNCTION = YES;
				GCC_WARN_UNUSED_VARIABLE = YES;
				IPHONEOS_DEPLOYMENT_TARGET = 11.0;
				MTL_FAST_MATH = YES;
				PRODUCT_NAME = "$(TARGET_NAME)";
				SDKROOT = iphoneos;
				SWIFT_COMPILATION_MODE = wholemodule;
				SWIFT_OPTIMIZATION_LEVEL = "-O";
				SWIFT_VERSION = 5.0;
				VALIDATE_PRODUCT = YES;
			};
			name = Release;
		};
		598FFDB37EE8F686DB0E651F /* Debug */ = {
			isa = XCBuildConfiguration;
			buildSettings = {
				CODE_SIGN_ENTITLEMENTS = ShareExtension/ShareExtension.entitlements;
				CODE_SIGN_STYLE = Automatic;
				DEVELOPMENT_TEAM = EAZT2D654U;
				FRAMEWORK_SEARCH_PATHS = (
					"$(inherited)",
					"\".\"",
				);
				INFOPLIST_FILE = ShareExtension/Info.plist;
				IPHONEOS_DEPLOYMENT_TARGET = 11.0;
				LD_RUNPATH_SEARCH_PATHS = (
					"$(inherited)",
					"@executable_path/Frameworks",
					"@executable_path/../../Frameworks",
				);
				PRODUCT_BUNDLE_IDENTIFIER = yyokii.ReadingList.ShareExtension;
				SDKROOT = iphoneos;
				SKIP_INSTALL = YES;
				SWIFT_VERSION = 4.2;
				TARGETED_DEVICE_FAMILY = 1;
			};
			name = Debug;
		};
		75FEA5653076E61135F1CCE8 /* Debug */ = {
			isa = XCBuildConfiguration;
			baseConfigurationReference = A30DB7100EFA9AA810E95BB0 /* Pods-ReadingList.debug.xcconfig */;
			buildSettings = {
				ASSETCATALOG_COMPILER_APPICON_NAME = AppIcon;
				CODE_SIGN_ENTITLEMENTS = ReadingList/ReadingList.entitlements;
				CODE_SIGN_IDENTITY = "iPhone Developer";
				CODE_SIGN_STYLE = Automatic;
				DEVELOPMENT_TEAM = EAZT2D654U;
				FRAMEWORK_SEARCH_PATHS = (
					"$(inherited)",
					"\".\"",
				);
				INFOPLIST_FILE = ReadingList/Info.plist;
				IPHONEOS_DEPLOYMENT_TARGET = 11.0;
				LD_RUNPATH_SEARCH_PATHS = (
					"$(inherited)",
					"@executable_path/Frameworks",
				);
				PRODUCT_BUNDLE_IDENTIFIER = yyokii.ReadingList;
				PROVISIONING_PROFILE_SPECIFIER = "";
				SDKROOT = iphoneos;
				SWIFT_VERSION = 4.2;
				TARGETED_DEVICE_FAMILY = 1;
			};
			name = Debug;
		};
		7FAEDB0A316AF3B43CF25A62 /* Release */ = {
			isa = XCBuildConfiguration;
			buildSettings = {
				CODE_SIGN_ENTITLEMENTS = ShareExtension/ShareExtension.entitlements;
				CODE_SIGN_STYLE = Automatic;
				DEVELOPMENT_TEAM = EAZT2D654U;
				FRAMEWORK_SEARCH_PATHS = (
					"$(inherited)",
					"\".\"",
				);
				INFOPLIST_FILE = ShareExtension/Info.plist;
				IPHONEOS_DEPLOYMENT_TARGET = 11.0;
				LD_RUNPATH_SEARCH_PATHS = (
					"$(inherited)",
					"@executable_path/Frameworks",
					"@executable_path/../../Frameworks",
				);
				PRODUCT_BUNDLE_IDENTIFIER = yyokii.ReadingList.ShareExtension;
				SDKROOT = iphoneos;
				SKIP_INSTALL = YES;
				SWIFT_VERSION = 4.2;
				TARGETED_DEVICE_FAMILY = 1;
			};
			name = Release;
		};
		E3666E36F4B25D8337881109 /* Debug */ = {
			isa = XCBuildConfiguration;
			buildSettings = {
				ALWAYS_SEARCH_USER_PATHS = NO;
				CLANG_ANALYZER_NONNULL = YES;
				CLANG_ANALYZER_NUMBER_OBJECT_CONVERSION = YES_AGGRESSIVE;
				CLANG_CXX_LANGUAGE_STANDARD = "gnu++14";
				CLANG_CXX_LIBRARY = "libc++";
				CLANG_ENABLE_MODULES = YES;
				CLANG_ENABLE_OBJC_ARC = YES;
				CLANG_WARN_BLOCK_CAPTURE_AUTORELEASING = YES;
				CLANG_WARN_BOOL_CONVERSION = YES;
				CLANG_WARN_COMMA = YES;
				CLANG_WARN_CONSTANT_CONVERSION = YES;
				CLANG_WARN_DEPRECATED_OBJC_IMPLEMENTATIONS = YES;
				CLANG_WARN_DIRECT_OBJC_ISA_USAGE = YES_ERROR;
				CLANG_WARN_DOCUMENTATION_COMMENTS = YES;
				CLANG_WARN_EMPTY_BODY = YES;
				CLANG_WARN_ENUM_CONVERSION = YES;
				CLANG_WARN_INFINITE_RECURSION = YES;
				CLANG_WARN_INT_CONVERSION = YES;
				CLANG_WARN_NON_LITERAL_NULL_CONVERSION = YES;
				CLANG_WARN_OBJC_IMPLICIT_RETAIN_SELF = YES;
				CLANG_WARN_OBJC_LITERAL_CONVERSION = YES;
				CLANG_WARN_OBJC_ROOT_CLASS = YES_ERROR;
				CLANG_WARN_RANGE_LOOP_ANALYSIS = YES;
				CLANG_WARN_STRICT_PROTOTYPES = YES;
				CLANG_WARN_SUSPICIOUS_MOVE = YES;
				CLANG_WARN_UNGUARDED_AVAILABILITY = YES_AGGRESSIVE;
				CLANG_WARN_UNREACHABLE_CODE = YES;
				CLANG_WARN__DUPLICATE_METHOD_MATCH = YES;
				CODE_SIGN_IDENTITY = "iPhone Developer";
				COPY_PHASE_STRIP = NO;
				DEBUG_INFORMATION_FORMAT = dwarf;
				ENABLE_STRICT_OBJC_MSGSEND = YES;
				ENABLE_TESTABILITY = YES;
				GCC_C_LANGUAGE_STANDARD = gnu11;
				GCC_DYNAMIC_NO_PIC = NO;
				GCC_NO_COMMON_BLOCKS = YES;
				GCC_OPTIMIZATION_LEVEL = 0;
				GCC_PREPROCESSOR_DEFINITIONS = (
					"$(inherited)",
					"DEBUG=1",
				);
				GCC_WARN_64_TO_32_BIT_CONVERSION = YES;
				GCC_WARN_ABOUT_RETURN_TYPE = YES_ERROR;
				GCC_WARN_UNDECLARED_SELECTOR = YES;
				GCC_WARN_UNINITIALIZED_AUTOS = YES_AGGRESSIVE;
				GCC_WARN_UNUSED_FUNCTION = YES;
				GCC_WARN_UNUSED_VARIABLE = YES;
				IPHONEOS_DEPLOYMENT_TARGET = 11.0;
				MTL_ENABLE_DEBUG_INFO = INCLUDE_SOURCE;
				MTL_FAST_MATH = YES;
				ONLY_ACTIVE_ARCH = YES;
				PRODUCT_NAME = "$(TARGET_NAME)";
				SDKROOT = iphoneos;
				SWIFT_ACTIVE_COMPILATION_CONDITIONS = DEBUG;
				SWIFT_OPTIMIZATION_LEVEL = "-Onone";
				SWIFT_VERSION = 5.0;
			};
			name = Debug;
		};
/* End XCBuildConfiguration section */

/* Begin XCConfigurationList section */
		94A50F43B2EBC8CD096371D5 /* Build configuration list for PBXNativeTarget "ReadingList" */ = {
			isa = XCConfigurationList;
			buildConfigurations = (
				75FEA5653076E61135F1CCE8 /* Debug */,
				0C9EE676D47803C603CCB0EB /* Release */,
			);
			defaultConfigurationIsVisible = 0;
			defaultConfigurationName = Release;
		};
		A0470589FAE20EFD1B6504B1 /* Build configuration list for PBXNativeTarget "ShareExtension" */ = {
			isa = XCConfigurationList;
			buildConfigurations = (
				598FFDB37EE8F686DB0E651F /* Debug */,
				7FAEDB0A316AF3B43CF25A62 /* Release */,
			);
			defaultConfigurationIsVisible = 0;
			defaultConfigurationName = Release;
		};
		B491277E6AA2BFD23F4E5F1E /* Build configuration list for PBXProject "ReadingList" */ = {
			isa = XCConfigurationList;
			buildConfigurations = (
				E3666E36F4B25D8337881109 /* Debug */,
				2B8F761C8A3EC5ECD0EBA1E3 /* Release */,
			);
			defaultConfigurationIsVisible = 0;
			defaultConfigurationName = Release;
		};
/* End XCConfigurationList section */
	};
	rootObject = 6C9CF49F598C1D4D18FB9AFA /* Project object */;
}
